
Microsoft Visual Studio Solution File, Format Version 11.00
# Visual Studio 2010
Project("{FAE04EC0-301F-11D3-BF4B-00C04F79EFBC}") = "OssCoreIos", "OssCoreIos\OssCoreIos.csproj", "{FADD2631-1259-4A92-B87F-69A4364AE7B6}"
EndProject
Project("{FAE04EC0-301F-11D3-BF4B-00C04F79EFBC}") = "OssControlIos", "OssControlIos\OssControlIos.csproj", "{06C84AB5-457C-4731-9FA6-72EA3BB7E9E7}"
EndProject
Project("{FAE04EC0-301F-11D3-BF4B-00C04F79EFBC}") = "OssSysLibIos", "OssSysLibIos\OssSysLibIos.csproj", "{DAEF25A9-376B-4139-BCEA-2BCAF72FD7A9}"
EndProject
Project("{FAE04EC0-301F-11D3-BF4B-00C04F79EFBC}") = "XmlTagsIos", "XmlTagsIos\XmlTagsIos.csproj", "{6764092D-CCFB-4286-8314-412636D7065F}"
EndProject
Project("{FAE04EC0-301F-11D3-BF4B-00C04F79EFBC}") = "XmlRomCollectionIos", "XmlRomCollectionIos\XmlRomCollectionIos.csproj", "{6764092D-CCFB-4286-8314-412636D7065D}"
EndProject
Project("{FAE04EC0-301F-11D3-BF4B-00C04F79EFBC}") = "XmlRomIos", "XmlRomIos\XmlRomIos.csproj", "{6764092D-CCFB-4286-8314-412636D7065E}"
EndProject
Project("{FAE04EC0-301F-11D3-BF4B-00C04F79EFBC}") = "XmlLayoutIos", "XmlLayoutIos\XmlLayoutIos.csproj", "{6764092D-CCFB-4286-8314-412636D7065C}"
EndProject
Project("{FAE04EC0-301F-11D3-BF4B-00C04F79EFBC}") = "OssToolkitIos", "OssToolkitIos\OssToolkitIos.csproj", "{CE61C5CB-180B-44A2-831C-E15889B61196}"
EndProject
Project("{FAE04EC0-301F-11D3-BF4B-00C04F79EFBC}") = "OssServicesIos", "OssServicesIos\OssServicesIos.csproj", "{D4007AEC-E0D6-4FCD-B275-E6247FC5331C}"
EndProject
Project("{FAE04EC0-301F-11D3-BF4B-00C04F79EFBC}") = "OssTopologyIos", "OssTopologyIos\OssTopologyIos.csproj", "{6764092D-CCFB-4286-8314-412636D7065A}"
EndProject
Project("{FAE04EC0-301F-11D3-BF4B-00C04F79EFBC}") = "OssDidlLiteIos", "OssDidlLiteIos\OssDidlLiteIos.csproj", "{CB19E03F-9014-4654-BAA7-45BB2EA0DDEE}"
EndProject
Project("{FAE04EC0-301F-11D3-BF4B-00C04F79EFBC}") = "OssProductSupportIos", "OssProductSupportIos\OssProductSupportIos.csproj", "{6764092D-CCFB-4286-8314-412636D7065B}"
EndProject
Project("{FAE04EC0-301F-11D3-BF4B-00C04F79EFBC}") = "OssKinskyIos", "OssKinskyIos\OssKinskyIos.csproj", "{9FD7E2EC-1192-4912-857B-EFF6E12A06EC}"
EndProject
Project("{FAE04EC0-301F-11D3-BF4B-00C04F79EFBC}") = "Konfig", "Konfig\Konfig.csproj", "{03DCC765-A689-4223-A98D-2386C915E301}"
EndProject
Global
	GlobalSection(SolutionConfigurationPlatforms) = preSolution
		Debug|iPhoneSimulator = Debug|iPhoneSimulator
		Release|iPhoneSimulator = Release|iPhoneSimulator
		Debug|iPhone = Debug|iPhone
		Release|iPhone = Release|iPhone
		Distribution|iPhone = Distribution|iPhone
		Distribution|iPhoneSimulator = Distribution|iPhoneSimulator
		Windows Debug|Any CPU = Windows Debug|Any CPU
		Windows Trace|Any CPU = Windows Trace|Any CPU
		Windows Release|Any CPU = Windows Release|Any CPU
		Linux Debug|Any CPU = Linux Debug|Any CPU
		Linux Trace|Any CPU = Linux Trace|Any CPU
		Linux Release|Any CPU = Linux Release|Any CPU
		MacOsX Debug|Any CPU = MacOsX Debug|Any CPU
		MacOsX Trace|Any CPU = MacOsX Trace|Any CPU
		MacOsX Release|Any CPU = MacOsX Release|Any CPU
		Ad-Hoc|iPhone = Ad-Hoc|iPhone
		AppStore|iPhone = AppStore|iPhone
	EndGlobalSection
	GlobalSection(ProjectConfigurationPlatforms) = postSolution
		{03DCC765-A689-4223-A98D-2386C915E301}.Ad-Hoc|iPhone.ActiveCfg = Ad-Hoc|iPhone
		{03DCC765-A689-4223-A98D-2386C915E301}.Ad-Hoc|iPhone.Build.0 = Ad-Hoc|iPhone
		{03DCC765-A689-4223-A98D-2386C915E301}.AppStore|iPhone.ActiveCfg = AppStore|iPhone
		{03DCC765-A689-4223-A98D-2386C915E301}.AppStore|iPhone.Build.0 = AppStore|iPhone
		{03DCC765-A689-4223-A98D-2386C915E301}.Debug|iPhone.ActiveCfg = Debug|iPhone
		{03DCC765-A689-4223-A98D-2386C915E301}.Debug|iPhone.Build.0 = Debug|iPhone
		{03DCC765-A689-4223-A98D-2386C915E301}.Debug|iPhoneSimulator.ActiveCfg = Debug|iPhoneSimulator
		{03DCC765-A689-4223-A98D-2386C915E301}.Debug|iPhoneSimulator.Build.0 = Debug|iPhoneSimulator
		{03DCC765-A689-4223-A98D-2386C915E301}.Distribution|iPhone.ActiveCfg = Debug|iPhone
		{03DCC765-A689-4223-A98D-2386C915E301}.Distribution|iPhone.Build.0 = Debug|iPhone
		{03DCC765-A689-4223-A98D-2386C915E301}.Distribution|iPhoneSimulator.ActiveCfg = Debug|iPhoneSimulator
		{03DCC765-A689-4223-A98D-2386C915E301}.Distribution|iPhoneSimulator.Build.0 = Debug|iPhoneSimulator
		{03DCC765-A689-4223-A98D-2386C915E301}.Linux Debug|Any CPU.ActiveCfg = Debug|iPhoneSimulator
		{03DCC765-A689-4223-A98D-2386C915E301}.Linux Debug|Any CPU.Build.0 = Debug|iPhoneSimulator
		{03DCC765-A689-4223-A98D-2386C915E301}.Linux Release|Any CPU.ActiveCfg = Debug|iPhoneSimulator
		{03DCC765-A689-4223-A98D-2386C915E301}.Linux Release|Any CPU.Build.0 = Debug|iPhoneSimulator
		{03DCC765-A689-4223-A98D-2386C915E301}.Linux Trace|Any CPU.ActiveCfg = Debug|iPhoneSimulator
		{03DCC765-A689-4223-A98D-2386C915E301}.Linux Trace|Any CPU.Build.0 = Debug|iPhoneSimulator
		{03DCC765-A689-4223-A98D-2386C915E301}.MacOsX Debug|Any CPU.ActiveCfg = Debug|iPhoneSimulator
		{03DCC765-A689-4223-A98D-2386C915E301}.MacOsX Debug|Any CPU.Build.0 = Debug|iPhoneSimulator
		{03DCC765-A689-4223-A98D-2386C915E301}.MacOsX Release|Any CPU.ActiveCfg = Debug|iPhoneSimulator
		{03DCC765-A689-4223-A98D-2386C915E301}.MacOsX Release|Any CPU.Build.0 = Debug|iPhoneSimulator
		{03DCC765-A689-4223-A98D-2386C915E301}.MacOsX Trace|Any CPU.ActiveCfg = Debug|iPhoneSimulator
		{03DCC765-A689-4223-A98D-2386C915E301}.MacOsX Trace|Any CPU.Build.0 = Debug|iPhoneSimulator
		{03DCC765-A689-4223-A98D-2386C915E301}.Release|iPhone.ActiveCfg = Release|iPhone
		{03DCC765-A689-4223-A98D-2386C915E301}.Release|iPhone.Build.0 = Release|iPhone
		{03DCC765-A689-4223-A98D-2386C915E301}.Release|iPhoneSimulator.ActiveCfg = Release|iPhoneSimulator
		{03DCC765-A689-4223-A98D-2386C915E301}.Release|iPhoneSimulator.Build.0 = Release|iPhoneSimulator
		{03DCC765-A689-4223-A98D-2386C915E301}.Windows Debug|Any CPU.ActiveCfg = Debug|iPhoneSimulator
		{03DCC765-A689-4223-A98D-2386C915E301}.Windows Debug|Any CPU.Build.0 = Debug|iPhoneSimulator
		{03DCC765-A689-4223-A98D-2386C915E301}.Windows Release|Any CPU.ActiveCfg = Debug|iPhoneSimulator
		{03DCC765-A689-4223-A98D-2386C915E301}.Windows Release|Any CPU.Build.0 = Debug|iPhoneSimulator
		{03DCC765-A689-4223-A98D-2386C915E301}.Windows Trace|Any CPU.ActiveCfg = Debug|iPhoneSimulator
		{03DCC765-A689-4223-A98D-2386C915E301}.Windows Trace|Any CPU.Build.0 = Debug|iPhoneSimulator
		{06C84AB5-457C-4731-9FA6-72EA3BB7E9E7}.Debug|iPhone.ActiveCfg = Debug|iPhone
		{06C84AB5-457C-4731-9FA6-72EA3BB7E9E7}.Debug|iPhone.Build.0 = Debug|iPhone
		{06C84AB5-457C-4731-9FA6-72EA3BB7E9E7}.Debug|iPhoneSimulator.ActiveCfg = Debug|iPhoneSimulator
		{06C84AB5-457C-4731-9FA6-72EA3BB7E9E7}.Debug|iPhoneSimulator.Build.0 = Debug|iPhoneSimulator
		{06C84AB5-457C-4731-9FA6-72EA3BB7E9E7}.Distribution|iPhone.ActiveCfg = Distribution|iPhone
		{06C84AB5-457C-4731-9FA6-72EA3BB7E9E7}.Distribution|iPhone.Build.0 = Distribution|iPhone
		{06C84AB5-457C-4731-9FA6-72EA3BB7E9E7}.Distribution|iPhoneSimulator.ActiveCfg = Distribution|iPhoneSimulator
		{06C84AB5-457C-4731-9FA6-72EA3BB7E9E7}.Distribution|iPhoneSimulator.Build.0 = Distribution|iPhoneSimulator
		{06C84AB5-457C-4731-9FA6-72EA3BB7E9E7}.Release|iPhone.ActiveCfg = Release|iPhone
		{06C84AB5-457C-4731-9FA6-72EA3BB7E9E7}.Release|iPhone.Build.0 = Release|iPhone
		{06C84AB5-457C-4731-9FA6-72EA3BB7E9E7}.Release|iPhoneSimulator.ActiveCfg = Release|iPhoneSimulator
		{06C84AB5-457C-4731-9FA6-72EA3BB7E9E7}.Release|iPhoneSimulator.Build.0 = Release|iPhoneSimulator
		{6764092D-CCFB-4286-8314-412636D7065A}.Debug|iPhone.ActiveCfg = Debug|iPhone
		{6764092D-CCFB-4286-8314-412636D7065A}.Debug|iPhone.Build.0 = Debug|iPhone
		{6764092D-CCFB-4286-8314-412636D7065A}.Debug|iPhoneSimulator.ActiveCfg = Debug|iPhoneSimulator
		{6764092D-CCFB-4286-8314-412636D7065A}.Debug|iPhoneSimulator.Build.0 = Debug|iPhoneSimulator
		{6764092D-CCFB-4286-8314-412636D7065A}.Distribution|iPhone.ActiveCfg = Distribution|iPhone
		{6764092D-CCFB-4286-8314-412636D7065A}.Distribution|iPhone.Build.0 = Distribution|iPhone
		{6764092D-CCFB-4286-8314-412636D7065A}.Distribution|iPhoneSimulator.ActiveCfg = Distribution|iPhoneSimulator
		{6764092D-CCFB-4286-8314-412636D7065A}.Distribution|iPhoneSimulator.Build.0 = Distribution|iPhoneSimulator
		{6764092D-CCFB-4286-8314-412636D7065A}.Linux Debug|Any CPU.ActiveCfg = Debug|iPhoneSimulator
		{6764092D-CCFB-4286-8314-412636D7065A}.Linux Debug|Any CPU.Build.0 = Debug|iPhoneSimulator
		{6764092D-CCFB-4286-8314-412636D7065A}.Linux Release|Any CPU.ActiveCfg = Debug|iPhoneSimulator
		{6764092D-CCFB-4286-8314-412636D7065A}.Linux Release|Any CPU.Build.0 = Debug|iPhoneSimulator
		{6764092D-CCFB-4286-8314-412636D7065A}.Linux Trace|Any CPU.ActiveCfg = Debug|iPhoneSimulator
		{6764092D-CCFB-4286-8314-412636D7065A}.Linux Trace|Any CPU.Build.0 = Debug|iPhoneSimulator
		{6764092D-CCFB-4286-8314-412636D7065A}.MacOsX Debug|Any CPU.ActiveCfg = Debug|iPhoneSimulator
		{6764092D-CCFB-4286-8314-412636D7065A}.MacOsX Debug|Any CPU.Build.0 = Debug|iPhoneSimulator
		{6764092D-CCFB-4286-8314-412636D7065A}.MacOsX Release|Any CPU.ActiveCfg = Debug|iPhoneSimulator
		{6764092D-CCFB-4286-8314-412636D7065A}.MacOsX Release|Any CPU.Build.0 = Debug|iPhoneSimulator
		{6764092D-CCFB-4286-8314-412636D7065A}.MacOsX Trace|Any CPU.ActiveCfg = Debug|iPhoneSimulator
		{6764092D-CCFB-4286-8314-412636D7065A}.MacOsX Trace|Any CPU.Build.0 = Debug|iPhoneSimulator
		{6764092D-CCFB-4286-8314-412636D7065A}.Release|iPhone.ActiveCfg = Release|iPhone
		{6764092D-CCFB-4286-8314-412636D7065A}.Release|iPhone.Build.0 = Release|iPhone
		{6764092D-CCFB-4286-8314-412636D7065A}.Release|iPhoneSimulator.ActiveCfg = Release|iPhoneSimulator
		{6764092D-CCFB-4286-8314-412636D7065A}.Release|iPhoneSimulator.Build.0 = Release|iPhoneSimulator
		{6764092D-CCFB-4286-8314-412636D7065A}.Windows Debug|Any CPU.ActiveCfg = Debug|iPhoneSimulator
		{6764092D-CCFB-4286-8314-412636D7065A}.Windows Debug|Any CPU.Build.0 = Debug|iPhoneSimulator
		{6764092D-CCFB-4286-8314-412636D7065A}.Windows Release|Any CPU.ActiveCfg = Debug|iPhoneSimulator
		{6764092D-CCFB-4286-8314-412636D7065A}.Windows Release|Any CPU.Build.0 = Debug|iPhoneSimulator
		{6764092D-CCFB-4286-8314-412636D7065A}.Windows Trace|Any CPU.ActiveCfg = Debug|iPhoneSimulator
		{6764092D-CCFB-4286-8314-412636D7065A}.Windows Trace|Any CPU.Build.0 = Debug|iPhoneSimulator
		{6764092D-CCFB-4286-8314-412636D7065B}.Debug|iPhone.ActiveCfg = Debug|iPhone
		{6764092D-CCFB-4286-8314-412636D7065B}.Debug|iPhone.Build.0 = Debug|iPhone
		{6764092D-CCFB-4286-8314-412636D7065B}.Debug|iPhoneSimulator.ActiveCfg = Debug|iPhoneSimulator
		{6764092D-CCFB-4286-8314-412636D7065B}.Debug|iPhoneSimulator.Build.0 = Debug|iPhoneSimulator
		{6764092D-CCFB-4286-8314-412636D7065B}.Distribution|iPhone.ActiveCfg = Distribution|iPhone
		{6764092D-CCFB-4286-8314-412636D7065B}.Distribution|iPhone.Build.0 = Distribution|iPhone
		{6764092D-CCFB-4286-8314-412636D7065B}.Distribution|iPhoneSimulator.ActiveCfg = Distribution|iPhoneSimulator
		{6764092D-CCFB-4286-8314-412636D7065B}.Distribution|iPhoneSimulator.Build.0 = Distribution|iPhoneSimulator
		{6764092D-CCFB-4286-8314-412636D7065B}.Linux Debug|Any CPU.ActiveCfg = Debug|iPhoneSimulator
		{6764092D-CCFB-4286-8314-412636D7065B}.Linux Debug|Any CPU.Build.0 = Debug|iPhoneSimulator
		{6764092D-CCFB-4286-8314-412636D7065B}.Linux Release|Any CPU.ActiveCfg = Debug|iPhoneSimulator
		{6764092D-CCFB-4286-8314-412636D7065B}.Linux Release|Any CPU.Build.0 = Debug|iPhoneSimulator
		{6764092D-CCFB-4286-8314-412636D7065B}.Linux Trace|Any CPU.ActiveCfg = Debug|iPhoneSimulator
		{6764092D-CCFB-4286-8314-412636D7065B}.Linux Trace|Any CPU.Build.0 = Debug|iPhoneSimulator
		{6764092D-CCFB-4286-8314-412636D7065B}.MacOsX Debug|Any CPU.ActiveCfg = Debug|iPhoneSimulator
		{6764092D-CCFB-4286-8314-412636D7065B}.MacOsX Debug|Any CPU.Build.0 = Debug|iPhoneSimulator
		{6764092D-CCFB-4286-8314-412636D7065B}.MacOsX Release|Any CPU.ActiveCfg = Debug|iPhoneSimulator
		{6764092D-CCFB-4286-8314-412636D7065B}.MacOsX Release|Any CPU.Build.0 = Debug|iPhoneSimulator
		{6764092D-CCFB-4286-8314-412636D7065B}.MacOsX Trace|Any CPU.ActiveCfg = Debug|iPhoneSimulator
		{6764092D-CCFB-4286-8314-412636D7065B}.MacOsX Trace|Any CPU.Build.0 = Debug|iPhoneSimulator
		{6764092D-CCFB-4286-8314-412636D7065B}.Release|iPhone.ActiveCfg = Release|iPhone
		{6764092D-CCFB-4286-8314-412636D7065B}.Release|iPhone.Build.0 = Release|iPhone
		{6764092D-CCFB-4286-8314-412636D7065B}.Release|iPhoneSimulator.ActiveCfg = Release|iPhoneSimulator
		{6764092D-CCFB-4286-8314-412636D7065B}.Release|iPhoneSimulator.Build.0 = Release|iPhoneSimulator
		{6764092D-CCFB-4286-8314-412636D7065B}.Windows Debug|Any CPU.ActiveCfg = Debug|iPhoneSimulator
		{6764092D-CCFB-4286-8314-412636D7065B}.Windows Debug|Any CPU.Build.0 = Debug|iPhoneSimulator
		{6764092D-CCFB-4286-8314-412636D7065B}.Windows Release|Any CPU.ActiveCfg = Debug|iPhoneSimulator
		{6764092D-CCFB-4286-8314-412636D7065B}.Windows Release|Any CPU.Build.0 = Debug|iPhoneSimulator
		{6764092D-CCFB-4286-8314-412636D7065B}.Windows Trace|Any CPU.ActiveCfg = Debug|iPhoneSimulator
		{6764092D-CCFB-4286-8314-412636D7065B}.Windows Trace|Any CPU.Build.0 = Debug|iPhoneSimulator
		{6764092D-CCFB-4286-8314-412636D7065C}.Debug|iPhone.ActiveCfg = Debug|iPhone
		{6764092D-CCFB-4286-8314-412636D7065C}.Debug|iPhone.Build.0 = Debug|iPhone
		{6764092D-CCFB-4286-8314-412636D7065C}.Debug|iPhoneSimulator.ActiveCfg = Debug|iPhoneSimulator
		{6764092D-CCFB-4286-8314-412636D7065C}.Debug|iPhoneSimulator.Build.0 = Debug|iPhoneSimulator
		{6764092D-CCFB-4286-8314-412636D7065C}.Distribution|iPhone.ActiveCfg = Distribution|iPhone
		{6764092D-CCFB-4286-8314-412636D7065C}.Distribution|iPhone.Build.0 = Distribution|iPhone
		{6764092D-CCFB-4286-8314-412636D7065C}.Distribution|iPhoneSimulator.ActiveCfg = Distribution|iPhoneSimulator
		{6764092D-CCFB-4286-8314-412636D7065C}.Distribution|iPhoneSimulator.Build.0 = Distribution|iPhoneSimulator
		{6764092D-CCFB-4286-8314-412636D7065C}.Linux Debug|Any CPU.ActiveCfg = Debug|iPhoneSimulator
		{6764092D-CCFB-4286-8314-412636D7065C}.Linux Debug|Any CPU.Build.0 = Debug|iPhoneSimulator
		{6764092D-CCFB-4286-8314-412636D7065C}.Linux Release|Any CPU.ActiveCfg = Debug|iPhoneSimulator
		{6764092D-CCFB-4286-8314-412636D7065C}.Linux Release|Any CPU.Build.0 = Debug|iPhoneSimulator
		{6764092D-CCFB-4286-8314-412636D7065C}.Linux Trace|Any CPU.ActiveCfg = Debug|iPhoneSimulator
		{6764092D-CCFB-4286-8314-412636D7065C}.Linux Trace|Any CPU.Build.0 = Debug|iPhoneSimulator
		{6764092D-CCFB-4286-8314-412636D7065C}.MacOsX Debug|Any CPU.ActiveCfg = Debug|iPhoneSimulator
		{6764092D-CCFB-4286-8314-412636D7065C}.MacOsX Debug|Any CPU.Build.0 = Debug|iPhoneSimulator
		{6764092D-CCFB-4286-8314-412636D7065C}.MacOsX Release|Any CPU.ActiveCfg = Debug|iPhoneSimulator
		{6764092D-CCFB-4286-8314-412636D7065C}.MacOsX Release|Any CPU.Build.0 = Debug|iPhoneSimulator
		{6764092D-CCFB-4286-8314-412636D7065C}.MacOsX Trace|Any CPU.ActiveCfg = Debug|iPhoneSimulator
		{6764092D-CCFB-4286-8314-412636D7065C}.MacOsX Trace|Any CPU.Build.0 = Debug|iPhoneSimulator
		{6764092D-CCFB-4286-8314-412636D7065C}.Release|iPhone.ActiveCfg = Release|iPhone
		{6764092D-CCFB-4286-8314-412636D7065C}.Release|iPhone.Build.0 = Release|iPhone
		{6764092D-CCFB-4286-8314-412636D7065C}.Release|iPhoneSimulator.ActiveCfg = Release|iPhoneSimulator
		{6764092D-CCFB-4286-8314-412636D7065C}.Release|iPhoneSimulator.Build.0 = Release|iPhoneSimulator
		{6764092D-CCFB-4286-8314-412636D7065C}.Windows Debug|Any CPU.ActiveCfg = Debug|iPhoneSimulator
		{6764092D-CCFB-4286-8314-412636D7065C}.Windows Debug|Any CPU.Build.0 = Debug|iPhoneSimulator
		{6764092D-CCFB-4286-8314-412636D7065C}.Windows Release|Any CPU.ActiveCfg = Debug|iPhoneSimulator
		{6764092D-CCFB-4286-8314-412636D7065C}.Windows Release|Any CPU.Build.0 = Debug|iPhoneSimulator
		{6764092D-CCFB-4286-8314-412636D7065C}.Windows Trace|Any CPU.ActiveCfg = Debug|iPhoneSimulator
		{6764092D-CCFB-4286-8314-412636D7065C}.Windows Trace|Any CPU.Build.0 = Debug|iPhoneSimulator
		{6764092D-CCFB-4286-8314-412636D7065D}.Debug|iPhone.ActiveCfg = Debug|iPhone
		{6764092D-CCFB-4286-8314-412636D7065D}.Debug|iPhone.Build.0 = Debug|iPhone
		{6764092D-CCFB-4286-8314-412636D7065D}.Debug|iPhoneSimulator.ActiveCfg = Debug|iPhoneSimulator
		{6764092D-CCFB-4286-8314-412636D7065D}.Debug|iPhoneSimulator.Build.0 = Debug|iPhoneSimulator
		{6764092D-CCFB-4286-8314-412636D7065D}.Distribution|iPhone.ActiveCfg = Distribution|iPhone
		{6764092D-CCFB-4286-8314-412636D7065D}.Distribution|iPhone.Build.0 = Distribution|iPhone
		{6764092D-CCFB-4286-8314-412636D7065D}.Distribution|iPhoneSimulator.ActiveCfg = Distribution|iPhoneSimulator
		{6764092D-CCFB-4286-8314-412636D7065D}.Distribution|iPhoneSimulator.Build.0 = Distribution|iPhoneSimulator
		{6764092D-CCFB-4286-8314-412636D7065D}.Linux Debug|Any CPU.ActiveCfg = Debug|iPhoneSimulator
		{6764092D-CCFB-4286-8314-412636D7065D}.Linux Debug|Any CPU.Build.0 = Debug|iPhoneSimulator
		{6764092D-CCFB-4286-8314-412636D7065D}.Linux Release|Any CPU.ActiveCfg = Debug|iPhoneSimulator
		{6764092D-CCFB-4286-8314-412636D7065D}.Linux Release|Any CPU.Build.0 = Debug|iPhoneSimulator
		{6764092D-CCFB-4286-8314-412636D7065D}.Linux Trace|Any CPU.ActiveCfg = Debug|iPhoneSimulator
		{6764092D-CCFB-4286-8314-412636D7065D}.Linux Trace|Any CPU.Build.0 = Debug|iPhoneSimulator
		{6764092D-CCFB-4286-8314-412636D7065D}.MacOsX Debug|Any CPU.ActiveCfg = Debug|iPhoneSimulator
		{6764092D-CCFB-4286-8314-412636D7065D}.MacOsX Debug|Any CPU.Build.0 = Debug|iPhoneSimulator
		{6764092D-CCFB-4286-8314-412636D7065D}.MacOsX Release|Any CPU.ActiveCfg = Debug|iPhoneSimulator
		{6764092D-CCFB-4286-8314-412636D7065D}.MacOsX Release|Any CPU.Build.0 = Debug|iPhoneSimulator
		{6764092D-CCFB-4286-8314-412636D7065D}.MacOsX Trace|Any CPU.ActiveCfg = Debug|iPhoneSimulator
		{6764092D-CCFB-4286-8314-412636D7065D}.MacOsX Trace|Any CPU.Build.0 = Debug|iPhoneSimulator
		{6764092D-CCFB-4286-8314-412636D7065D}.Release|iPhone.ActiveCfg = Release|iPhone
		{6764092D-CCFB-4286-8314-412636D7065D}.Release|iPhone.Build.0 = Release|iPhone
		{6764092D-CCFB-4286-8314-412636D7065D}.Release|iPhoneSimulator.ActiveCfg = Release|iPhoneSimulator
		{6764092D-CCFB-4286-8314-412636D7065D}.Release|iPhoneSimulator.Build.0 = Release|iPhoneSimulator
		{6764092D-CCFB-4286-8314-412636D7065D}.Windows Debug|Any CPU.ActiveCfg = Debug|iPhoneSimulator
		{6764092D-CCFB-4286-8314-412636D7065D}.Windows Debug|Any CPU.Build.0 = Debug|iPhoneSimulator
		{6764092D-CCFB-4286-8314-412636D7065D}.Windows Release|Any CPU.ActiveCfg = Debug|iPhoneSimulator
		{6764092D-CCFB-4286-8314-412636D7065D}.Windows Release|Any CPU.Build.0 = Debug|iPhoneSimulator
		{6764092D-CCFB-4286-8314-412636D7065D}.Windows Trace|Any CPU.ActiveCfg = Debug|iPhoneSimulator
		{6764092D-CCFB-4286-8314-412636D7065D}.Windows Trace|Any CPU.Build.0 = Debug|iPhoneSimulator
		{6764092D-CCFB-4286-8314-412636D7065E}.Debug|iPhone.ActiveCfg = Debug|iPhone
		{6764092D-CCFB-4286-8314-412636D7065E}.Debug|iPhone.Build.0 = Debug|iPhone
		{6764092D-CCFB-4286-8314-412636D7065E}.Debug|iPhoneSimulator.ActiveCfg = Debug|iPhoneSimulator
		{6764092D-CCFB-4286-8314-412636D7065E}.Debug|iPhoneSimulator.Build.0 = Debug|iPhoneSimulator
		{6764092D-CCFB-4286-8314-412636D7065E}.Distribution|iPhone.ActiveCfg = Distribution|iPhone
		{6764092D-CCFB-4286-8314-412636D7065E}.Distribution|iPhone.Build.0 = Distribution|iPhone
		{6764092D-CCFB-4286-8314-412636D7065E}.Distribution|iPhoneSimulator.ActiveCfg = Distribution|iPhoneSimulator
		{6764092D-CCFB-4286-8314-412636D7065E}.Distribution|iPhoneSimulator.Build.0 = Distribution|iPhoneSimulator
		{6764092D-CCFB-4286-8314-412636D7065E}.Linux Debug|Any CPU.ActiveCfg = Debug|iPhoneSimulator
		{6764092D-CCFB-4286-8314-412636D7065E}.Linux Debug|Any CPU.Build.0 = Debug|iPhoneSimulator
		{6764092D-CCFB-4286-8314-412636D7065E}.Linux Release|Any CPU.ActiveCfg = Debug|iPhoneSimulator
		{6764092D-CCFB-4286-8314-412636D7065E}.Linux Release|Any CPU.Build.0 = Debug|iPhoneSimulator
		{6764092D-CCFB-4286-8314-412636D7065E}.Linux Trace|Any CPU.ActiveCfg = Debug|iPhoneSimulator
		{6764092D-CCFB-4286-8314-412636D7065E}.Linux Trace|Any CPU.Build.0 = Debug|iPhoneSimulator
		{6764092D-CCFB-4286-8314-412636D7065E}.MacOsX Debug|Any CPU.ActiveCfg = Debug|iPhoneSimulator
		{6764092D-CCFB-4286-8314-412636D7065E}.MacOsX Debug|Any CPU.Build.0 = Debug|iPhoneSimulator
		{6764092D-CCFB-4286-8314-412636D7065E}.MacOsX Release|Any CPU.ActiveCfg = Debug|iPhoneSimulator
		{6764092D-CCFB-4286-8314-412636D7065E}.MacOsX Release|Any CPU.Build.0 = Debug|iPhoneSimulator
		{6764092D-CCFB-4286-8314-412636D7065E}.MacOsX Trace|Any CPU.ActiveCfg = Debug|iPhoneSimulator
		{6764092D-CCFB-4286-8314-412636D7065E}.MacOsX Trace|Any CPU.Build.0 = Debug|iPhoneSimulator
		{6764092D-CCFB-4286-8314-412636D7065E}.Release|iPhone.ActiveCfg = Release|iPhone
		{6764092D-CCFB-4286-8314-412636D7065E}.Release|iPhone.Build.0 = Release|iPhone
		{6764092D-CCFB-4286-8314-412636D7065E}.Release|iPhoneSimulator.ActiveCfg = Release|iPhoneSimulator
		{6764092D-CCFB-4286-8314-412636D7065E}.Release|iPhoneSimulator.Build.0 = Release|iPhoneSimulator
		{6764092D-CCFB-4286-8314-412636D7065E}.Windows Debug|Any CPU.ActiveCfg = Debug|iPhoneSimulator
		{6764092D-CCFB-4286-8314-412636D7065E}.Windows Debug|Any CPU.Build.0 = Debug|iPhoneSimulator
		{6764092D-CCFB-4286-8314-412636D7065E}.Windows Release|Any CPU.ActiveCfg = Debug|iPhoneSimulator
		{6764092D-CCFB-4286-8314-412636D7065E}.Windows Release|Any CPU.Build.0 = Debug|iPhoneSimulator
		{6764092D-CCFB-4286-8314-412636D7065E}.Windows Trace|Any CPU.ActiveCfg = Debug|iPhoneSimulator
		{6764092D-CCFB-4286-8314-412636D7065E}.Windows Trace|Any CPU.Build.0 = Debug|iPhoneSimulator
		{6764092D-CCFB-4286-8314-412636D7065F}.Debug|iPhone.ActiveCfg = Debug|iPhone
		{6764092D-CCFB-4286-8314-412636D7065F}.Debug|iPhone.Build.0 = Debug|iPhone
		{6764092D-CCFB-4286-8314-412636D7065F}.Debug|iPhoneSimulator.ActiveCfg = Debug|iPhoneSimulator
		{6764092D-CCFB-4286-8314-412636D7065F}.Debug|iPhoneSimulator.Build.0 = Debug|iPhoneSimulator
		{6764092D-CCFB-4286-8314-412636D7065F}.Distribution|iPhone.ActiveCfg = Distribution|iPhone
		{6764092D-CCFB-4286-8314-412636D7065F}.Distribution|iPhone.Build.0 = Distribution|iPhone
		{6764092D-CCFB-4286-8314-412636D7065F}.Distribution|iPhoneSimulator.ActiveCfg = Distribution|iPhoneSimulator
		{6764092D-CCFB-4286-8314-412636D7065F}.Distribution|iPhoneSimulator.Build.0 = Distribution|iPhoneSimulator
		{6764092D-CCFB-4286-8314-412636D7065F}.Linux Debug|Any CPU.ActiveCfg = Debug|iPhoneSimulator
		{6764092D-CCFB-4286-8314-412636D7065F}.Linux Debug|Any CPU.Build.0 = Debug|iPhoneSimulator
		{6764092D-CCFB-4286-8314-412636D7065F}.Linux Release|Any CPU.ActiveCfg = Debug|iPhoneSimulator
		{6764092D-CCFB-4286-8314-412636D7065F}.Linux Release|Any CPU.Build.0 = Debug|iPhoneSimulator
		{6764092D-CCFB-4286-8314-412636D7065F}.Linux Trace|Any CPU.ActiveCfg = Debug|iPhoneSimulator
		{6764092D-CCFB-4286-8314-412636D7065F}.Linux Trace|Any CPU.Build.0 = Debug|iPhoneSimulator
		{6764092D-CCFB-4286-8314-412636D7065F}.MacOsX Debug|Any CPU.ActiveCfg = Debug|iPhoneSimulator
		{6764092D-CCFB-4286-8314-412636D7065F}.MacOsX Debug|Any CPU.Build.0 = Debug|iPhoneSimulator
		{6764092D-CCFB-4286-8314-412636D7065F}.MacOsX Release|Any CPU.ActiveCfg = Debug|iPhoneSimulator
		{6764092D-CCFB-4286-8314-412636D7065F}.MacOsX Release|Any CPU.Build.0 = Debug|iPhoneSimulator
		{6764092D-CCFB-4286-8314-412636D7065F}.MacOsX Trace|Any CPU.ActiveCfg = Debug|iPhoneSimulator
		{6764092D-CCFB-4286-8314-412636D7065F}.MacOsX Trace|Any CPU.Build.0 = Debug|iPhoneSimulator
		{6764092D-CCFB-4286-8314-412636D7065F}.Release|iPhone.ActiveCfg = Release|iPhone
		{6764092D-CCFB-4286-8314-412636D7065F}.Release|iPhone.Build.0 = Release|iPhone
		{6764092D-CCFB-4286-8314-412636D7065F}.Release|iPhoneSimulator.ActiveCfg = Release|iPhoneSimulator
		{6764092D-CCFB-4286-8314-412636D7065F}.Release|iPhoneSimulator.Build.0 = Release|iPhoneSimulator
		{6764092D-CCFB-4286-8314-412636D7065F}.Windows Debug|Any CPU.ActiveCfg = Debug|iPhoneSimulator
		{6764092D-CCFB-4286-8314-412636D7065F}.Windows Debug|Any CPU.Build.0 = Debug|iPhoneSimulator
		{6764092D-CCFB-4286-8314-412636D7065F}.Windows Release|Any CPU.ActiveCfg = Debug|iPhoneSimulator
		{6764092D-CCFB-4286-8314-412636D7065F}.Windows Release|Any CPU.Build.0 = Debug|iPhoneSimulator
		{6764092D-CCFB-4286-8314-412636D7065F}.Windows Trace|Any CPU.ActiveCfg = Debug|iPhoneSimulator
		{6764092D-CCFB-4286-8314-412636D7065F}.Windows Trace|Any CPU.Build.0 = Debug|iPhoneSimulator
		{9FD7E2EC-1192-4912-857B-EFF6E12A06EC}.Debug|iPhone.ActiveCfg = Debug|iPhone
		{9FD7E2EC-1192-4912-857B-EFF6E12A06EC}.Debug|iPhone.Build.0 = Debug|iPhone
		{9FD7E2EC-1192-4912-857B-EFF6E12A06EC}.Debug|iPhoneSimulator.ActiveCfg = Debug|iPhoneSimulator
		{9FD7E2EC-1192-4912-857B-EFF6E12A06EC}.Debug|iPhoneSimulator.Build.0 = Debug|iPhoneSimulator
		{9FD7E2EC-1192-4912-857B-EFF6E12A06EC}.Distribution|iPhone.ActiveCfg = Distribution|iPhone
		{9FD7E2EC-1192-4912-857B-EFF6E12A06EC}.Distribution|iPhone.Build.0 = Distribution|iPhone
		{9FD7E2EC-1192-4912-857B-EFF6E12A06EC}.Distribution|iPhoneSimulator.ActiveCfg = Distribution|iPhoneSimulator
		{9FD7E2EC-1192-4912-857B-EFF6E12A06EC}.Distribution|iPhoneSimulator.Build.0 = Distribution|iPhoneSimulator
		{9FD7E2EC-1192-4912-857B-EFF6E12A06EC}.Linux Debug|Any CPU.ActiveCfg = Debug|iPhoneSimulator
		{9FD7E2EC-1192-4912-857B-EFF6E12A06EC}.Linux Debug|Any CPU.Build.0 = Debug|iPhoneSimulator
		{9FD7E2EC-1192-4912-857B-EFF6E12A06EC}.Linux Release|Any CPU.ActiveCfg = Debug|iPhoneSimulator
		{9FD7E2EC-1192-4912-857B-EFF6E12A06EC}.Linux Release|Any CPU.Build.0 = Debug|iPhoneSimulator
		{9FD7E2EC-1192-4912-857B-EFF6E12A06EC}.Linux Trace|Any CPU.ActiveCfg = Debug|iPhoneSimulator
		{9FD7E2EC-1192-4912-857B-EFF6E12A06EC}.Linux Trace|Any CPU.Build.0 = Debug|iPhoneSimulator
		{9FD7E2EC-1192-4912-857B-EFF6E12A06EC}.MacOsX Debug|Any CPU.ActiveCfg = Debug|iPhoneSimulator
		{9FD7E2EC-1192-4912-857B-EFF6E12A06EC}.MacOsX Debug|Any CPU.Build.0 = Debug|iPhoneSimulator
		{9FD7E2EC-1192-4912-857B-EFF6E12A06EC}.MacOsX Release|Any CPU.ActiveCfg = Debug|iPhoneSimulator
		{9FD7E2EC-1192-4912-857B-EFF6E12A06EC}.MacOsX Release|Any CPU.Build.0 = Debug|iPhoneSimulator
		{9FD7E2EC-1192-4912-857B-EFF6E12A06EC}.MacOsX Trace|Any CPU.ActiveCfg = Debug|iPhoneSimulator
		{9FD7E2EC-1192-4912-857B-EFF6E12A06EC}.MacOsX Trace|Any CPU.Build.0 = Debug|iPhoneSimulator
		{9FD7E2EC-1192-4912-857B-EFF6E12A06EC}.Release|iPhone.ActiveCfg = Release|iPhone
		{9FD7E2EC-1192-4912-857B-EFF6E12A06EC}.Release|iPhone.Build.0 = Release|iPhone
		{9FD7E2EC-1192-4912-857B-EFF6E12A06EC}.Release|iPhoneSimulator.ActiveCfg = Release|iPhoneSimulator
		{9FD7E2EC-1192-4912-857B-EFF6E12A06EC}.Release|iPhoneSimulator.Build.0 = Release|iPhoneSimulator
		{9FD7E2EC-1192-4912-857B-EFF6E12A06EC}.Windows Debug|Any CPU.ActiveCfg = Debug|iPhoneSimulator
		{9FD7E2EC-1192-4912-857B-EFF6E12A06EC}.Windows Debug|Any CPU.Build.0 = Debug|iPhoneSimulator
		{9FD7E2EC-1192-4912-857B-EFF6E12A06EC}.Windows Release|Any CPU.ActiveCfg = Debug|iPhoneSimulator
		{9FD7E2EC-1192-4912-857B-EFF6E12A06EC}.Windows Release|Any CPU.Build.0 = Debug|iPhoneSimulator
		{9FD7E2EC-1192-4912-857B-EFF6E12A06EC}.Windows Trace|Any CPU.ActiveCfg = Debug|iPhoneSimulator
		{9FD7E2EC-1192-4912-857B-EFF6E12A06EC}.Windows Trace|Any CPU.Build.0 = Debug|iPhoneSimulator
		{CB19E03F-9014-4654-BAA7-45BB2EA0DDEE}.Debug|iPhone.ActiveCfg = Debug|iPhone
		{CB19E03F-9014-4654-BAA7-45BB2EA0DDEE}.Debug|iPhone.Build.0 = Debug|iPhone
		{CB19E03F-9014-4654-BAA7-45BB2EA0DDEE}.Debug|iPhoneSimulator.ActiveCfg = Debug|iPhoneSimulator
		{CB19E03F-9014-4654-BAA7-45BB2EA0DDEE}.Debug|iPhoneSimulator.Build.0 = Debug|iPhoneSimulator
		{CB19E03F-9014-4654-BAA7-45BB2EA0DDEE}.Distribution|iPhone.ActiveCfg = Distribution|iPhone
		{CB19E03F-9014-4654-BAA7-45BB2EA0DDEE}.Distribution|iPhone.Build.0 = Distribution|iPhone
		{CB19E03F-9014-4654-BAA7-45BB2EA0DDEE}.Distribution|iPhoneSimulator.ActiveCfg = Distribution|iPhoneSimulator
		{CB19E03F-9014-4654-BAA7-45BB2EA0DDEE}.Distribution|iPhoneSimulator.Build.0 = Distribution|iPhoneSimulator
		{CB19E03F-9014-4654-BAA7-45BB2EA0DDEE}.Linux Debug|Any CPU.ActiveCfg = Debug|iPhoneSimulator
		{CB19E03F-9014-4654-BAA7-45BB2EA0DDEE}.Linux Debug|Any CPU.Build.0 = Debug|iPhoneSimulator
		{CB19E03F-9014-4654-BAA7-45BB2EA0DDEE}.Linux Release|Any CPU.ActiveCfg = Debug|iPhoneSimulator
		{CB19E03F-9014-4654-BAA7-45BB2EA0DDEE}.Linux Release|Any CPU.Build.0 = Debug|iPhoneSimulator
		{CB19E03F-9014-4654-BAA7-45BB2EA0DDEE}.Linux Trace|Any CPU.ActiveCfg = Debug|iPhoneSimulator
		{CB19E03F-9014-4654-BAA7-45BB2EA0DDEE}.Linux Trace|Any CPU.Build.0 = Debug|iPhoneSimulator
		{CB19E03F-9014-4654-BAA7-45BB2EA0DDEE}.MacOsX Debug|Any CPU.ActiveCfg = Debug|iPhoneSimulator
		{CB19E03F-9014-4654-BAA7-45BB2EA0DDEE}.MacOsX Debug|Any CPU.Build.0 = Debug|iPhoneSimulator
		{CB19E03F-9014-4654-BAA7-45BB2EA0DDEE}.MacOsX Release|Any CPU.ActiveCfg = Debug|iPhoneSimulator
		{CB19E03F-9014-4654-BAA7-45BB2EA0DDEE}.MacOsX Release|Any CPU.Build.0 = Debug|iPhoneSimulator
		{CB19E03F-9014-4654-BAA7-45BB2EA0DDEE}.MacOsX Trace|Any CPU.ActiveCfg = Debug|iPhoneSimulator
		{CB19E03F-9014-4654-BAA7-45BB2EA0DDEE}.MacOsX Trace|Any CPU.Build.0 = Debug|iPhoneSimulator
		{CB19E03F-9014-4654-BAA7-45BB2EA0DDEE}.Release|iPhone.ActiveCfg = Release|iPhone
		{CB19E03F-9014-4654-BAA7-45BB2EA0DDEE}.Release|iPhone.Build.0 = Release|iPhone
		{CB19E03F-9014-4654-BAA7-45BB2EA0DDEE}.Release|iPhoneSimulator.ActiveCfg = Release|iPhoneSimulator
		{CB19E03F-9014-4654-BAA7-45BB2EA0DDEE}.Release|iPhoneSimulator.Build.0 = Release|iPhoneSimulator
		{CB19E03F-9014-4654-BAA7-45BB2EA0DDEE}.Windows Debug|Any CPU.ActiveCfg = Debug|iPhoneSimulator
		{CB19E03F-9014-4654-BAA7-45BB2EA0DDEE}.Windows Debug|Any CPU.Build.0 = Debug|iPhoneSimulator
		{CB19E03F-9014-4654-BAA7-45BB2EA0DDEE}.Windows Release|Any CPU.ActiveCfg = Debug|iPhoneSimulator
		{CB19E03F-9014-4654-BAA7-45BB2EA0DDEE}.Windows Release|Any CPU.Build.0 = Debug|iPhoneSimulator
		{CB19E03F-9014-4654-BAA7-45BB2EA0DDEE}.Windows Trace|Any CPU.ActiveCfg = Debug|iPhoneSimulator
		{CB19E03F-9014-4654-BAA7-45BB2EA0DDEE}.Windows Trace|Any CPU.Build.0 = Debug|iPhoneSimulator
		{CE61C5CB-180B-44A2-831C-E15889B61196}.Debug|iPhone.ActiveCfg = Debug|iPhone
		{CE61C5CB-180B-44A2-831C-E15889B61196}.Debug|iPhone.Build.0 = Debug|iPhone
		{CE61C5CB-180B-44A2-831C-E15889B61196}.Debug|iPhoneSimulator.ActiveCfg = Debug|iPhoneSimulator
		{CE61C5CB-180B-44A2-831C-E15889B61196}.Debug|iPhoneSimulator.Build.0 = Debug|iPhoneSimulator
		{CE61C5CB-180B-44A2-831C-E15889B61196}.Distribution|iPhone.ActiveCfg = Distribution|iPhone
		{CE61C5CB-180B-44A2-831C-E15889B61196}.Distribution|iPhone.Build.0 = Distribution|iPhone
		{CE61C5CB-180B-44A2-831C-E15889B61196}.Distribution|iPhoneSimulator.ActiveCfg = Distribution|iPhoneSimulator
		{CE61C5CB-180B-44A2-831C-E15889B61196}.Distribution|iPhoneSimulator.Build.0 = Distribution|iPhoneSimulator
		{CE61C5CB-180B-44A2-831C-E15889B61196}.Linux Debug|Any CPU.ActiveCfg = Debug|iPhoneSimulator
		{CE61C5CB-180B-44A2-831C-E15889B61196}.Linux Debug|Any CPU.Build.0 = Debug|iPhoneSimulator
		{CE61C5CB-180B-44A2-831C-E15889B61196}.Linux Release|Any CPU.ActiveCfg = Debug|iPhoneSimulator
		{CE61C5CB-180B-44A2-831C-E15889B61196}.Linux Release|Any CPU.Build.0 = Debug|iPhoneSimulator
		{CE61C5CB-180B-44A2-831C-E15889B61196}.Linux Trace|Any CPU.ActiveCfg = Debug|iPhoneSimulator
		{CE61C5CB-180B-44A2-831C-E15889B61196}.Linux Trace|Any CPU.Build.0 = Debug|iPhoneSimulator
		{CE61C5CB-180B-44A2-831C-E15889B61196}.MacOsX Debug|Any CPU.ActiveCfg = Debug|iPhoneSimulator
		{CE61C5CB-180B-44A2-831C-E15889B61196}.MacOsX Debug|Any CPU.Build.0 = Debug|iPhoneSimulator
		{CE61C5CB-180B-44A2-831C-E15889B61196}.MacOsX Release|Any CPU.ActiveCfg = Debug|iPhoneSimulator
		{CE61C5CB-180B-44A2-831C-E15889B61196}.MacOsX Release|Any CPU.Build.0 = Debug|iPhoneSimulator
		{CE61C5CB-180B-44A2-831C-E15889B61196}.MacOsX Trace|Any CPU.ActiveCfg = Debug|iPhoneSimulator
		{CE61C5CB-180B-44A2-831C-E15889B61196}.MacOsX Trace|Any CPU.Build.0 = Debug|iPhoneSimulator
		{CE61C5CB-180B-44A2-831C-E15889B61196}.Release|iPhone.ActiveCfg = Release|iPhone
		{CE61C5CB-180B-44A2-831C-E15889B61196}.Release|iPhone.Build.0 = Release|iPhone
		{CE61C5CB-180B-44A2-831C-E15889B61196}.Release|iPhoneSimulator.ActiveCfg = Release|iPhoneSimulator
		{CE61C5CB-180B-44A2-831C-E15889B61196}.Release|iPhoneSimulator.Build.0 = Release|iPhoneSimulator
		{CE61C5CB-180B-44A2-831C-E15889B61196}.Windows Debug|Any CPU.ActiveCfg = Debug|iPhoneSimulator
		{CE61C5CB-180B-44A2-831C-E15889B61196}.Windows Debug|Any CPU.Build.0 = Debug|iPhoneSimulator
		{CE61C5CB-180B-44A2-831C-E15889B61196}.Windows Release|Any CPU.ActiveCfg = Debug|iPhoneSimulator
		{CE61C5CB-180B-44A2-831C-E15889B61196}.Windows Release|Any CPU.Build.0 = Debug|iPhoneSimulator
		{CE61C5CB-180B-44A2-831C-E15889B61196}.Windows Trace|Any CPU.ActiveCfg = Debug|iPhoneSimulator
		{CE61C5CB-180B-44A2-831C-E15889B61196}.Windows Trace|Any CPU.Build.0 = Debug|iPhoneSimulator
		{D4007AEC-E0D6-4FCD-B275-E6247FC5331C}.Debug|iPhone.ActiveCfg = Debug|iPhone
		{D4007AEC-E0D6-4FCD-B275-E6247FC5331C}.Debug|iPhone.Build.0 = Debug|iPhone
		{D4007AEC-E0D6-4FCD-B275-E6247FC5331C}.Debug|iPhoneSimulator.ActiveCfg = Debug|iPhoneSimulator
		{D4007AEC-E0D6-4FCD-B275-E6247FC5331C}.Debug|iPhoneSimulator.Build.0 = Debug|iPhoneSimulator
		{D4007AEC-E0D6-4FCD-B275-E6247FC5331C}.Distribution|iPhone.ActiveCfg = Distribution|iPhone
		{D4007AEC-E0D6-4FCD-B275-E6247FC5331C}.Distribution|iPhone.Build.0 = Distribution|iPhone
		{D4007AEC-E0D6-4FCD-B275-E6247FC5331C}.Distribution|iPhoneSimulator.ActiveCfg = Distribution|iPhoneSimulator
		{D4007AEC-E0D6-4FCD-B275-E6247FC5331C}.Distribution|iPhoneSimulator.Build.0 = Distribution|iPhoneSimulator
		{D4007AEC-E0D6-4FCD-B275-E6247FC5331C}.Linux Debug|Any CPU.ActiveCfg = Debug|iPhoneSimulator
		{D4007AEC-E0D6-4FCD-B275-E6247FC5331C}.Linux Debug|Any CPU.Build.0 = Debug|iPhoneSimulator
		{D4007AEC-E0D6-4FCD-B275-E6247FC5331C}.Linux Release|Any CPU.ActiveCfg = Debug|iPhoneSimulator
		{D4007AEC-E0D6-4FCD-B275-E6247FC5331C}.Linux Release|Any CPU.Build.0 = Debug|iPhoneSimulator
		{D4007AEC-E0D6-4FCD-B275-E6247FC5331C}.Linux Trace|Any CPU.ActiveCfg = Debug|iPhoneSimulator
		{D4007AEC-E0D6-4FCD-B275-E6247FC5331C}.Linux Trace|Any CPU.Build.0 = Debug|iPhoneSimulator
		{D4007AEC-E0D6-4FCD-B275-E6247FC5331C}.MacOsX Debug|Any CPU.ActiveCfg = Debug|iPhoneSimulator
		{D4007AEC-E0D6-4FCD-B275-E6247FC5331C}.MacOsX Debug|Any CPU.Build.0 = Debug|iPhoneSimulator
		{D4007AEC-E0D6-4FCD-B275-E6247FC5331C}.MacOsX Release|Any CPU.ActiveCfg = Debug|iPhoneSimulator
		{D4007AEC-E0D6-4FCD-B275-E6247FC5331C}.MacOsX Release|Any CPU.Build.0 = Debug|iPhoneSimulator
		{D4007AEC-E0D6-4FCD-B275-E6247FC5331C}.MacOsX Trace|Any CPU.ActiveCfg = Debug|iPhoneSimulator
		{D4007AEC-E0D6-4FCD-B275-E6247FC5331C}.MacOsX Trace|Any CPU.Build.0 = Debug|iPhoneSimulator
		{D4007AEC-E0D6-4FCD-B275-E6247FC5331C}.Release|iPhone.ActiveCfg = Release|iPhone
		{D4007AEC-E0D6-4FCD-B275-E6247FC5331C}.Release|iPhone.Build.0 = Release|iPhone
		{D4007AEC-E0D6-4FCD-B275-E6247FC5331C}.Release|iPhoneSimulator.ActiveCfg = Release|iPhoneSimulator
		{D4007AEC-E0D6-4FCD-B275-E6247FC5331C}.Release|iPhoneSimulator.Build.0 = Release|iPhoneSimulator
		{D4007AEC-E0D6-4FCD-B275-E6247FC5331C}.Windows Debug|Any CPU.ActiveCfg = Debug|iPhoneSimulator
		{D4007AEC-E0D6-4FCD-B275-E6247FC5331C}.Windows Debug|Any CPU.Build.0 = Debug|iPhoneSimulator
		{D4007AEC-E0D6-4FCD-B275-E6247FC5331C}.Windows Release|Any CPU.ActiveCfg = Debug|iPhoneSimulator
		{D4007AEC-E0D6-4FCD-B275-E6247FC5331C}.Windows Release|Any CPU.Build.0 = Debug|iPhoneSimulator
		{D4007AEC-E0D6-4FCD-B275-E6247FC5331C}.Windows Trace|Any CPU.ActiveCfg = Debug|iPhoneSimulator
		{D4007AEC-E0D6-4FCD-B275-E6247FC5331C}.Windows Trace|Any CPU.Build.0 = Debug|iPhoneSimulator
		{DAEF25A9-376B-4139-BCEA-2BCAF72FD7A9}.Debug|iPhone.ActiveCfg = Debug|iPhone
		{DAEF25A9-376B-4139-BCEA-2BCAF72FD7A9}.Debug|iPhone.Build.0 = Debug|iPhone
		{DAEF25A9-376B-4139-BCEA-2BCAF72FD7A9}.Debug|iPhoneSimulator.ActiveCfg = Debug|iPhoneSimulator
		{DAEF25A9-376B-4139-BCEA-2BCAF72FD7A9}.Debug|iPhoneSimulator.Build.0 = Debug|iPhoneSimulator
		{DAEF25A9-376B-4139-BCEA-2BCAF72FD7A9}.Distribution|iPhone.ActiveCfg = Distribution|iPhone
		{DAEF25A9-376B-4139-BCEA-2BCAF72FD7A9}.Distribution|iPhone.Build.0 = Distribution|iPhone
		{DAEF25A9-376B-4139-BCEA-2BCAF72FD7A9}.Distribution|iPhoneSimulator.ActiveCfg = Distribution|iPhoneSimulator
		{DAEF25A9-376B-4139-BCEA-2BCAF72FD7A9}.Distribution|iPhoneSimulator.Build.0 = Distribution|iPhoneSimulator
		{DAEF25A9-376B-4139-BCEA-2BCAF72FD7A9}.Release|iPhone.ActiveCfg = Release|iPhone
		{DAEF25A9-376B-4139-BCEA-2BCAF72FD7A9}.Release|iPhone.Build.0 = Release|iPhone
		{DAEF25A9-376B-4139-BCEA-2BCAF72FD7A9}.Release|iPhoneSimulator.ActiveCfg = Release|iPhoneSimulator
		{DAEF25A9-376B-4139-BCEA-2BCAF72FD7A9}.Release|iPhoneSimulator.Build.0 = Release|iPhoneSimulator
		{FADD2631-1259-4A92-B87F-69A4364AE7B6}.Debug|iPhone.ActiveCfg = Debug|iPhone
		{FADD2631-1259-4A92-B87F-69A4364AE7B6}.Debug|iPhone.Build.0 = Debug|iPhone
		{FADD2631-1259-4A92-B87F-69A4364AE7B6}.Debug|iPhoneSimulator.ActiveCfg = Debug|iPhoneSimulator
		{FADD2631-1259-4A92-B87F-69A4364AE7B6}.Debug|iPhoneSimulator.Build.0 = Debug|iPhoneSimulator
		{FADD2631-1259-4A92-B87F-69A4364AE7B6}.Distribution|iPhone.ActiveCfg = Distribution|iPhone
		{FADD2631-1259-4A92-B87F-69A4364AE7B6}.Distribution|iPhone.Build.0 = Distribution|iPhone
		{FADD2631-1259-4A92-B87F-69A4364AE7B6}.Distribution|iPhoneSimulator.ActiveCfg = Distribution|iPhoneSimulator
		{FADD2631-1259-4A92-B87F-69A4364AE7B6}.Distribution|iPhoneSimulator.Build.0 = Distribution|iPhoneSimulator
		{FADD2631-1259-4A92-B87F-69A4364AE7B6}.Release|iPhone.ActiveCfg = Release|iPhone
		{FADD2631-1259-4A92-B87F-69A4364AE7B6}.Release|iPhone.Build.0 = Release|iPhone
		{FADD2631-1259-4A92-B87F-69A4364AE7B6}.Release|iPhoneSimulator.ActiveCfg = Release|iPhoneSimulator
		{FADD2631-1259-4A92-B87F-69A4364AE7B6}.Release|iPhoneSimulator.Build.0 = Release|iPhoneSimulator
	EndGlobalSection
	GlobalSection(MonoDevelopProperties) = preSolution
		StartupItem = Konfig\Konfig.csproj
	EndGlobalSection
EndGlobal
