
Microsoft Visual Studio Solution File, Format Version 11.00
# Visual Studio 2010
Project("{FAE04EC0-301F-11D3-BF4B-00C04F79EFBC}") = "OssCoreIos", "OssCoreIos\OssCoreIos.csproj", "{FADD2631-1259-4A92-B87F-69A4364AE7B6}"
EndProject
Project("{FAE04EC0-301F-11D3-BF4B-00C04F79EFBC}") = "OssControlIos", "OssControlIos\OssControlIos.csproj", "{06C84AB5-457C-4731-9FA6-72EA3BB7E9E7}"
EndProject
Project("{FAE04EC0-301F-11D3-BF4B-00C04F79EFBC}") = "OssSysLibIos", "OssSysLibIos\OssSysLibIos.csproj", "{DAEF25A9-376B-4139-BCEA-2BCAF72FD7A9}"
EndProject
Project("{FAE04EC0-301F-11D3-BF4B-00C04F79EFBC}") = "OssServicesIos", "OssServicesIos\OssServicesIos.csproj", "{D4007AEC-E0D6-4FCD-B275-E6247FC5331C}"
EndProject
Project("{FAE04EC0-301F-11D3-BF4B-00C04F79EFBC}") = "OssTopologyIos", "OssTopologyIos\OssTopologyIos.csproj", "{6764092D-CCFB-4286-8314-412636D7065A}"
EndProject
Project("{FAE04EC0-301F-11D3-BF4B-00C04F79EFBC}") = "OssDidlLiteIos", "OssDidlLiteIos\OssDidlLiteIos.csproj", "{CB19E03F-9014-4654-BAA7-45BB2EA0DDEE}"
EndProject
Project("{FAE04EC0-301F-11D3-BF4B-00C04F79EFBC}") = "LinnTopologyIos", "LinnTopologyIos\LinnTopologyIos.csproj", "{B00E604C-CD3E-4DDE-9C24-51613E6409B9}"
EndProject
Project("{FAE04EC0-301F-11D3-BF4B-00C04F79EFBC}") = "OssKinskyIos", "OssKinskyIos\OssKinskyIos.csproj", "{9FD7E2EC-1192-4912-857B-EFF6E12A06EC}"
EndProject
Project("{FAE04EC0-301F-11D3-BF4B-00C04F79EFBC}") = "OssKinskyMppMovieTrailersIos", "OssKinskyMppMovieTrailersIos\OssKinskyMppMovieTrailersIos.csproj", "{3B13A6A2-D543-41FA-9270-5EC92A1F54E4}"
EndProject
Project("{FAE04EC0-301F-11D3-BF4B-00C04F79EFBC}") = "OssKinskyMppBbcIos", "OssKinskyMppBbcIos\OssKinskyMppBbcIos.csproj", "{2E6CA9C1-CBEE-4458-B01D-8F8D2E2F3042}"
EndProject
Project("{FAE04EC0-301F-11D3-BF4B-00C04F79EFBC}") = "OssKinskyMppWfmuIos", "OssKinskyMppWfmuIos\OssKinskyMppWfmuIos.csproj", "{26331103-F1A2-4694-A155-75BD26CAD179}"
EndProject
Project("{FAE04EC0-301F-11D3-BF4B-00C04F79EFBC}") = "OssToolkitIos", "OssToolkitIos\OssToolkitIos.csproj", "{CE61C5CB-180B-44A2-831C-E15889B61196}"
EndProject
Project("{FAE04EC0-301F-11D3-BF4B-00C04F79EFBC}") = "KinskyTouch", "KinskyTouch\KinskyTouch.csproj", "{82EECFA4-3AE4-4A7B-9D45-1C3F2B2F2B50}"
EndProject
Project("{FAE04EC0-301F-11D3-BF4B-00C04F79EFBC}") = "XmlLayoutIos", "XmlLayoutIos\XmlLayoutIos.csproj", "{6764092D-CCFB-4286-8314-412636D7065C}"
EndProject
Project("{FAE04EC0-301F-11D3-BF4B-00C04F79EFBC}") = "XmlRomCollectionIos", "XmlRomCollectionIos\XmlRomCollectionIos.csproj", "{6764092D-CCFB-4286-8314-412636D7065D}"
EndProject
Project("{FAE04EC0-301F-11D3-BF4B-00C04F79EFBC}") = "XmlRomIos", "XmlRomIos\XmlRomIos.csproj", "{6764092D-CCFB-4286-8314-412636D7065E}"
EndProject
Project("{FAE04EC0-301F-11D3-BF4B-00C04F79EFBC}") = "XmlTagsIos", "XmlTagsIos\XmlTagsIos.csproj", "{6764092D-CCFB-4286-8314-412636D7065F}"
EndProject
Project("{FAE04EC0-301F-11D3-BF4B-00C04F79EFBC}") = "OssProductSupportIos", "OssProductSupportIos\OssProductSupportIos.csproj", "{6764092D-CCFB-4286-8314-412636D7065B}"
EndProject
Project("{FAE04EC0-301F-11D3-BF4B-00C04F79EFBC}") = "WizardIos", "WizardIos\WizardIos.csproj", "{DCFC3AAA-F43C-42F8-ACC6-2EEE78C2AC2A}"
EndProject
Project("{FAE04EC0-301F-11D3-BF4B-00C04F79EFBC}") = "Konfig", "Konfig\Konfig.csproj", "{03DCC765-A689-4223-A98D-2386C915E301}"
EndProject
Global
	GlobalSection(SolutionConfigurationPlatforms) = preSolution
		Debug|iPhoneSimulator = Debug|iPhoneSimulator
		Release|iPhoneSimulator = Release|iPhoneSimulator
		Debug|iPhone = Debug|iPhone
		Release|iPhone = Release|iPhone
		Distribution|iPhone = Distribution|iPhone
		Distribution|iPhoneSimulator = Distribution|iPhoneSimulator
		Linux Debug|Any CPU = Linux Debug|Any CPU
		Linux Release|Any CPU = Linux Release|Any CPU
		Linux Trace|Any CPU = Linux Trace|Any CPU
		MacOsX Debug|Any CPU = MacOsX Debug|Any CPU
		MacOsX Release|Any CPU = MacOsX Release|Any CPU
		MacOsX Trace|Any CPU = MacOsX Trace|Any CPU
		Windows Debug|Any CPU = Windows Debug|Any CPU
		Windows Release|Any CPU = Windows Release|Any CPU
		Windows Trace|Any CPU = Windows Trace|Any CPU
		Ad-Hoc|iPhone = Ad-Hoc|iPhone
		AppStore|iPhone = AppStore|iPhone
	EndGlobalSection
	GlobalSection(ProjectConfigurationPlatforms) = postSolution
		{03DCC765-A689-4223-A98D-2386C915E301}.Ad-Hoc|iPhone.ActiveCfg = Ad-Hoc|iPhone
		{03DCC765-A689-4223-A98D-2386C915E301}.Ad-Hoc|iPhone.Build.0 = Ad-Hoc|iPhone
		{03DCC765-A689-4223-A98D-2386C915E301}.AppStore|iPhone.ActiveCfg = AppStore|iPhone
		{03DCC765-A689-4223-A98D-2386C915E301}.AppStore|iPhone.Build.0 = AppStore|iPhone
		{03DCC765-A689-4223-A98D-2386C915E301}.Debug|iPhone.ActiveCfg = Debug|iPhone
		{03DCC765-A689-4223-A98D-2386C915E301}.Debug|iPhone.Build.0 = Debug|iPhone
		{03DCC765-A689-4223-A98D-2386C915E301}.Debug|iPhoneSimulator.ActiveCfg = Debug|iPhoneSimulator
		{03DCC765-A689-4223-A98D-2386C915E301}.Debug|iPhoneSimulator.Build.0 = Debug|iPhoneSimulator
		{03DCC765-A689-4223-A98D-2386C915E301}.Distribution|iPhone.ActiveCfg = Debug|iPhone
		{03DCC765-A689-4223-A98D-2386C915E301}.Distribution|iPhone.Build.0 = Debug|iPhone
		{03DCC765-A689-4223-A98D-2386C915E301}.Distribution|iPhoneSimulator.ActiveCfg = Debug|iPhoneSimulator
		{03DCC765-A689-4223-A98D-2386C915E301}.Distribution|iPhoneSimulator.Build.0 = Debug|iPhoneSimulator
		{03DCC765-A689-4223-A98D-2386C915E301}.Linux Debug|Any CPU.ActiveCfg = Debug|iPhoneSimulator
		{03DCC765-A689-4223-A98D-2386C915E301}.Linux Debug|Any CPU.Build.0 = Debug|iPhoneSimulator
		{03DCC765-A689-4223-A98D-2386C915E301}.Linux Release|Any CPU.ActiveCfg = Debug|iPhoneSimulator
		{03DCC765-A689-4223-A98D-2386C915E301}.Linux Release|Any CPU.Build.0 = Debug|iPhoneSimulator
		{03DCC765-A689-4223-A98D-2386C915E301}.Linux Trace|Any CPU.ActiveCfg = Debug|iPhoneSimulator
		{03DCC765-A689-4223-A98D-2386C915E301}.Linux Trace|Any CPU.Build.0 = Debug|iPhoneSimulator
		{03DCC765-A689-4223-A98D-2386C915E301}.MacOsX Debug|Any CPU.ActiveCfg = Debug|iPhoneSimulator
		{03DCC765-A689-4223-A98D-2386C915E301}.MacOsX Debug|Any CPU.Build.0 = Debug|iPhoneSimulator
		{03DCC765-A689-4223-A98D-2386C915E301}.MacOsX Release|Any CPU.ActiveCfg = Debug|iPhoneSimulator
		{03DCC765-A689-4223-A98D-2386C915E301}.MacOsX Release|Any CPU.Build.0 = Debug|iPhoneSimulator
		{03DCC765-A689-4223-A98D-2386C915E301}.MacOsX Trace|Any CPU.ActiveCfg = Debug|iPhoneSimulator
		{03DCC765-A689-4223-A98D-2386C915E301}.MacOsX Trace|Any CPU.Build.0 = Debug|iPhoneSimulator
		{03DCC765-A689-4223-A98D-2386C915E301}.Release|iPhone.ActiveCfg = Release|iPhone
		{03DCC765-A689-4223-A98D-2386C915E301}.Release|iPhone.Build.0 = Release|iPhone
		{03DCC765-A689-4223-A98D-2386C915E301}.Release|iPhoneSimulator.ActiveCfg = Release|iPhoneSimulator
		{03DCC765-A689-4223-A98D-2386C915E301}.Release|iPhoneSimulator.Build.0 = Release|iPhoneSimulator
		{03DCC765-A689-4223-A98D-2386C915E301}.Windows Debug|Any CPU.ActiveCfg = Debug|iPhoneSimulator
		{03DCC765-A689-4223-A98D-2386C915E301}.Windows Debug|Any CPU.Build.0 = Debug|iPhoneSimulator
		{03DCC765-A689-4223-A98D-2386C915E301}.Windows Release|Any CPU.ActiveCfg = Debug|iPhoneSimulator
		{03DCC765-A689-4223-A98D-2386C915E301}.Windows Release|Any CPU.Build.0 = Debug|iPhoneSimulator
		{03DCC765-A689-4223-A98D-2386C915E301}.Windows Trace|Any CPU.ActiveCfg = Debug|iPhoneSimulator
		{03DCC765-A689-4223-A98D-2386C915E301}.Windows Trace|Any CPU.Build.0 = Debug|iPhoneSimulator
		{06C84AB5-457C-4731-9FA6-72EA3BB7E9E7}.Debug|iPhone.ActiveCfg = Debug|iPhone
		{06C84AB5-457C-4731-9FA6-72EA3BB7E9E7}.Debug|iPhone.Build.0 = Debug|iPhone
		{06C84AB5-457C-4731-9FA6-72EA3BB7E9E7}.Debug|iPhoneSimulator.ActiveCfg = Debug|iPhoneSimulator
		{06C84AB5-457C-4731-9FA6-72EA3BB7E9E7}.Debug|iPhoneSimulator.Build.0 = Debug|iPhoneSimulator
		{06C84AB5-457C-4731-9FA6-72EA3BB7E9E7}.Distribution|iPhone.ActiveCfg = Distribution|iPhone
		{06C84AB5-457C-4731-9FA6-72EA3BB7E9E7}.Distribution|iPhone.Build.0 = Distribution|iPhone
		{06C84AB5-457C-4731-9FA6-72EA3BB7E9E7}.Distribution|iPhoneSimulator.ActiveCfg = Distribution|iPhoneSimulator
		{06C84AB5-457C-4731-9FA6-72EA3BB7E9E7}.Distribution|iPhoneSimulator.Build.0 = Distribution|iPhoneSimulator
		{06C84AB5-457C-4731-9FA6-72EA3BB7E9E7}.Release|iPhone.ActiveCfg = Release|iPhone
		{06C84AB5-457C-4731-9FA6-72EA3BB7E9E7}.Release|iPhone.Build.0 = Release|iPhone
		{06C84AB5-457C-4731-9FA6-72EA3BB7E9E7}.Release|iPhoneSimulator.ActiveCfg = Release|iPhoneSimulator
		{06C84AB5-457C-4731-9FA6-72EA3BB7E9E7}.Release|iPhoneSimulator.Build.0 = Release|iPhoneSimulator
		{26331103-F1A2-4694-A155-75BD26CAD179}.Debug|iPhone.ActiveCfg = Debug|iPhone
		{26331103-F1A2-4694-A155-75BD26CAD179}.Debug|iPhone.Build.0 = Debug|iPhone
		{26331103-F1A2-4694-A155-75BD26CAD179}.Debug|iPhoneSimulator.ActiveCfg = Debug|iPhoneSimulator
		{26331103-F1A2-4694-A155-75BD26CAD179}.Debug|iPhoneSimulator.Build.0 = Debug|iPhoneSimulator
		{26331103-F1A2-4694-A155-75BD26CAD179}.Distribution|iPhone.ActiveCfg = Distribution|iPhone
		{26331103-F1A2-4694-A155-75BD26CAD179}.Distribution|iPhone.Build.0 = Distribution|iPhone
		{26331103-F1A2-4694-A155-75BD26CAD179}.Distribution|iPhoneSimulator.ActiveCfg = Distribution|iPhoneSimulator
		{26331103-F1A2-4694-A155-75BD26CAD179}.Distribution|iPhoneSimulator.Build.0 = Distribution|iPhoneSimulator
		{26331103-F1A2-4694-A155-75BD26CAD179}.Release|iPhone.ActiveCfg = Release|iPhone
		{26331103-F1A2-4694-A155-75BD26CAD179}.Release|iPhone.Build.0 = Release|iPhone
		{26331103-F1A2-4694-A155-75BD26CAD179}.Release|iPhoneSimulator.ActiveCfg = Release|iPhoneSimulator
		{26331103-F1A2-4694-A155-75BD26CAD179}.Release|iPhoneSimulator.Build.0 = Release|iPhoneSimulator
		{2E6CA9C1-CBEE-4458-B01D-8F8D2E2F3042}.Debug|iPhone.ActiveCfg = Debug|iPhone
		{2E6CA9C1-CBEE-4458-B01D-8F8D2E2F3042}.Debug|iPhone.Build.0 = Debug|iPhone
		{2E6CA9C1-CBEE-4458-B01D-8F8D2E2F3042}.Debug|iPhoneSimulator.ActiveCfg = Debug|iPhoneSimulator
		{2E6CA9C1-CBEE-4458-B01D-8F8D2E2F3042}.Debug|iPhoneSimulator.Build.0 = Debug|iPhoneSimulator
		{2E6CA9C1-CBEE-4458-B01D-8F8D2E2F3042}.Distribution|iPhone.ActiveCfg = Distribution|iPhone
		{2E6CA9C1-CBEE-4458-B01D-8F8D2E2F3042}.Distribution|iPhone.Build.0 = Distribution|iPhone
		{2E6CA9C1-CBEE-4458-B01D-8F8D2E2F3042}.Distribution|iPhoneSimulator.ActiveCfg = Distribution|iPhoneSimulator
		{2E6CA9C1-CBEE-4458-B01D-8F8D2E2F3042}.Distribution|iPhoneSimulator.Build.0 = Distribution|iPhoneSimulator
		{2E6CA9C1-CBEE-4458-B01D-8F8D2E2F3042}.Release|iPhone.ActiveCfg = Release|iPhone
		{2E6CA9C1-CBEE-4458-B01D-8F8D2E2F3042}.Release|iPhone.Build.0 = Release|iPhone
		{2E6CA9C1-CBEE-4458-B01D-8F8D2E2F3042}.Release|iPhoneSimulator.ActiveCfg = Release|iPhoneSimulator
		{2E6CA9C1-CBEE-4458-B01D-8F8D2E2F3042}.Release|iPhoneSimulator.Build.0 = Release|iPhoneSimulator
		{3B13A6A2-D543-41FA-9270-5EC92A1F54E4}.Debug|iPhone.ActiveCfg = Debug|iPhone
		{3B13A6A2-D543-41FA-9270-5EC92A1F54E4}.Debug|iPhone.Build.0 = Debug|iPhone
		{3B13A6A2-D543-41FA-9270-5EC92A1F54E4}.Debug|iPhoneSimulator.ActiveCfg = Debug|iPhoneSimulator
		{3B13A6A2-D543-41FA-9270-5EC92A1F54E4}.Debug|iPhoneSimulator.Build.0 = Debug|iPhoneSimulator
		{3B13A6A2-D543-41FA-9270-5EC92A1F54E4}.Distribution|iPhone.ActiveCfg = Distribution|iPhone
		{3B13A6A2-D543-41FA-9270-5EC92A1F54E4}.Distribution|iPhone.Build.0 = Distribution|iPhone
		{3B13A6A2-D543-41FA-9270-5EC92A1F54E4}.Distribution|iPhoneSimulator.ActiveCfg = Distribution|iPhoneSimulator
		{3B13A6A2-D543-41FA-9270-5EC92A1F54E4}.Distribution|iPhoneSimulator.Build.0 = Distribution|iPhoneSimulator
		{3B13A6A2-D543-41FA-9270-5EC92A1F54E4}.Release|iPhone.ActiveCfg = Release|iPhone
		{3B13A6A2-D543-41FA-9270-5EC92A1F54E4}.Release|iPhone.Build.0 = Release|iPhone
		{3B13A6A2-D543-41FA-9270-5EC92A1F54E4}.Release|iPhoneSimulator.ActiveCfg = Release|iPhoneSimulator
		{3B13A6A2-D543-41FA-9270-5EC92A1F54E4}.Release|iPhoneSimulator.Build.0 = Release|iPhoneSimulator
		{6764092D-CCFB-4286-8314-412636D7065A}.Debug|iPhone.ActiveCfg = Debug|iPhone
		{6764092D-CCFB-4286-8314-412636D7065A}.Debug|iPhone.Build.0 = Debug|iPhone
		{6764092D-CCFB-4286-8314-412636D7065A}.Debug|iPhoneSimulator.ActiveCfg = Debug|iPhoneSimulator
		{6764092D-CCFB-4286-8314-412636D7065A}.Debug|iPhoneSimulator.Build.0 = Debug|iPhoneSimulator
		{6764092D-CCFB-4286-8314-412636D7065A}.Distribution|iPhone.ActiveCfg = Distribution|iPhone
		{6764092D-CCFB-4286-8314-412636D7065A}.Distribution|iPhone.Build.0 = Distribution|iPhone
		{6764092D-CCFB-4286-8314-412636D7065A}.Distribution|iPhoneSimulator.ActiveCfg = Distribution|iPhoneSimulator
		{6764092D-CCFB-4286-8314-412636D7065A}.Distribution|iPhoneSimulator.Build.0 = Distribution|iPhoneSimulator
		{6764092D-CCFB-4286-8314-412636D7065A}.Release|iPhone.ActiveCfg = Release|iPhone
		{6764092D-CCFB-4286-8314-412636D7065A}.Release|iPhone.Build.0 = Release|iPhone
		{6764092D-CCFB-4286-8314-412636D7065A}.Release|iPhoneSimulator.ActiveCfg = Release|iPhoneSimulator
		{6764092D-CCFB-4286-8314-412636D7065A}.Release|iPhoneSimulator.Build.0 = Release|iPhoneSimulator
		{6764092D-CCFB-4286-8314-412636D7065B}.Debug|iPhone.ActiveCfg = Debug|iPhone
		{6764092D-CCFB-4286-8314-412636D7065B}.Debug|iPhone.Build.0 = Debug|iPhone
		{6764092D-CCFB-4286-8314-412636D7065B}.Debug|iPhoneSimulator.ActiveCfg = Debug|iPhoneSimulator
		{6764092D-CCFB-4286-8314-412636D7065B}.Debug|iPhoneSimulator.Build.0 = Debug|iPhoneSimulator
		{6764092D-CCFB-4286-8314-412636D7065B}.Distribution|iPhone.ActiveCfg = Distribution|iPhone
		{6764092D-CCFB-4286-8314-412636D7065B}.Distribution|iPhone.Build.0 = Distribution|iPhone
		{6764092D-CCFB-4286-8314-412636D7065B}.Distribution|iPhoneSimulator.ActiveCfg = Distribution|iPhoneSimulator
		{6764092D-CCFB-4286-8314-412636D7065B}.Distribution|iPhoneSimulator.Build.0 = Distribution|iPhoneSimulator
		{6764092D-CCFB-4286-8314-412636D7065B}.Release|iPhone.ActiveCfg = Release|iPhone
		{6764092D-CCFB-4286-8314-412636D7065B}.Release|iPhone.Build.0 = Release|iPhone
		{6764092D-CCFB-4286-8314-412636D7065B}.Release|iPhoneSimulator.ActiveCfg = Release|iPhoneSimulator
		{6764092D-CCFB-4286-8314-412636D7065B}.Release|iPhoneSimulator.Build.0 = Release|iPhoneSimulator
		{6764092D-CCFB-4286-8314-412636D7065C}.Debug|iPhone.ActiveCfg = Debug|iPhone
		{6764092D-CCFB-4286-8314-412636D7065C}.Debug|iPhone.Build.0 = Debug|iPhone
		{6764092D-CCFB-4286-8314-412636D7065C}.Debug|iPhoneSimulator.ActiveCfg = Debug|iPhoneSimulator
		{6764092D-CCFB-4286-8314-412636D7065C}.Debug|iPhoneSimulator.Build.0 = Debug|iPhoneSimulator
		{6764092D-CCFB-4286-8314-412636D7065C}.Distribution|iPhone.ActiveCfg = Distribution|iPhone
		{6764092D-CCFB-4286-8314-412636D7065C}.Distribution|iPhone.Build.0 = Distribution|iPhone
		{6764092D-CCFB-4286-8314-412636D7065C}.Distribution|iPhoneSimulator.ActiveCfg = Distribution|iPhoneSimulator
		{6764092D-CCFB-4286-8314-412636D7065C}.Distribution|iPhoneSimulator.Build.0 = Distribution|iPhoneSimulator
		{6764092D-CCFB-4286-8314-412636D7065C}.Release|iPhone.ActiveCfg = Release|iPhone
		{6764092D-CCFB-4286-8314-412636D7065C}.Release|iPhone.Build.0 = Release|iPhone
		{6764092D-CCFB-4286-8314-412636D7065C}.Release|iPhoneSimulator.ActiveCfg = Release|iPhoneSimulator
		{6764092D-CCFB-4286-8314-412636D7065C}.Release|iPhoneSimulator.Build.0 = Release|iPhoneSimulator
		{6764092D-CCFB-4286-8314-412636D7065D}.Debug|iPhone.ActiveCfg = Debug|iPhone
		{6764092D-CCFB-4286-8314-412636D7065D}.Debug|iPhone.Build.0 = Debug|iPhone
		{6764092D-CCFB-4286-8314-412636D7065D}.Debug|iPhoneSimulator.ActiveCfg = Debug|iPhoneSimulator
		{6764092D-CCFB-4286-8314-412636D7065D}.Debug|iPhoneSimulator.Build.0 = Debug|iPhoneSimulator
		{6764092D-CCFB-4286-8314-412636D7065D}.Distribution|iPhone.ActiveCfg = Distribution|iPhone
		{6764092D-CCFB-4286-8314-412636D7065D}.Distribution|iPhone.Build.0 = Distribution|iPhone
		{6764092D-CCFB-4286-8314-412636D7065D}.Distribution|iPhoneSimulator.ActiveCfg = Distribution|iPhoneSimulator
		{6764092D-CCFB-4286-8314-412636D7065D}.Distribution|iPhoneSimulator.Build.0 = Distribution|iPhoneSimulator
		{6764092D-CCFB-4286-8314-412636D7065D}.Release|iPhone.ActiveCfg = Release|iPhone
		{6764092D-CCFB-4286-8314-412636D7065D}.Release|iPhone.Build.0 = Release|iPhone
		{6764092D-CCFB-4286-8314-412636D7065D}.Release|iPhoneSimulator.ActiveCfg = Release|iPhoneSimulator
		{6764092D-CCFB-4286-8314-412636D7065D}.Release|iPhoneSimulator.Build.0 = Release|iPhoneSimulator
		{6764092D-CCFB-4286-8314-412636D7065E}.Debug|iPhone.ActiveCfg = Debug|iPhone
		{6764092D-CCFB-4286-8314-412636D7065E}.Debug|iPhone.Build.0 = Debug|iPhone
		{6764092D-CCFB-4286-8314-412636D7065E}.Debug|iPhoneSimulator.ActiveCfg = Debug|iPhoneSimulator
		{6764092D-CCFB-4286-8314-412636D7065E}.Debug|iPhoneSimulator.Build.0 = Debug|iPhoneSimulator
		{6764092D-CCFB-4286-8314-412636D7065E}.Distribution|iPhone.ActiveCfg = Distribution|iPhone
		{6764092D-CCFB-4286-8314-412636D7065E}.Distribution|iPhone.Build.0 = Distribution|iPhone
		{6764092D-CCFB-4286-8314-412636D7065E}.Distribution|iPhoneSimulator.ActiveCfg = Distribution|iPhoneSimulator
		{6764092D-CCFB-4286-8314-412636D7065E}.Distribution|iPhoneSimulator.Build.0 = Distribution|iPhoneSimulator
		{6764092D-CCFB-4286-8314-412636D7065E}.Release|iPhone.ActiveCfg = Release|iPhone
		{6764092D-CCFB-4286-8314-412636D7065E}.Release|iPhone.Build.0 = Release|iPhone
		{6764092D-CCFB-4286-8314-412636D7065E}.Release|iPhoneSimulator.ActiveCfg = Release|iPhoneSimulator
		{6764092D-CCFB-4286-8314-412636D7065E}.Release|iPhoneSimulator.Build.0 = Release|iPhoneSimulator
		{6764092D-CCFB-4286-8314-412636D7065F}.Debug|iPhone.ActiveCfg = Debug|iPhone
		{6764092D-CCFB-4286-8314-412636D7065F}.Debug|iPhone.Build.0 = Debug|iPhone
		{6764092D-CCFB-4286-8314-412636D7065F}.Debug|iPhoneSimulator.ActiveCfg = Debug|iPhoneSimulator
		{6764092D-CCFB-4286-8314-412636D7065F}.Debug|iPhoneSimulator.Build.0 = Debug|iPhoneSimulator
		{6764092D-CCFB-4286-8314-412636D7065F}.Distribution|iPhone.ActiveCfg = Distribution|iPhone
		{6764092D-CCFB-4286-8314-412636D7065F}.Distribution|iPhone.Build.0 = Distribution|iPhone
		{6764092D-CCFB-4286-8314-412636D7065F}.Distribution|iPhoneSimulator.ActiveCfg = Distribution|iPhoneSimulator
		{6764092D-CCFB-4286-8314-412636D7065F}.Distribution|iPhoneSimulator.Build.0 = Distribution|iPhoneSimulator
		{6764092D-CCFB-4286-8314-412636D7065F}.Release|iPhone.ActiveCfg = Release|iPhone
		{6764092D-CCFB-4286-8314-412636D7065F}.Release|iPhone.Build.0 = Release|iPhone
		{6764092D-CCFB-4286-8314-412636D7065F}.Release|iPhoneSimulator.ActiveCfg = Release|iPhoneSimulator
		{6764092D-CCFB-4286-8314-412636D7065F}.Release|iPhoneSimulator.Build.0 = Release|iPhoneSimulator
		{82EECFA4-3AE4-4A7B-9D45-1C3F2B2F2B50}.Debug|iPhone.ActiveCfg = Debug|iPhone
		{82EECFA4-3AE4-4A7B-9D45-1C3F2B2F2B50}.Debug|iPhone.Build.0 = Debug|iPhone
		{82EECFA4-3AE4-4A7B-9D45-1C3F2B2F2B50}.Debug|iPhoneSimulator.ActiveCfg = Debug|iPhoneSimulator
		{82EECFA4-3AE4-4A7B-9D45-1C3F2B2F2B50}.Debug|iPhoneSimulator.Build.0 = Debug|iPhoneSimulator
		{82EECFA4-3AE4-4A7B-9D45-1C3F2B2F2B50}.Distribution|iPhone.ActiveCfg = Distribution|iPhone
		{82EECFA4-3AE4-4A7B-9D45-1C3F2B2F2B50}.Distribution|iPhone.Build.0 = Distribution|iPhone
		{82EECFA4-3AE4-4A7B-9D45-1C3F2B2F2B50}.Distribution|iPhoneSimulator.ActiveCfg = Distribution|iPhoneSimulator
		{82EECFA4-3AE4-4A7B-9D45-1C3F2B2F2B50}.Distribution|iPhoneSimulator.Build.0 = Distribution|iPhoneSimulator
		{82EECFA4-3AE4-4A7B-9D45-1C3F2B2F2B50}.Linux Debug|Any CPU.ActiveCfg = Debug|iPhoneSimulator
		{82EECFA4-3AE4-4A7B-9D45-1C3F2B2F2B50}.Linux Debug|Any CPU.Build.0 = Debug|iPhoneSimulator
		{82EECFA4-3AE4-4A7B-9D45-1C3F2B2F2B50}.Linux Release|Any CPU.ActiveCfg = Debug|iPhoneSimulator
		{82EECFA4-3AE4-4A7B-9D45-1C3F2B2F2B50}.Linux Release|Any CPU.Build.0 = Debug|iPhoneSimulator
		{82EECFA4-3AE4-4A7B-9D45-1C3F2B2F2B50}.Linux Trace|Any CPU.ActiveCfg = Debug|iPhoneSimulator
		{82EECFA4-3AE4-4A7B-9D45-1C3F2B2F2B50}.Linux Trace|Any CPU.Build.0 = Debug|iPhoneSimulator
		{82EECFA4-3AE4-4A7B-9D45-1C3F2B2F2B50}.MacOsX Debug|Any CPU.ActiveCfg = Debug|iPhoneSimulator
		{82EECFA4-3AE4-4A7B-9D45-1C3F2B2F2B50}.MacOsX Debug|Any CPU.Build.0 = Debug|iPhoneSimulator
		{82EECFA4-3AE4-4A7B-9D45-1C3F2B2F2B50}.MacOsX Release|Any CPU.ActiveCfg = Debug|iPhoneSimulator
		{82EECFA4-3AE4-4A7B-9D45-1C3F2B2F2B50}.MacOsX Release|Any CPU.Build.0 = Debug|iPhoneSimulator
		{82EECFA4-3AE4-4A7B-9D45-1C3F2B2F2B50}.MacOsX Trace|Any CPU.ActiveCfg = Debug|iPhoneSimulator
		{82EECFA4-3AE4-4A7B-9D45-1C3F2B2F2B50}.MacOsX Trace|Any CPU.Build.0 = Debug|iPhoneSimulator
		{82EECFA4-3AE4-4A7B-9D45-1C3F2B2F2B50}.Release|iPhone.ActiveCfg = Release|iPhone
		{82EECFA4-3AE4-4A7B-9D45-1C3F2B2F2B50}.Release|iPhone.Build.0 = Release|iPhone
		{82EECFA4-3AE4-4A7B-9D45-1C3F2B2F2B50}.Release|iPhoneSimulator.ActiveCfg = Release|iPhoneSimulator
		{82EECFA4-3AE4-4A7B-9D45-1C3F2B2F2B50}.Release|iPhoneSimulator.Build.0 = Release|iPhoneSimulator
		{82EECFA4-3AE4-4A7B-9D45-1C3F2B2F2B50}.Windows Debug|Any CPU.ActiveCfg = Debug|iPhoneSimulator
		{82EECFA4-3AE4-4A7B-9D45-1C3F2B2F2B50}.Windows Debug|Any CPU.Build.0 = Debug|iPhoneSimulator
		{82EECFA4-3AE4-4A7B-9D45-1C3F2B2F2B50}.Windows Release|Any CPU.ActiveCfg = Debug|iPhoneSimulator
		{82EECFA4-3AE4-4A7B-9D45-1C3F2B2F2B50}.Windows Release|Any CPU.Build.0 = Debug|iPhoneSimulator
		{82EECFA4-3AE4-4A7B-9D45-1C3F2B2F2B50}.Windows Trace|Any CPU.ActiveCfg = Debug|iPhoneSimulator
		{82EECFA4-3AE4-4A7B-9D45-1C3F2B2F2B50}.Windows Trace|Any CPU.Build.0 = Debug|iPhoneSimulator
		{9FD7E2EC-1192-4912-857B-EFF6E12A06EC}.Debug|iPhone.ActiveCfg = Debug|iPhone
		{9FD7E2EC-1192-4912-857B-EFF6E12A06EC}.Debug|iPhone.Build.0 = Debug|iPhone
		{9FD7E2EC-1192-4912-857B-EFF6E12A06EC}.Debug|iPhoneSimulator.ActiveCfg = Debug|iPhoneSimulator
		{9FD7E2EC-1192-4912-857B-EFF6E12A06EC}.Debug|iPhoneSimulator.Build.0 = Debug|iPhoneSimulator
		{9FD7E2EC-1192-4912-857B-EFF6E12A06EC}.Distribution|iPhone.ActiveCfg = Distribution|iPhone
		{9FD7E2EC-1192-4912-857B-EFF6E12A06EC}.Distribution|iPhone.Build.0 = Distribution|iPhone
		{9FD7E2EC-1192-4912-857B-EFF6E12A06EC}.Distribution|iPhoneSimulator.ActiveCfg = Distribution|iPhoneSimulator
		{9FD7E2EC-1192-4912-857B-EFF6E12A06EC}.Distribution|iPhoneSimulator.Build.0 = Distribution|iPhoneSimulator
		{9FD7E2EC-1192-4912-857B-EFF6E12A06EC}.Release|iPhone.ActiveCfg = Release|iPhone
		{9FD7E2EC-1192-4912-857B-EFF6E12A06EC}.Release|iPhone.Build.0 = Release|iPhone
		{9FD7E2EC-1192-4912-857B-EFF6E12A06EC}.Release|iPhoneSimulator.ActiveCfg = Release|iPhoneSimulator
		{9FD7E2EC-1192-4912-857B-EFF6E12A06EC}.Release|iPhoneSimulator.Build.0 = Release|iPhoneSimulator
		{B00E604C-CD3E-4DDE-9C24-51613E6409B9}.Debug|iPhone.ActiveCfg = Debug|iPhone
		{B00E604C-CD3E-4DDE-9C24-51613E6409B9}.Debug|iPhone.Build.0 = Debug|iPhone
		{B00E604C-CD3E-4DDE-9C24-51613E6409B9}.Debug|iPhoneSimulator.ActiveCfg = Debug|iPhoneSimulator
		{B00E604C-CD3E-4DDE-9C24-51613E6409B9}.Debug|iPhoneSimulator.Build.0 = Debug|iPhoneSimulator
		{B00E604C-CD3E-4DDE-9C24-51613E6409B9}.Distribution|iPhone.ActiveCfg = Distribution|iPhone
		{B00E604C-CD3E-4DDE-9C24-51613E6409B9}.Distribution|iPhone.Build.0 = Distribution|iPhone
		{B00E604C-CD3E-4DDE-9C24-51613E6409B9}.Distribution|iPhoneSimulator.ActiveCfg = Distribution|iPhoneSimulator
		{B00E604C-CD3E-4DDE-9C24-51613E6409B9}.Distribution|iPhoneSimulator.Build.0 = Distribution|iPhoneSimulator
		{B00E604C-CD3E-4DDE-9C24-51613E6409B9}.Release|iPhone.ActiveCfg = Release|iPhone
		{B00E604C-CD3E-4DDE-9C24-51613E6409B9}.Release|iPhone.Build.0 = Release|iPhone
		{B00E604C-CD3E-4DDE-9C24-51613E6409B9}.Release|iPhoneSimulator.ActiveCfg = Release|iPhoneSimulator
		{B00E604C-CD3E-4DDE-9C24-51613E6409B9}.Release|iPhoneSimulator.Build.0 = Release|iPhoneSimulator
		{CB19E03F-9014-4654-BAA7-45BB2EA0DDEE}.Debug|iPhone.ActiveCfg = Debug|iPhone
		{CB19E03F-9014-4654-BAA7-45BB2EA0DDEE}.Debug|iPhone.Build.0 = Debug|iPhone
		{CB19E03F-9014-4654-BAA7-45BB2EA0DDEE}.Debug|iPhoneSimulator.ActiveCfg = Debug|iPhoneSimulator
		{CB19E03F-9014-4654-BAA7-45BB2EA0DDEE}.Debug|iPhoneSimulator.Build.0 = Debug|iPhoneSimulator
		{CB19E03F-9014-4654-BAA7-45BB2EA0DDEE}.Distribution|iPhone.ActiveCfg = Distribution|iPhone
		{CB19E03F-9014-4654-BAA7-45BB2EA0DDEE}.Distribution|iPhone.Build.0 = Distribution|iPhone
		{CB19E03F-9014-4654-BAA7-45BB2EA0DDEE}.Distribution|iPhoneSimulator.ActiveCfg = Distribution|iPhoneSimulator
		{CB19E03F-9014-4654-BAA7-45BB2EA0DDEE}.Distribution|iPhoneSimulator.Build.0 = Distribution|iPhoneSimulator
		{CB19E03F-9014-4654-BAA7-45BB2EA0DDEE}.Release|iPhone.ActiveCfg = Release|iPhone
		{CB19E03F-9014-4654-BAA7-45BB2EA0DDEE}.Release|iPhone.Build.0 = Release|iPhone
		{CB19E03F-9014-4654-BAA7-45BB2EA0DDEE}.Release|iPhoneSimulator.ActiveCfg = Release|iPhoneSimulator
		{CB19E03F-9014-4654-BAA7-45BB2EA0DDEE}.Release|iPhoneSimulator.Build.0 = Release|iPhoneSimulator
		{CE61C5CB-180B-44A2-831C-E15889B61196}.Debug|iPhone.ActiveCfg = Debug|iPhone
		{CE61C5CB-180B-44A2-831C-E15889B61196}.Debug|iPhone.Build.0 = Debug|iPhone
		{CE61C5CB-180B-44A2-831C-E15889B61196}.Debug|iPhoneSimulator.ActiveCfg = Debug|iPhoneSimulator
		{CE61C5CB-180B-44A2-831C-E15889B61196}.Debug|iPhoneSimulator.Build.0 = Debug|iPhoneSimulator
		{CE61C5CB-180B-44A2-831C-E15889B61196}.Distribution|iPhone.ActiveCfg = Distribution|iPhone
		{CE61C5CB-180B-44A2-831C-E15889B61196}.Distribution|iPhone.Build.0 = Distribution|iPhone
		{CE61C5CB-180B-44A2-831C-E15889B61196}.Distribution|iPhoneSimulator.ActiveCfg = Distribution|iPhoneSimulator
		{CE61C5CB-180B-44A2-831C-E15889B61196}.Distribution|iPhoneSimulator.Build.0 = Distribution|iPhoneSimulator
		{CE61C5CB-180B-44A2-831C-E15889B61196}.Release|iPhone.ActiveCfg = Release|iPhone
		{CE61C5CB-180B-44A2-831C-E15889B61196}.Release|iPhone.Build.0 = Release|iPhone
		{CE61C5CB-180B-44A2-831C-E15889B61196}.Release|iPhoneSimulator.ActiveCfg = Release|iPhoneSimulator
		{CE61C5CB-180B-44A2-831C-E15889B61196}.Release|iPhoneSimulator.Build.0 = Release|iPhoneSimulator
		{D4007AEC-E0D6-4FCD-B275-E6247FC5331C}.Debug|iPhone.ActiveCfg = Debug|iPhone
		{D4007AEC-E0D6-4FCD-B275-E6247FC5331C}.Debug|iPhone.Build.0 = Debug|iPhone
		{D4007AEC-E0D6-4FCD-B275-E6247FC5331C}.Debug|iPhoneSimulator.ActiveCfg = Debug|iPhoneSimulator
		{D4007AEC-E0D6-4FCD-B275-E6247FC5331C}.Debug|iPhoneSimulator.Build.0 = Debug|iPhoneSimulator
		{D4007AEC-E0D6-4FCD-B275-E6247FC5331C}.Distribution|iPhone.ActiveCfg = Distribution|iPhone
		{D4007AEC-E0D6-4FCD-B275-E6247FC5331C}.Distribution|iPhone.Build.0 = Distribution|iPhone
		{D4007AEC-E0D6-4FCD-B275-E6247FC5331C}.Distribution|iPhoneSimulator.ActiveCfg = Distribution|iPhoneSimulator
		{D4007AEC-E0D6-4FCD-B275-E6247FC5331C}.Distribution|iPhoneSimulator.Build.0 = Distribution|iPhoneSimulator
		{D4007AEC-E0D6-4FCD-B275-E6247FC5331C}.Release|iPhone.ActiveCfg = Release|iPhone
		{D4007AEC-E0D6-4FCD-B275-E6247FC5331C}.Release|iPhone.Build.0 = Release|iPhone
		{D4007AEC-E0D6-4FCD-B275-E6247FC5331C}.Release|iPhoneSimulator.ActiveCfg = Release|iPhoneSimulator
		{D4007AEC-E0D6-4FCD-B275-E6247FC5331C}.Release|iPhoneSimulator.Build.0 = Release|iPhoneSimulator
		{DAEF25A9-376B-4139-BCEA-2BCAF72FD7A9}.Debug|iPhone.ActiveCfg = Debug|iPhone
		{DAEF25A9-376B-4139-BCEA-2BCAF72FD7A9}.Debug|iPhone.Build.0 = Debug|iPhone
		{DAEF25A9-376B-4139-BCEA-2BCAF72FD7A9}.Debug|iPhoneSimulator.ActiveCfg = Debug|iPhoneSimulator
		{DAEF25A9-376B-4139-BCEA-2BCAF72FD7A9}.Debug|iPhoneSimulator.Build.0 = Debug|iPhoneSimulator
		{DAEF25A9-376B-4139-BCEA-2BCAF72FD7A9}.Distribution|iPhone.ActiveCfg = Distribution|iPhone
		{DAEF25A9-376B-4139-BCEA-2BCAF72FD7A9}.Distribution|iPhone.Build.0 = Distribution|iPhone
		{DAEF25A9-376B-4139-BCEA-2BCAF72FD7A9}.Distribution|iPhoneSimulator.ActiveCfg = Distribution|iPhoneSimulator
		{DAEF25A9-376B-4139-BCEA-2BCAF72FD7A9}.Distribution|iPhoneSimulator.Build.0 = Distribution|iPhoneSimulator
		{DAEF25A9-376B-4139-BCEA-2BCAF72FD7A9}.Release|iPhone.ActiveCfg = Release|iPhone
		{DAEF25A9-376B-4139-BCEA-2BCAF72FD7A9}.Release|iPhone.Build.0 = Release|iPhone
		{DAEF25A9-376B-4139-BCEA-2BCAF72FD7A9}.Release|iPhoneSimulator.ActiveCfg = Release|iPhoneSimulator
		{DAEF25A9-376B-4139-BCEA-2BCAF72FD7A9}.Release|iPhoneSimulator.Build.0 = Release|iPhoneSimulator
		{DCFC3AAA-F43C-42F8-ACC6-2EEE78C2AC2A}.Ad-Hoc|iPhone.ActiveCfg = Debug|iPhone
		{DCFC3AAA-F43C-42F8-ACC6-2EEE78C2AC2A}.Ad-Hoc|iPhone.Build.0 = Debug|iPhone
		{DCFC3AAA-F43C-42F8-ACC6-2EEE78C2AC2A}.AppStore|iPhone.ActiveCfg = Debug|iPhone
		{DCFC3AAA-F43C-42F8-ACC6-2EEE78C2AC2A}.AppStore|iPhone.Build.0 = Debug|iPhone
		{DCFC3AAA-F43C-42F8-ACC6-2EEE78C2AC2A}.Debug|iPhone.ActiveCfg = Debug|iPhone
		{DCFC3AAA-F43C-42F8-ACC6-2EEE78C2AC2A}.Debug|iPhone.Build.0 = Debug|iPhone
		{DCFC3AAA-F43C-42F8-ACC6-2EEE78C2AC2A}.Debug|iPhoneSimulator.ActiveCfg = Debug|iPhoneSimulator
		{DCFC3AAA-F43C-42F8-ACC6-2EEE78C2AC2A}.Debug|iPhoneSimulator.Build.0 = Debug|iPhoneSimulator
		{DCFC3AAA-F43C-42F8-ACC6-2EEE78C2AC2A}.Distribution|iPhone.ActiveCfg = Distribution|iPhone
		{DCFC3AAA-F43C-42F8-ACC6-2EEE78C2AC2A}.Distribution|iPhone.Build.0 = Distribution|iPhone
		{DCFC3AAA-F43C-42F8-ACC6-2EEE78C2AC2A}.Distribution|iPhoneSimulator.ActiveCfg = Distribution|iPhoneSimulator
		{DCFC3AAA-F43C-42F8-ACC6-2EEE78C2AC2A}.Distribution|iPhoneSimulator.Build.0 = Distribution|iPhoneSimulator
		{DCFC3AAA-F43C-42F8-ACC6-2EEE78C2AC2A}.Linux Debug|Any CPU.ActiveCfg = Debug|iPhoneSimulator
		{DCFC3AAA-F43C-42F8-ACC6-2EEE78C2AC2A}.Linux Debug|Any CPU.Build.0 = Debug|iPhoneSimulator
		{DCFC3AAA-F43C-42F8-ACC6-2EEE78C2AC2A}.Linux Release|Any CPU.ActiveCfg = Debug|iPhoneSimulator
		{DCFC3AAA-F43C-42F8-ACC6-2EEE78C2AC2A}.Linux Release|Any CPU.Build.0 = Debug|iPhoneSimulator
		{DCFC3AAA-F43C-42F8-ACC6-2EEE78C2AC2A}.Linux Trace|Any CPU.ActiveCfg = Debug|iPhoneSimulator
		{DCFC3AAA-F43C-42F8-ACC6-2EEE78C2AC2A}.Linux Trace|Any CPU.Build.0 = Debug|iPhoneSimulator
		{DCFC3AAA-F43C-42F8-ACC6-2EEE78C2AC2A}.MacOsX Debug|Any CPU.ActiveCfg = Debug|iPhoneSimulator
		{DCFC3AAA-F43C-42F8-ACC6-2EEE78C2AC2A}.MacOsX Debug|Any CPU.Build.0 = Debug|iPhoneSimulator
		{DCFC3AAA-F43C-42F8-ACC6-2EEE78C2AC2A}.MacOsX Release|Any CPU.ActiveCfg = Debug|iPhoneSimulator
		{DCFC3AAA-F43C-42F8-ACC6-2EEE78C2AC2A}.MacOsX Release|Any CPU.Build.0 = Debug|iPhoneSimulator
		{DCFC3AAA-F43C-42F8-ACC6-2EEE78C2AC2A}.MacOsX Trace|Any CPU.ActiveCfg = Debug|iPhoneSimulator
		{DCFC3AAA-F43C-42F8-ACC6-2EEE78C2AC2A}.MacOsX Trace|Any CPU.Build.0 = Debug|iPhoneSimulator
		{DCFC3AAA-F43C-42F8-ACC6-2EEE78C2AC2A}.Release|iPhone.ActiveCfg = Release|iPhone
		{DCFC3AAA-F43C-42F8-ACC6-2EEE78C2AC2A}.Release|iPhone.Build.0 = Release|iPhone
		{DCFC3AAA-F43C-42F8-ACC6-2EEE78C2AC2A}.Release|iPhoneSimulator.ActiveCfg = Release|iPhoneSimulator
		{DCFC3AAA-F43C-42F8-ACC6-2EEE78C2AC2A}.Release|iPhoneSimulator.Build.0 = Release|iPhoneSimulator
		{DCFC3AAA-F43C-42F8-ACC6-2EEE78C2AC2A}.Windows Debug|Any CPU.ActiveCfg = Debug|iPhoneSimulator
		{DCFC3AAA-F43C-42F8-ACC6-2EEE78C2AC2A}.Windows Debug|Any CPU.Build.0 = Debug|iPhoneSimulator
		{DCFC3AAA-F43C-42F8-ACC6-2EEE78C2AC2A}.Windows Release|Any CPU.ActiveCfg = Debug|iPhoneSimulator
		{DCFC3AAA-F43C-42F8-ACC6-2EEE78C2AC2A}.Windows Release|Any CPU.Build.0 = Debug|iPhoneSimulator
		{DCFC3AAA-F43C-42F8-ACC6-2EEE78C2AC2A}.Windows Trace|Any CPU.ActiveCfg = Debug|iPhoneSimulator
		{DCFC3AAA-F43C-42F8-ACC6-2EEE78C2AC2A}.Windows Trace|Any CPU.Build.0 = Debug|iPhoneSimulator
		{FADD2631-1259-4A92-B87F-69A4364AE7B6}.Debug|iPhone.ActiveCfg = Debug|iPhone
		{FADD2631-1259-4A92-B87F-69A4364AE7B6}.Debug|iPhone.Build.0 = Debug|iPhone
		{FADD2631-1259-4A92-B87F-69A4364AE7B6}.Debug|iPhoneSimulator.ActiveCfg = Debug|iPhoneSimulator
		{FADD2631-1259-4A92-B87F-69A4364AE7B6}.Debug|iPhoneSimulator.Build.0 = Debug|iPhoneSimulator
		{FADD2631-1259-4A92-B87F-69A4364AE7B6}.Distribution|iPhone.ActiveCfg = Distribution|iPhone
		{FADD2631-1259-4A92-B87F-69A4364AE7B6}.Distribution|iPhone.Build.0 = Distribution|iPhone
		{FADD2631-1259-4A92-B87F-69A4364AE7B6}.Distribution|iPhoneSimulator.ActiveCfg = Distribution|iPhoneSimulator
		{FADD2631-1259-4A92-B87F-69A4364AE7B6}.Distribution|iPhoneSimulator.Build.0 = Distribution|iPhoneSimulator
		{FADD2631-1259-4A92-B87F-69A4364AE7B6}.Release|iPhone.ActiveCfg = Release|iPhone
		{FADD2631-1259-4A92-B87F-69A4364AE7B6}.Release|iPhone.Build.0 = Release|iPhone
		{FADD2631-1259-4A92-B87F-69A4364AE7B6}.Release|iPhoneSimulator.ActiveCfg = Release|iPhoneSimulator
		{FADD2631-1259-4A92-B87F-69A4364AE7B6}.Release|iPhoneSimulator.Build.0 = Release|iPhoneSimulator
	EndGlobalSection
	GlobalSection(MonoDevelopProperties) = preSolution
		StartupItem = KinskyTouch\KinskyTouch.csproj
		Policies = $0
		$0.DotNetNamingPolicy = $1
		$1.DirectoryNamespaceAssociation = None
		$1.ResourceNamePolicy = FileFormatDefault
	EndGlobalSection
EndGlobal
