
Microsoft Visual Studio Solution File, Format Version 11.00
# Visual Studio 2010
Project("{FAE04EC0-301F-11D3-BF4B-00C04F79EFBC}") = "Wizard", "Wizard\Wizard.csproj", "{D0A77B80-0305-40F3-8C45-EF149B3C5703}"
EndProject
Project("{FAE04EC0-301F-11D3-BF4B-00C04F79EFBC}") = "OssControl", "OssControl\OssControl.csproj", "{1D1891B8-F223-4493-8E1C-D095FBDB540C}"
EndProject
Project("{FAE04EC0-301F-11D3-BF4B-00C04F79EFBC}") = "OssCore", "OssCore\OssCore.csproj", "{ED80C071-32F7-4B26-B271-52A163AFB43D}"
EndProject
Project("{FAE04EC0-301F-11D3-BF4B-00C04F79EFBC}") = "OssDidlLite", "OssDidlLite\OssDidlLite.csproj", "{D07487C1-8D3F-43C8-BE1B-C1BFB5B2C562}"
EndProject
Project("{FAE04EC0-301F-11D3-BF4B-00C04F79EFBC}") = "OssKinsky", "OssKinsky\OssKinsky.csproj", "{065E68F0-F588-4D65-9FFF-04E1869CBDEF}"
EndProject
Project("{FAE04EC0-301F-11D3-BF4B-00C04F79EFBC}") = "OssProductSupport", "OssProductSupport\OssProductSupport.csproj", "{A5DF2109-5A06-4A92-ACFF-4CF9A066D461}"
EndProject
Project("{FAE04EC0-301F-11D3-BF4B-00C04F79EFBC}") = "OssServices", "OssServices\OssServices.csproj", "{084A5442-3B6C-458D-BE7E-F48FBD74AB0A}"
EndProject
Project("{FAE04EC0-301F-11D3-BF4B-00C04F79EFBC}") = "OssSysLib", "OssSysLib\OssSysLib.csproj", "{755ACE40-6CE2-4386-BF88-E63BCDFED1EB}"
EndProject
Project("{FAE04EC0-301F-11D3-BF4B-00C04F79EFBC}") = "OssTopology", "OssTopology\OssTopology.csproj", "{DDD50783-4131-4138-85E6-72377C232B1C}"
EndProject
Project("{FAE04EC0-301F-11D3-BF4B-00C04F79EFBC}") = "XmlLayout", "XmlLayout\XmlLayout.csproj", "{7B949BAF-2D7B-46D8-B471-74FB77E5CF78}"
EndProject
Project("{FAE04EC0-301F-11D3-BF4B-00C04F79EFBC}") = "XmlRom", "XmlRom\XmlRom.csproj", "{5B22915C-E24E-4235-A61E-037D8BF0521F}"
EndProject
Project("{FAE04EC0-301F-11D3-BF4B-00C04F79EFBC}") = "XmlRomCollection", "XmlRomCollection\XmlRomCollection.csproj", "{0C5892E4-556F-447C-A6B3-5EC8C2FAB666}"
EndProject
Project("{FAE04EC0-301F-11D3-BF4B-00C04F79EFBC}") = "XmlTags", "XmlTags\XmlTags.csproj", "{4853E3E0-A519-4D2D-9DBB-E9749EDAAEA6}"
EndProject
Project("{FAE04EC0-301F-11D3-BF4B-00C04F79EFBC}") = "OssToolkitWpf", "OssToolkitWpf\OssToolkitWpf.csproj", "{B7939F7A-0433-4685-9799-B7AB45FBA1E0}"
EndProject
Global
	GlobalSection(SolutionConfigurationPlatforms) = preSolution
		Debug|Any CPU = Debug|Any CPU
		Debug|Mixed Platforms = Debug|Mixed Platforms
		Debug|x86 = Debug|x86
		Linux Debug|Any CPU = Linux Debug|Any CPU
		Linux Debug|Mixed Platforms = Linux Debug|Mixed Platforms
		Linux Debug|x86 = Linux Debug|x86
		Linux Release|Any CPU = Linux Release|Any CPU
		Linux Release|Mixed Platforms = Linux Release|Mixed Platforms
		Linux Release|x86 = Linux Release|x86
		Linux Trace|Any CPU = Linux Trace|Any CPU
		Linux Trace|Mixed Platforms = Linux Trace|Mixed Platforms
		Linux Trace|x86 = Linux Trace|x86
		MacOsX Debug|Any CPU = MacOsX Debug|Any CPU
		MacOsX Debug|Mixed Platforms = MacOsX Debug|Mixed Platforms
		MacOsX Debug|x86 = MacOsX Debug|x86
		MacOsX Release|Any CPU = MacOsX Release|Any CPU
		MacOsX Release|Mixed Platforms = MacOsX Release|Mixed Platforms
		MacOsX Release|x86 = MacOsX Release|x86
		MacOsX Trace|Any CPU = MacOsX Trace|Any CPU
		MacOsX Trace|Mixed Platforms = MacOsX Trace|Mixed Platforms
		MacOsX Trace|x86 = MacOsX Trace|x86
		Release|Any CPU = Release|Any CPU
		Release|Mixed Platforms = Release|Mixed Platforms
		Release|x86 = Release|x86
		Windows Debug|Any CPU = Windows Debug|Any CPU
		Windows Debug|Mixed Platforms = Windows Debug|Mixed Platforms
		Windows Debug|x86 = Windows Debug|x86
		Windows Release|Any CPU = Windows Release|Any CPU
		Windows Release|Mixed Platforms = Windows Release|Mixed Platforms
		Windows Release|x86 = Windows Release|x86
		Windows Trace|Any CPU = Windows Trace|Any CPU
		Windows Trace|Mixed Platforms = Windows Trace|Mixed Platforms
		Windows Trace|x86 = Windows Trace|x86
	EndGlobalSection
	GlobalSection(ProjectConfigurationPlatforms) = postSolution
		{D0A77B80-0305-40F3-8C45-EF149B3C5703}.Debug|Any CPU.ActiveCfg = MacOsX Debug|Any CPU
		{D0A77B80-0305-40F3-8C45-EF149B3C5703}.Debug|Any CPU.Build.0 = MacOsX Debug|Any CPU
		{D0A77B80-0305-40F3-8C45-EF149B3C5703}.Debug|Mixed Platforms.ActiveCfg = Windows Debug|Any CPU
		{D0A77B80-0305-40F3-8C45-EF149B3C5703}.Debug|Mixed Platforms.Build.0 = Windows Debug|Any CPU
		{D0A77B80-0305-40F3-8C45-EF149B3C5703}.Debug|x86.ActiveCfg = MacOsX Release|Any CPU
		{D0A77B80-0305-40F3-8C45-EF149B3C5703}.Linux Debug|Any CPU.ActiveCfg = Linux Debug|Any CPU
		{D0A77B80-0305-40F3-8C45-EF149B3C5703}.Linux Debug|Any CPU.Build.0 = Linux Debug|Any CPU
		{D0A77B80-0305-40F3-8C45-EF149B3C5703}.Linux Debug|Mixed Platforms.ActiveCfg = Linux Debug|Any CPU
		{D0A77B80-0305-40F3-8C45-EF149B3C5703}.Linux Debug|Mixed Platforms.Build.0 = Linux Debug|Any CPU
		{D0A77B80-0305-40F3-8C45-EF149B3C5703}.Linux Debug|x86.ActiveCfg = Linux Debug|Any CPU
		{D0A77B80-0305-40F3-8C45-EF149B3C5703}.Linux Release|Any CPU.ActiveCfg = Linux Release|Any CPU
		{D0A77B80-0305-40F3-8C45-EF149B3C5703}.Linux Release|Any CPU.Build.0 = Linux Release|Any CPU
		{D0A77B80-0305-40F3-8C45-EF149B3C5703}.Linux Release|Mixed Platforms.ActiveCfg = Linux Release|Any CPU
		{D0A77B80-0305-40F3-8C45-EF149B3C5703}.Linux Release|Mixed Platforms.Build.0 = Linux Release|Any CPU
		{D0A77B80-0305-40F3-8C45-EF149B3C5703}.Linux Release|x86.ActiveCfg = Linux Release|Any CPU
		{D0A77B80-0305-40F3-8C45-EF149B3C5703}.Linux Trace|Any CPU.ActiveCfg = Linux Trace|Any CPU
		{D0A77B80-0305-40F3-8C45-EF149B3C5703}.Linux Trace|Any CPU.Build.0 = Linux Trace|Any CPU
		{D0A77B80-0305-40F3-8C45-EF149B3C5703}.Linux Trace|Mixed Platforms.ActiveCfg = Linux Trace|Any CPU
		{D0A77B80-0305-40F3-8C45-EF149B3C5703}.Linux Trace|Mixed Platforms.Build.0 = Linux Trace|Any CPU
		{D0A77B80-0305-40F3-8C45-EF149B3C5703}.Linux Trace|x86.ActiveCfg = Linux Trace|Any CPU
		{D0A77B80-0305-40F3-8C45-EF149B3C5703}.MacOsX Debug|Any CPU.ActiveCfg = MacOsX Debug|Any CPU
		{D0A77B80-0305-40F3-8C45-EF149B3C5703}.MacOsX Debug|Any CPU.Build.0 = MacOsX Debug|Any CPU
		{D0A77B80-0305-40F3-8C45-EF149B3C5703}.MacOsX Debug|Mixed Platforms.ActiveCfg = MacOsX Debug|Any CPU
		{D0A77B80-0305-40F3-8C45-EF149B3C5703}.MacOsX Debug|Mixed Platforms.Build.0 = MacOsX Debug|Any CPU
		{D0A77B80-0305-40F3-8C45-EF149B3C5703}.MacOsX Debug|x86.ActiveCfg = MacOsX Debug|Any CPU
		{D0A77B80-0305-40F3-8C45-EF149B3C5703}.MacOsX Release|Any CPU.ActiveCfg = MacOsX Release|Any CPU
		{D0A77B80-0305-40F3-8C45-EF149B3C5703}.MacOsX Release|Any CPU.Build.0 = MacOsX Release|Any CPU
		{D0A77B80-0305-40F3-8C45-EF149B3C5703}.MacOsX Release|Mixed Platforms.ActiveCfg = MacOsX Release|Any CPU
		{D0A77B80-0305-40F3-8C45-EF149B3C5703}.MacOsX Release|Mixed Platforms.Build.0 = MacOsX Release|Any CPU
		{D0A77B80-0305-40F3-8C45-EF149B3C5703}.MacOsX Release|x86.ActiveCfg = MacOsX Release|Any CPU
		{D0A77B80-0305-40F3-8C45-EF149B3C5703}.MacOsX Trace|Any CPU.ActiveCfg = MacOsX Trace|Any CPU
		{D0A77B80-0305-40F3-8C45-EF149B3C5703}.MacOsX Trace|Any CPU.Build.0 = MacOsX Trace|Any CPU
		{D0A77B80-0305-40F3-8C45-EF149B3C5703}.MacOsX Trace|Mixed Platforms.ActiveCfg = MacOsX Trace|Any CPU
		{D0A77B80-0305-40F3-8C45-EF149B3C5703}.MacOsX Trace|Mixed Platforms.Build.0 = MacOsX Trace|Any CPU
		{D0A77B80-0305-40F3-8C45-EF149B3C5703}.MacOsX Trace|x86.ActiveCfg = MacOsX Trace|Any CPU
		{D0A77B80-0305-40F3-8C45-EF149B3C5703}.Release|Any CPU.ActiveCfg = MacOsX Release|Any CPU
		{D0A77B80-0305-40F3-8C45-EF149B3C5703}.Release|Any CPU.Build.0 = MacOsX Release|Any CPU
		{D0A77B80-0305-40F3-8C45-EF149B3C5703}.Release|Mixed Platforms.ActiveCfg = MacOsX Release|Any CPU
		{D0A77B80-0305-40F3-8C45-EF149B3C5703}.Release|Mixed Platforms.Build.0 = MacOsX Release|Any CPU
		{D0A77B80-0305-40F3-8C45-EF149B3C5703}.Release|x86.ActiveCfg = MacOsX Release|Any CPU
		{D0A77B80-0305-40F3-8C45-EF149B3C5703}.Windows Debug|Any CPU.ActiveCfg = Windows Debug|Any CPU
		{D0A77B80-0305-40F3-8C45-EF149B3C5703}.Windows Debug|Any CPU.Build.0 = Windows Debug|Any CPU
		{D0A77B80-0305-40F3-8C45-EF149B3C5703}.Windows Debug|Mixed Platforms.ActiveCfg = Windows Debug|Any CPU
		{D0A77B80-0305-40F3-8C45-EF149B3C5703}.Windows Debug|Mixed Platforms.Build.0 = Windows Debug|Any CPU
		{D0A77B80-0305-40F3-8C45-EF149B3C5703}.Windows Debug|x86.ActiveCfg = Windows Debug|Any CPU
		{D0A77B80-0305-40F3-8C45-EF149B3C5703}.Windows Release|Any CPU.ActiveCfg = Windows Release|Any CPU
		{D0A77B80-0305-40F3-8C45-EF149B3C5703}.Windows Release|Any CPU.Build.0 = Windows Release|Any CPU
		{D0A77B80-0305-40F3-8C45-EF149B3C5703}.Windows Release|Mixed Platforms.ActiveCfg = Windows Release|Any CPU
		{D0A77B80-0305-40F3-8C45-EF149B3C5703}.Windows Release|Mixed Platforms.Build.0 = Windows Release|Any CPU
		{D0A77B80-0305-40F3-8C45-EF149B3C5703}.Windows Release|x86.ActiveCfg = Windows Release|Any CPU
		{D0A77B80-0305-40F3-8C45-EF149B3C5703}.Windows Trace|Any CPU.ActiveCfg = Windows Trace|Any CPU
		{D0A77B80-0305-40F3-8C45-EF149B3C5703}.Windows Trace|Any CPU.Build.0 = Windows Trace|Any CPU
		{D0A77B80-0305-40F3-8C45-EF149B3C5703}.Windows Trace|Mixed Platforms.ActiveCfg = Windows Trace|Any CPU
		{D0A77B80-0305-40F3-8C45-EF149B3C5703}.Windows Trace|Mixed Platforms.Build.0 = Windows Trace|Any CPU
		{D0A77B80-0305-40F3-8C45-EF149B3C5703}.Windows Trace|x86.ActiveCfg = Windows Trace|Any CPU
		{1D1891B8-F223-4493-8E1C-D095FBDB540C}.Debug|Any CPU.ActiveCfg = MacOsX Debug|Any CPU
		{1D1891B8-F223-4493-8E1C-D095FBDB540C}.Debug|Any CPU.Build.0 = MacOsX Debug|Any CPU
		{1D1891B8-F223-4493-8E1C-D095FBDB540C}.Debug|Mixed Platforms.ActiveCfg = MacOsX Release|Any CPU
		{1D1891B8-F223-4493-8E1C-D095FBDB540C}.Debug|Mixed Platforms.Build.0 = MacOsX Release|Any CPU
		{1D1891B8-F223-4493-8E1C-D095FBDB540C}.Debug|x86.ActiveCfg = MacOsX Release|Any CPU
		{1D1891B8-F223-4493-8E1C-D095FBDB540C}.Linux Debug|Any CPU.ActiveCfg = Linux Debug|Any CPU
		{1D1891B8-F223-4493-8E1C-D095FBDB540C}.Linux Debug|Any CPU.Build.0 = Linux Debug|Any CPU
		{1D1891B8-F223-4493-8E1C-D095FBDB540C}.Linux Debug|Mixed Platforms.ActiveCfg = Linux Debug|Any CPU
		{1D1891B8-F223-4493-8E1C-D095FBDB540C}.Linux Debug|Mixed Platforms.Build.0 = Linux Debug|Any CPU
		{1D1891B8-F223-4493-8E1C-D095FBDB540C}.Linux Debug|x86.ActiveCfg = Linux Debug|Any CPU
		{1D1891B8-F223-4493-8E1C-D095FBDB540C}.Linux Release|Any CPU.ActiveCfg = Linux Release|Any CPU
		{1D1891B8-F223-4493-8E1C-D095FBDB540C}.Linux Release|Any CPU.Build.0 = Linux Release|Any CPU
		{1D1891B8-F223-4493-8E1C-D095FBDB540C}.Linux Release|Mixed Platforms.ActiveCfg = Linux Release|Any CPU
		{1D1891B8-F223-4493-8E1C-D095FBDB540C}.Linux Release|Mixed Platforms.Build.0 = Linux Release|Any CPU
		{1D1891B8-F223-4493-8E1C-D095FBDB540C}.Linux Release|x86.ActiveCfg = Linux Release|Any CPU
		{1D1891B8-F223-4493-8E1C-D095FBDB540C}.Linux Trace|Any CPU.ActiveCfg = Linux Trace|Any CPU
		{1D1891B8-F223-4493-8E1C-D095FBDB540C}.Linux Trace|Any CPU.Build.0 = Linux Trace|Any CPU
		{1D1891B8-F223-4493-8E1C-D095FBDB540C}.Linux Trace|Mixed Platforms.ActiveCfg = Linux Trace|Any CPU
		{1D1891B8-F223-4493-8E1C-D095FBDB540C}.Linux Trace|Mixed Platforms.Build.0 = Linux Trace|Any CPU
		{1D1891B8-F223-4493-8E1C-D095FBDB540C}.Linux Trace|x86.ActiveCfg = Linux Trace|Any CPU
		{1D1891B8-F223-4493-8E1C-D095FBDB540C}.MacOsX Debug|Any CPU.ActiveCfg = MacOsX Debug|Any CPU
		{1D1891B8-F223-4493-8E1C-D095FBDB540C}.MacOsX Debug|Any CPU.Build.0 = MacOsX Debug|Any CPU
		{1D1891B8-F223-4493-8E1C-D095FBDB540C}.MacOsX Debug|Mixed Platforms.ActiveCfg = MacOsX Debug|Any CPU
		{1D1891B8-F223-4493-8E1C-D095FBDB540C}.MacOsX Debug|Mixed Platforms.Build.0 = MacOsX Debug|Any CPU
		{1D1891B8-F223-4493-8E1C-D095FBDB540C}.MacOsX Debug|x86.ActiveCfg = MacOsX Debug|Any CPU
		{1D1891B8-F223-4493-8E1C-D095FBDB540C}.MacOsX Release|Any CPU.ActiveCfg = MacOsX Release|Any CPU
		{1D1891B8-F223-4493-8E1C-D095FBDB540C}.MacOsX Release|Any CPU.Build.0 = MacOsX Release|Any CPU
		{1D1891B8-F223-4493-8E1C-D095FBDB540C}.MacOsX Release|Mixed Platforms.ActiveCfg = MacOsX Release|Any CPU
		{1D1891B8-F223-4493-8E1C-D095FBDB540C}.MacOsX Release|Mixed Platforms.Build.0 = MacOsX Release|Any CPU
		{1D1891B8-F223-4493-8E1C-D095FBDB540C}.MacOsX Release|x86.ActiveCfg = MacOsX Release|Any CPU
		{1D1891B8-F223-4493-8E1C-D095FBDB540C}.MacOsX Trace|Any CPU.ActiveCfg = MacOsX Trace|Any CPU
		{1D1891B8-F223-4493-8E1C-D095FBDB540C}.MacOsX Trace|Any CPU.Build.0 = MacOsX Trace|Any CPU
		{1D1891B8-F223-4493-8E1C-D095FBDB540C}.MacOsX Trace|Mixed Platforms.ActiveCfg = MacOsX Trace|Any CPU
		{1D1891B8-F223-4493-8E1C-D095FBDB540C}.MacOsX Trace|Mixed Platforms.Build.0 = MacOsX Trace|Any CPU
		{1D1891B8-F223-4493-8E1C-D095FBDB540C}.MacOsX Trace|x86.ActiveCfg = MacOsX Trace|Any CPU
		{1D1891B8-F223-4493-8E1C-D095FBDB540C}.Release|Any CPU.ActiveCfg = MacOsX Release|Any CPU
		{1D1891B8-F223-4493-8E1C-D095FBDB540C}.Release|Any CPU.Build.0 = MacOsX Release|Any CPU
		{1D1891B8-F223-4493-8E1C-D095FBDB540C}.Release|Mixed Platforms.ActiveCfg = MacOsX Release|Any CPU
		{1D1891B8-F223-4493-8E1C-D095FBDB540C}.Release|Mixed Platforms.Build.0 = MacOsX Release|Any CPU
		{1D1891B8-F223-4493-8E1C-D095FBDB540C}.Release|x86.ActiveCfg = MacOsX Release|Any CPU
		{1D1891B8-F223-4493-8E1C-D095FBDB540C}.Windows Debug|Any CPU.ActiveCfg = Windows Debug|Any CPU
		{1D1891B8-F223-4493-8E1C-D095FBDB540C}.Windows Debug|Any CPU.Build.0 = Windows Debug|Any CPU
		{1D1891B8-F223-4493-8E1C-D095FBDB540C}.Windows Debug|Mixed Platforms.ActiveCfg = Windows Debug|Any CPU
		{1D1891B8-F223-4493-8E1C-D095FBDB540C}.Windows Debug|Mixed Platforms.Build.0 = Windows Debug|Any CPU
		{1D1891B8-F223-4493-8E1C-D095FBDB540C}.Windows Debug|x86.ActiveCfg = Windows Debug|Any CPU
		{1D1891B8-F223-4493-8E1C-D095FBDB540C}.Windows Release|Any CPU.ActiveCfg = Windows Release|Any CPU
		{1D1891B8-F223-4493-8E1C-D095FBDB540C}.Windows Release|Any CPU.Build.0 = Windows Release|Any CPU
		{1D1891B8-F223-4493-8E1C-D095FBDB540C}.Windows Release|Mixed Platforms.ActiveCfg = Windows Release|Any CPU
		{1D1891B8-F223-4493-8E1C-D095FBDB540C}.Windows Release|Mixed Platforms.Build.0 = Windows Release|Any CPU
		{1D1891B8-F223-4493-8E1C-D095FBDB540C}.Windows Release|x86.ActiveCfg = Windows Release|Any CPU
		{1D1891B8-F223-4493-8E1C-D095FBDB540C}.Windows Trace|Any CPU.ActiveCfg = Windows Trace|Any CPU
		{1D1891B8-F223-4493-8E1C-D095FBDB540C}.Windows Trace|Any CPU.Build.0 = Windows Trace|Any CPU
		{1D1891B8-F223-4493-8E1C-D095FBDB540C}.Windows Trace|Mixed Platforms.ActiveCfg = Windows Trace|Any CPU
		{1D1891B8-F223-4493-8E1C-D095FBDB540C}.Windows Trace|Mixed Platforms.Build.0 = Windows Trace|Any CPU
		{1D1891B8-F223-4493-8E1C-D095FBDB540C}.Windows Trace|x86.ActiveCfg = Windows Trace|Any CPU
		{ED80C071-32F7-4B26-B271-52A163AFB43D}.Debug|Any CPU.ActiveCfg = MacOsX Debug|Any CPU
		{ED80C071-32F7-4B26-B271-52A163AFB43D}.Debug|Any CPU.Build.0 = MacOsX Debug|Any CPU
		{ED80C071-32F7-4B26-B271-52A163AFB43D}.Debug|Mixed Platforms.ActiveCfg = Windows Debug|Any CPU
		{ED80C071-32F7-4B26-B271-52A163AFB43D}.Debug|Mixed Platforms.Build.0 = Windows Debug|Any CPU
		{ED80C071-32F7-4B26-B271-52A163AFB43D}.Debug|x86.ActiveCfg = MacOsX Release|Any CPU
		{ED80C071-32F7-4B26-B271-52A163AFB43D}.Linux Debug|Any CPU.ActiveCfg = Linux Debug|Any CPU
		{ED80C071-32F7-4B26-B271-52A163AFB43D}.Linux Debug|Any CPU.Build.0 = Linux Debug|Any CPU
		{ED80C071-32F7-4B26-B271-52A163AFB43D}.Linux Debug|Mixed Platforms.ActiveCfg = Linux Debug|Any CPU
		{ED80C071-32F7-4B26-B271-52A163AFB43D}.Linux Debug|Mixed Platforms.Build.0 = Linux Debug|Any CPU
		{ED80C071-32F7-4B26-B271-52A163AFB43D}.Linux Debug|x86.ActiveCfg = Linux Debug|Any CPU
		{ED80C071-32F7-4B26-B271-52A163AFB43D}.Linux Release|Any CPU.ActiveCfg = Linux Release|Any CPU
		{ED80C071-32F7-4B26-B271-52A163AFB43D}.Linux Release|Any CPU.Build.0 = Linux Release|Any CPU
		{ED80C071-32F7-4B26-B271-52A163AFB43D}.Linux Release|Mixed Platforms.ActiveCfg = Linux Release|Any CPU
		{ED80C071-32F7-4B26-B271-52A163AFB43D}.Linux Release|Mixed Platforms.Build.0 = Linux Release|Any CPU
		{ED80C071-32F7-4B26-B271-52A163AFB43D}.Linux Release|x86.ActiveCfg = Linux Release|Any CPU
		{ED80C071-32F7-4B26-B271-52A163AFB43D}.Linux Trace|Any CPU.ActiveCfg = Linux Trace|Any CPU
		{ED80C071-32F7-4B26-B271-52A163AFB43D}.Linux Trace|Any CPU.Build.0 = Linux Trace|Any CPU
		{ED80C071-32F7-4B26-B271-52A163AFB43D}.Linux Trace|Mixed Platforms.ActiveCfg = Linux Trace|Any CPU
		{ED80C071-32F7-4B26-B271-52A163AFB43D}.Linux Trace|Mixed Platforms.Build.0 = Linux Trace|Any CPU
		{ED80C071-32F7-4B26-B271-52A163AFB43D}.Linux Trace|x86.ActiveCfg = Linux Trace|Any CPU
		{ED80C071-32F7-4B26-B271-52A163AFB43D}.MacOsX Debug|Any CPU.ActiveCfg = MacOsX Debug|Any CPU
		{ED80C071-32F7-4B26-B271-52A163AFB43D}.MacOsX Debug|Any CPU.Build.0 = MacOsX Debug|Any CPU
		{ED80C071-32F7-4B26-B271-52A163AFB43D}.MacOsX Debug|Mixed Platforms.ActiveCfg = MacOsX Debug|Any CPU
		{ED80C071-32F7-4B26-B271-52A163AFB43D}.MacOsX Debug|Mixed Platforms.Build.0 = MacOsX Debug|Any CPU
		{ED80C071-32F7-4B26-B271-52A163AFB43D}.MacOsX Debug|x86.ActiveCfg = MacOsX Debug|Any CPU
		{ED80C071-32F7-4B26-B271-52A163AFB43D}.MacOsX Release|Any CPU.ActiveCfg = MacOsX Release|Any CPU
		{ED80C071-32F7-4B26-B271-52A163AFB43D}.MacOsX Release|Any CPU.Build.0 = MacOsX Release|Any CPU
		{ED80C071-32F7-4B26-B271-52A163AFB43D}.MacOsX Release|Mixed Platforms.ActiveCfg = MacOsX Release|Any CPU
		{ED80C071-32F7-4B26-B271-52A163AFB43D}.MacOsX Release|Mixed Platforms.Build.0 = MacOsX Release|Any CPU
		{ED80C071-32F7-4B26-B271-52A163AFB43D}.MacOsX Release|x86.ActiveCfg = MacOsX Release|Any CPU
		{ED80C071-32F7-4B26-B271-52A163AFB43D}.MacOsX Trace|Any CPU.ActiveCfg = MacOsX Trace|Any CPU
		{ED80C071-32F7-4B26-B271-52A163AFB43D}.MacOsX Trace|Any CPU.Build.0 = MacOsX Trace|Any CPU
		{ED80C071-32F7-4B26-B271-52A163AFB43D}.MacOsX Trace|Mixed Platforms.ActiveCfg = MacOsX Trace|Any CPU
		{ED80C071-32F7-4B26-B271-52A163AFB43D}.MacOsX Trace|Mixed Platforms.Build.0 = MacOsX Trace|Any CPU
		{ED80C071-32F7-4B26-B271-52A163AFB43D}.MacOsX Trace|x86.ActiveCfg = MacOsX Trace|Any CPU
		{ED80C071-32F7-4B26-B271-52A163AFB43D}.Release|Any CPU.ActiveCfg = MacOsX Release|Any CPU
		{ED80C071-32F7-4B26-B271-52A163AFB43D}.Release|Any CPU.Build.0 = MacOsX Release|Any CPU
		{ED80C071-32F7-4B26-B271-52A163AFB43D}.Release|Mixed Platforms.ActiveCfg = MacOsX Release|Any CPU
		{ED80C071-32F7-4B26-B271-52A163AFB43D}.Release|Mixed Platforms.Build.0 = MacOsX Release|Any CPU
		{ED80C071-32F7-4B26-B271-52A163AFB43D}.Release|x86.ActiveCfg = MacOsX Release|Any CPU
		{ED80C071-32F7-4B26-B271-52A163AFB43D}.Windows Debug|Any CPU.ActiveCfg = Windows Debug|Any CPU
		{ED80C071-32F7-4B26-B271-52A163AFB43D}.Windows Debug|Any CPU.Build.0 = Windows Debug|Any CPU
		{ED80C071-32F7-4B26-B271-52A163AFB43D}.Windows Debug|Mixed Platforms.ActiveCfg = Windows Debug|Any CPU
		{ED80C071-32F7-4B26-B271-52A163AFB43D}.Windows Debug|Mixed Platforms.Build.0 = Windows Debug|Any CPU
		{ED80C071-32F7-4B26-B271-52A163AFB43D}.Windows Debug|x86.ActiveCfg = Windows Debug|Any CPU
		{ED80C071-32F7-4B26-B271-52A163AFB43D}.Windows Release|Any CPU.ActiveCfg = Windows Release|Any CPU
		{ED80C071-32F7-4B26-B271-52A163AFB43D}.Windows Release|Any CPU.Build.0 = Windows Release|Any CPU
		{ED80C071-32F7-4B26-B271-52A163AFB43D}.Windows Release|Mixed Platforms.ActiveCfg = Windows Release|Any CPU
		{ED80C071-32F7-4B26-B271-52A163AFB43D}.Windows Release|Mixed Platforms.Build.0 = Windows Release|Any CPU
		{ED80C071-32F7-4B26-B271-52A163AFB43D}.Windows Release|x86.ActiveCfg = Windows Release|Any CPU
		{ED80C071-32F7-4B26-B271-52A163AFB43D}.Windows Trace|Any CPU.ActiveCfg = Windows Trace|Any CPU
		{ED80C071-32F7-4B26-B271-52A163AFB43D}.Windows Trace|Any CPU.Build.0 = Windows Trace|Any CPU
		{ED80C071-32F7-4B26-B271-52A163AFB43D}.Windows Trace|Mixed Platforms.ActiveCfg = Windows Trace|Any CPU
		{ED80C071-32F7-4B26-B271-52A163AFB43D}.Windows Trace|Mixed Platforms.Build.0 = Windows Trace|Any CPU
		{ED80C071-32F7-4B26-B271-52A163AFB43D}.Windows Trace|x86.ActiveCfg = Windows Trace|Any CPU
		{D07487C1-8D3F-43C8-BE1B-C1BFB5B2C562}.Debug|Any CPU.ActiveCfg = MacOsX Debug|Any CPU
		{D07487C1-8D3F-43C8-BE1B-C1BFB5B2C562}.Debug|Any CPU.Build.0 = MacOsX Debug|Any CPU
		{D07487C1-8D3F-43C8-BE1B-C1BFB5B2C562}.Debug|Mixed Platforms.ActiveCfg = MacOsX Release|Any CPU
		{D07487C1-8D3F-43C8-BE1B-C1BFB5B2C562}.Debug|Mixed Platforms.Build.0 = MacOsX Release|Any CPU
		{D07487C1-8D3F-43C8-BE1B-C1BFB5B2C562}.Debug|x86.ActiveCfg = MacOsX Release|Any CPU
		{D07487C1-8D3F-43C8-BE1B-C1BFB5B2C562}.Linux Debug|Any CPU.ActiveCfg = Linux Debug|Any CPU
		{D07487C1-8D3F-43C8-BE1B-C1BFB5B2C562}.Linux Debug|Any CPU.Build.0 = Linux Debug|Any CPU
		{D07487C1-8D3F-43C8-BE1B-C1BFB5B2C562}.Linux Debug|Mixed Platforms.ActiveCfg = Linux Debug|Any CPU
		{D07487C1-8D3F-43C8-BE1B-C1BFB5B2C562}.Linux Debug|Mixed Platforms.Build.0 = Linux Debug|Any CPU
		{D07487C1-8D3F-43C8-BE1B-C1BFB5B2C562}.Linux Debug|x86.ActiveCfg = Linux Debug|Any CPU
		{D07487C1-8D3F-43C8-BE1B-C1BFB5B2C562}.Linux Release|Any CPU.ActiveCfg = Linux Release|Any CPU
		{D07487C1-8D3F-43C8-BE1B-C1BFB5B2C562}.Linux Release|Any CPU.Build.0 = Linux Release|Any CPU
		{D07487C1-8D3F-43C8-BE1B-C1BFB5B2C562}.Linux Release|Mixed Platforms.ActiveCfg = Linux Release|Any CPU
		{D07487C1-8D3F-43C8-BE1B-C1BFB5B2C562}.Linux Release|Mixed Platforms.Build.0 = Linux Release|Any CPU
		{D07487C1-8D3F-43C8-BE1B-C1BFB5B2C562}.Linux Release|x86.ActiveCfg = Linux Release|Any CPU
		{D07487C1-8D3F-43C8-BE1B-C1BFB5B2C562}.Linux Trace|Any CPU.ActiveCfg = Linux Trace|Any CPU
		{D07487C1-8D3F-43C8-BE1B-C1BFB5B2C562}.Linux Trace|Any CPU.Build.0 = Linux Trace|Any CPU
		{D07487C1-8D3F-43C8-BE1B-C1BFB5B2C562}.Linux Trace|Mixed Platforms.ActiveCfg = Linux Trace|Any CPU
		{D07487C1-8D3F-43C8-BE1B-C1BFB5B2C562}.Linux Trace|Mixed Platforms.Build.0 = Linux Trace|Any CPU
		{D07487C1-8D3F-43C8-BE1B-C1BFB5B2C562}.Linux Trace|x86.ActiveCfg = Linux Trace|Any CPU
		{D07487C1-8D3F-43C8-BE1B-C1BFB5B2C562}.MacOsX Debug|Any CPU.ActiveCfg = MacOsX Debug|Any CPU
		{D07487C1-8D3F-43C8-BE1B-C1BFB5B2C562}.MacOsX Debug|Any CPU.Build.0 = MacOsX Debug|Any CPU
		{D07487C1-8D3F-43C8-BE1B-C1BFB5B2C562}.MacOsX Debug|Mixed Platforms.ActiveCfg = MacOsX Debug|Any CPU
		{D07487C1-8D3F-43C8-BE1B-C1BFB5B2C562}.MacOsX Debug|Mixed Platforms.Build.0 = MacOsX Debug|Any CPU
		{D07487C1-8D3F-43C8-BE1B-C1BFB5B2C562}.MacOsX Debug|x86.ActiveCfg = MacOsX Debug|Any CPU
		{D07487C1-8D3F-43C8-BE1B-C1BFB5B2C562}.MacOsX Release|Any CPU.ActiveCfg = MacOsX Release|Any CPU
		{D07487C1-8D3F-43C8-BE1B-C1BFB5B2C562}.MacOsX Release|Any CPU.Build.0 = MacOsX Release|Any CPU
		{D07487C1-8D3F-43C8-BE1B-C1BFB5B2C562}.MacOsX Release|Mixed Platforms.ActiveCfg = MacOsX Release|Any CPU
		{D07487C1-8D3F-43C8-BE1B-C1BFB5B2C562}.MacOsX Release|Mixed Platforms.Build.0 = MacOsX Release|Any CPU
		{D07487C1-8D3F-43C8-BE1B-C1BFB5B2C562}.MacOsX Release|x86.ActiveCfg = MacOsX Release|Any CPU
		{D07487C1-8D3F-43C8-BE1B-C1BFB5B2C562}.MacOsX Trace|Any CPU.ActiveCfg = MacOsX Trace|Any CPU
		{D07487C1-8D3F-43C8-BE1B-C1BFB5B2C562}.MacOsX Trace|Any CPU.Build.0 = MacOsX Trace|Any CPU
		{D07487C1-8D3F-43C8-BE1B-C1BFB5B2C562}.MacOsX Trace|Mixed Platforms.ActiveCfg = MacOsX Trace|Any CPU
		{D07487C1-8D3F-43C8-BE1B-C1BFB5B2C562}.MacOsX Trace|Mixed Platforms.Build.0 = MacOsX Trace|Any CPU
		{D07487C1-8D3F-43C8-BE1B-C1BFB5B2C562}.MacOsX Trace|x86.ActiveCfg = MacOsX Trace|Any CPU
		{D07487C1-8D3F-43C8-BE1B-C1BFB5B2C562}.Release|Any CPU.ActiveCfg = MacOsX Release|Any CPU
		{D07487C1-8D3F-43C8-BE1B-C1BFB5B2C562}.Release|Any CPU.Build.0 = MacOsX Release|Any CPU
		{D07487C1-8D3F-43C8-BE1B-C1BFB5B2C562}.Release|Mixed Platforms.ActiveCfg = MacOsX Release|Any CPU
		{D07487C1-8D3F-43C8-BE1B-C1BFB5B2C562}.Release|Mixed Platforms.Build.0 = MacOsX Release|Any CPU
		{D07487C1-8D3F-43C8-BE1B-C1BFB5B2C562}.Release|x86.ActiveCfg = MacOsX Release|Any CPU
		{D07487C1-8D3F-43C8-BE1B-C1BFB5B2C562}.Windows Debug|Any CPU.ActiveCfg = Windows Debug|Any CPU
		{D07487C1-8D3F-43C8-BE1B-C1BFB5B2C562}.Windows Debug|Any CPU.Build.0 = Windows Debug|Any CPU
		{D07487C1-8D3F-43C8-BE1B-C1BFB5B2C562}.Windows Debug|Mixed Platforms.ActiveCfg = Windows Debug|Any CPU
		{D07487C1-8D3F-43C8-BE1B-C1BFB5B2C562}.Windows Debug|Mixed Platforms.Build.0 = Windows Debug|Any CPU
		{D07487C1-8D3F-43C8-BE1B-C1BFB5B2C562}.Windows Debug|x86.ActiveCfg = Windows Debug|Any CPU
		{D07487C1-8D3F-43C8-BE1B-C1BFB5B2C562}.Windows Release|Any CPU.ActiveCfg = Windows Release|Any CPU
		{D07487C1-8D3F-43C8-BE1B-C1BFB5B2C562}.Windows Release|Any CPU.Build.0 = Windows Release|Any CPU
		{D07487C1-8D3F-43C8-BE1B-C1BFB5B2C562}.Windows Release|Mixed Platforms.ActiveCfg = Windows Release|Any CPU
		{D07487C1-8D3F-43C8-BE1B-C1BFB5B2C562}.Windows Release|Mixed Platforms.Build.0 = Windows Release|Any CPU
		{D07487C1-8D3F-43C8-BE1B-C1BFB5B2C562}.Windows Release|x86.ActiveCfg = Windows Release|Any CPU
		{D07487C1-8D3F-43C8-BE1B-C1BFB5B2C562}.Windows Trace|Any CPU.ActiveCfg = Windows Trace|Any CPU
		{D07487C1-8D3F-43C8-BE1B-C1BFB5B2C562}.Windows Trace|Any CPU.Build.0 = Windows Trace|Any CPU
		{D07487C1-8D3F-43C8-BE1B-C1BFB5B2C562}.Windows Trace|Mixed Platforms.ActiveCfg = Windows Trace|Any CPU
		{D07487C1-8D3F-43C8-BE1B-C1BFB5B2C562}.Windows Trace|Mixed Platforms.Build.0 = Windows Trace|Any CPU
		{D07487C1-8D3F-43C8-BE1B-C1BFB5B2C562}.Windows Trace|x86.ActiveCfg = Windows Trace|Any CPU
		{065E68F0-F588-4D65-9FFF-04E1869CBDEF}.Debug|Any CPU.ActiveCfg = MacOsX Debug|Any CPU
		{065E68F0-F588-4D65-9FFF-04E1869CBDEF}.Debug|Any CPU.Build.0 = MacOsX Debug|Any CPU
		{065E68F0-F588-4D65-9FFF-04E1869CBDEF}.Debug|Mixed Platforms.ActiveCfg = MacOsX Release|Any CPU
		{065E68F0-F588-4D65-9FFF-04E1869CBDEF}.Debug|Mixed Platforms.Build.0 = MacOsX Release|Any CPU
		{065E68F0-F588-4D65-9FFF-04E1869CBDEF}.Debug|x86.ActiveCfg = MacOsX Release|Any CPU
		{065E68F0-F588-4D65-9FFF-04E1869CBDEF}.Linux Debug|Any CPU.ActiveCfg = Linux Debug|Any CPU
		{065E68F0-F588-4D65-9FFF-04E1869CBDEF}.Linux Debug|Any CPU.Build.0 = Linux Debug|Any CPU
		{065E68F0-F588-4D65-9FFF-04E1869CBDEF}.Linux Debug|Mixed Platforms.ActiveCfg = Linux Debug|Any CPU
		{065E68F0-F588-4D65-9FFF-04E1869CBDEF}.Linux Debug|Mixed Platforms.Build.0 = Linux Debug|Any CPU
		{065E68F0-F588-4D65-9FFF-04E1869CBDEF}.Linux Debug|x86.ActiveCfg = Linux Debug|Any CPU
		{065E68F0-F588-4D65-9FFF-04E1869CBDEF}.Linux Release|Any CPU.ActiveCfg = Linux Release|Any CPU
		{065E68F0-F588-4D65-9FFF-04E1869CBDEF}.Linux Release|Any CPU.Build.0 = Linux Release|Any CPU
		{065E68F0-F588-4D65-9FFF-04E1869CBDEF}.Linux Release|Mixed Platforms.ActiveCfg = Linux Release|Any CPU
		{065E68F0-F588-4D65-9FFF-04E1869CBDEF}.Linux Release|Mixed Platforms.Build.0 = Linux Release|Any CPU
		{065E68F0-F588-4D65-9FFF-04E1869CBDEF}.Linux Release|x86.ActiveCfg = Linux Release|Any CPU
		{065E68F0-F588-4D65-9FFF-04E1869CBDEF}.Linux Trace|Any CPU.ActiveCfg = Linux Trace|Any CPU
		{065E68F0-F588-4D65-9FFF-04E1869CBDEF}.Linux Trace|Any CPU.Build.0 = Linux Trace|Any CPU
		{065E68F0-F588-4D65-9FFF-04E1869CBDEF}.Linux Trace|Mixed Platforms.ActiveCfg = Linux Trace|Any CPU
		{065E68F0-F588-4D65-9FFF-04E1869CBDEF}.Linux Trace|Mixed Platforms.Build.0 = Linux Trace|Any CPU
		{065E68F0-F588-4D65-9FFF-04E1869CBDEF}.Linux Trace|x86.ActiveCfg = Linux Trace|Any CPU
		{065E68F0-F588-4D65-9FFF-04E1869CBDEF}.MacOsX Debug|Any CPU.ActiveCfg = MacOsX Debug|Any CPU
		{065E68F0-F588-4D65-9FFF-04E1869CBDEF}.MacOsX Debug|Any CPU.Build.0 = MacOsX Debug|Any CPU
		{065E68F0-F588-4D65-9FFF-04E1869CBDEF}.MacOsX Debug|Mixed Platforms.ActiveCfg = MacOsX Debug|Any CPU
		{065E68F0-F588-4D65-9FFF-04E1869CBDEF}.MacOsX Debug|Mixed Platforms.Build.0 = MacOsX Debug|Any CPU
		{065E68F0-F588-4D65-9FFF-04E1869CBDEF}.MacOsX Debug|x86.ActiveCfg = MacOsX Debug|Any CPU
		{065E68F0-F588-4D65-9FFF-04E1869CBDEF}.MacOsX Release|Any CPU.ActiveCfg = MacOsX Release|Any CPU
		{065E68F0-F588-4D65-9FFF-04E1869CBDEF}.MacOsX Release|Any CPU.Build.0 = MacOsX Release|Any CPU
		{065E68F0-F588-4D65-9FFF-04E1869CBDEF}.MacOsX Release|Mixed Platforms.ActiveCfg = MacOsX Release|Any CPU
		{065E68F0-F588-4D65-9FFF-04E1869CBDEF}.MacOsX Release|Mixed Platforms.Build.0 = MacOsX Release|Any CPU
		{065E68F0-F588-4D65-9FFF-04E1869CBDEF}.MacOsX Release|x86.ActiveCfg = MacOsX Release|Any CPU
		{065E68F0-F588-4D65-9FFF-04E1869CBDEF}.MacOsX Trace|Any CPU.ActiveCfg = MacOsX Trace|Any CPU
		{065E68F0-F588-4D65-9FFF-04E1869CBDEF}.MacOsX Trace|Any CPU.Build.0 = MacOsX Trace|Any CPU
		{065E68F0-F588-4D65-9FFF-04E1869CBDEF}.MacOsX Trace|Mixed Platforms.ActiveCfg = MacOsX Trace|Any CPU
		{065E68F0-F588-4D65-9FFF-04E1869CBDEF}.MacOsX Trace|Mixed Platforms.Build.0 = MacOsX Trace|Any CPU
		{065E68F0-F588-4D65-9FFF-04E1869CBDEF}.MacOsX Trace|x86.ActiveCfg = MacOsX Trace|Any CPU
		{065E68F0-F588-4D65-9FFF-04E1869CBDEF}.Release|Any CPU.ActiveCfg = MacOsX Release|Any CPU
		{065E68F0-F588-4D65-9FFF-04E1869CBDEF}.Release|Any CPU.Build.0 = MacOsX Release|Any CPU
		{065E68F0-F588-4D65-9FFF-04E1869CBDEF}.Release|Mixed Platforms.ActiveCfg = MacOsX Release|Any CPU
		{065E68F0-F588-4D65-9FFF-04E1869CBDEF}.Release|Mixed Platforms.Build.0 = MacOsX Release|Any CPU
		{065E68F0-F588-4D65-9FFF-04E1869CBDEF}.Release|x86.ActiveCfg = MacOsX Release|Any CPU
		{065E68F0-F588-4D65-9FFF-04E1869CBDEF}.Windows Debug|Any CPU.ActiveCfg = Windows Debug|Any CPU
		{065E68F0-F588-4D65-9FFF-04E1869CBDEF}.Windows Debug|Any CPU.Build.0 = Windows Debug|Any CPU
		{065E68F0-F588-4D65-9FFF-04E1869CBDEF}.Windows Debug|Mixed Platforms.ActiveCfg = Windows Debug|Any CPU
		{065E68F0-F588-4D65-9FFF-04E1869CBDEF}.Windows Debug|Mixed Platforms.Build.0 = Windows Debug|Any CPU
		{065E68F0-F588-4D65-9FFF-04E1869CBDEF}.Windows Debug|x86.ActiveCfg = Windows Debug|Any CPU
		{065E68F0-F588-4D65-9FFF-04E1869CBDEF}.Windows Release|Any CPU.ActiveCfg = Windows Release|Any CPU
		{065E68F0-F588-4D65-9FFF-04E1869CBDEF}.Windows Release|Any CPU.Build.0 = Windows Release|Any CPU
		{065E68F0-F588-4D65-9FFF-04E1869CBDEF}.Windows Release|Mixed Platforms.ActiveCfg = Windows Release|Any CPU
		{065E68F0-F588-4D65-9FFF-04E1869CBDEF}.Windows Release|Mixed Platforms.Build.0 = Windows Release|Any CPU
		{065E68F0-F588-4D65-9FFF-04E1869CBDEF}.Windows Release|x86.ActiveCfg = Windows Release|Any CPU
		{065E68F0-F588-4D65-9FFF-04E1869CBDEF}.Windows Trace|Any CPU.ActiveCfg = Windows Trace|Any CPU
		{065E68F0-F588-4D65-9FFF-04E1869CBDEF}.Windows Trace|Any CPU.Build.0 = Windows Trace|Any CPU
		{065E68F0-F588-4D65-9FFF-04E1869CBDEF}.Windows Trace|Mixed Platforms.ActiveCfg = Windows Trace|Any CPU
		{065E68F0-F588-4D65-9FFF-04E1869CBDEF}.Windows Trace|Mixed Platforms.Build.0 = Windows Trace|Any CPU
		{065E68F0-F588-4D65-9FFF-04E1869CBDEF}.Windows Trace|x86.ActiveCfg = Windows Trace|Any CPU
		{A5DF2109-5A06-4A92-ACFF-4CF9A066D461}.Debug|Any CPU.ActiveCfg = MacOsX Debug|Any CPU
		{A5DF2109-5A06-4A92-ACFF-4CF9A066D461}.Debug|Any CPU.Build.0 = MacOsX Debug|Any CPU
		{A5DF2109-5A06-4A92-ACFF-4CF9A066D461}.Debug|Mixed Platforms.ActiveCfg = MacOsX Release|Any CPU
		{A5DF2109-5A06-4A92-ACFF-4CF9A066D461}.Debug|Mixed Platforms.Build.0 = MacOsX Release|Any CPU
		{A5DF2109-5A06-4A92-ACFF-4CF9A066D461}.Debug|x86.ActiveCfg = MacOsX Release|Any CPU
		{A5DF2109-5A06-4A92-ACFF-4CF9A066D461}.Linux Debug|Any CPU.ActiveCfg = Linux Debug|Any CPU
		{A5DF2109-5A06-4A92-ACFF-4CF9A066D461}.Linux Debug|Any CPU.Build.0 = Linux Debug|Any CPU
		{A5DF2109-5A06-4A92-ACFF-4CF9A066D461}.Linux Debug|Mixed Platforms.ActiveCfg = Linux Debug|Any CPU
		{A5DF2109-5A06-4A92-ACFF-4CF9A066D461}.Linux Debug|Mixed Platforms.Build.0 = Linux Debug|Any CPU
		{A5DF2109-5A06-4A92-ACFF-4CF9A066D461}.Linux Debug|x86.ActiveCfg = Linux Debug|Any CPU
		{A5DF2109-5A06-4A92-ACFF-4CF9A066D461}.Linux Release|Any CPU.ActiveCfg = Linux Release|Any CPU
		{A5DF2109-5A06-4A92-ACFF-4CF9A066D461}.Linux Release|Any CPU.Build.0 = Linux Release|Any CPU
		{A5DF2109-5A06-4A92-ACFF-4CF9A066D461}.Linux Release|Mixed Platforms.ActiveCfg = Linux Release|Any CPU
		{A5DF2109-5A06-4A92-ACFF-4CF9A066D461}.Linux Release|Mixed Platforms.Build.0 = Linux Release|Any CPU
		{A5DF2109-5A06-4A92-ACFF-4CF9A066D461}.Linux Release|x86.ActiveCfg = Linux Release|Any CPU
		{A5DF2109-5A06-4A92-ACFF-4CF9A066D461}.Linux Trace|Any CPU.ActiveCfg = Linux Trace|Any CPU
		{A5DF2109-5A06-4A92-ACFF-4CF9A066D461}.Linux Trace|Any CPU.Build.0 = Linux Trace|Any CPU
		{A5DF2109-5A06-4A92-ACFF-4CF9A066D461}.Linux Trace|Mixed Platforms.ActiveCfg = Linux Trace|Any CPU
		{A5DF2109-5A06-4A92-ACFF-4CF9A066D461}.Linux Trace|Mixed Platforms.Build.0 = Linux Trace|Any CPU
		{A5DF2109-5A06-4A92-ACFF-4CF9A066D461}.Linux Trace|x86.ActiveCfg = Linux Trace|Any CPU
		{A5DF2109-5A06-4A92-ACFF-4CF9A066D461}.MacOsX Debug|Any CPU.ActiveCfg = MacOsX Debug|Any CPU
		{A5DF2109-5A06-4A92-ACFF-4CF9A066D461}.MacOsX Debug|Any CPU.Build.0 = MacOsX Debug|Any CPU
		{A5DF2109-5A06-4A92-ACFF-4CF9A066D461}.MacOsX Debug|Mixed Platforms.ActiveCfg = MacOsX Debug|Any CPU
		{A5DF2109-5A06-4A92-ACFF-4CF9A066D461}.MacOsX Debug|Mixed Platforms.Build.0 = MacOsX Debug|Any CPU
		{A5DF2109-5A06-4A92-ACFF-4CF9A066D461}.MacOsX Debug|x86.ActiveCfg = MacOsX Debug|Any CPU
		{A5DF2109-5A06-4A92-ACFF-4CF9A066D461}.MacOsX Release|Any CPU.ActiveCfg = MacOsX Release|Any CPU
		{A5DF2109-5A06-4A92-ACFF-4CF9A066D461}.MacOsX Release|Any CPU.Build.0 = MacOsX Release|Any CPU
		{A5DF2109-5A06-4A92-ACFF-4CF9A066D461}.MacOsX Release|Mixed Platforms.ActiveCfg = MacOsX Release|Any CPU
		{A5DF2109-5A06-4A92-ACFF-4CF9A066D461}.MacOsX Release|Mixed Platforms.Build.0 = MacOsX Release|Any CPU
		{A5DF2109-5A06-4A92-ACFF-4CF9A066D461}.MacOsX Release|x86.ActiveCfg = MacOsX Release|Any CPU
		{A5DF2109-5A06-4A92-ACFF-4CF9A066D461}.MacOsX Trace|Any CPU.ActiveCfg = MacOsX Trace|Any CPU
		{A5DF2109-5A06-4A92-ACFF-4CF9A066D461}.MacOsX Trace|Any CPU.Build.0 = MacOsX Trace|Any CPU
		{A5DF2109-5A06-4A92-ACFF-4CF9A066D461}.MacOsX Trace|Mixed Platforms.ActiveCfg = MacOsX Trace|Any CPU
		{A5DF2109-5A06-4A92-ACFF-4CF9A066D461}.MacOsX Trace|Mixed Platforms.Build.0 = MacOsX Trace|Any CPU
		{A5DF2109-5A06-4A92-ACFF-4CF9A066D461}.MacOsX Trace|x86.ActiveCfg = MacOsX Trace|Any CPU
		{A5DF2109-5A06-4A92-ACFF-4CF9A066D461}.Release|Any CPU.ActiveCfg = MacOsX Release|Any CPU
		{A5DF2109-5A06-4A92-ACFF-4CF9A066D461}.Release|Any CPU.Build.0 = MacOsX Release|Any CPU
		{A5DF2109-5A06-4A92-ACFF-4CF9A066D461}.Release|Mixed Platforms.ActiveCfg = MacOsX Release|Any CPU
		{A5DF2109-5A06-4A92-ACFF-4CF9A066D461}.Release|Mixed Platforms.Build.0 = MacOsX Release|Any CPU
		{A5DF2109-5A06-4A92-ACFF-4CF9A066D461}.Release|x86.ActiveCfg = MacOsX Release|Any CPU
		{A5DF2109-5A06-4A92-ACFF-4CF9A066D461}.Windows Debug|Any CPU.ActiveCfg = Windows Debug|Any CPU
		{A5DF2109-5A06-4A92-ACFF-4CF9A066D461}.Windows Debug|Any CPU.Build.0 = Windows Debug|Any CPU
		{A5DF2109-5A06-4A92-ACFF-4CF9A066D461}.Windows Debug|Mixed Platforms.ActiveCfg = Windows Debug|Any CPU
		{A5DF2109-5A06-4A92-ACFF-4CF9A066D461}.Windows Debug|Mixed Platforms.Build.0 = Windows Debug|Any CPU
		{A5DF2109-5A06-4A92-ACFF-4CF9A066D461}.Windows Debug|x86.ActiveCfg = Windows Debug|Any CPU
		{A5DF2109-5A06-4A92-ACFF-4CF9A066D461}.Windows Release|Any CPU.ActiveCfg = Windows Release|Any CPU
		{A5DF2109-5A06-4A92-ACFF-4CF9A066D461}.Windows Release|Any CPU.Build.0 = Windows Release|Any CPU
		{A5DF2109-5A06-4A92-ACFF-4CF9A066D461}.Windows Release|Mixed Platforms.ActiveCfg = Windows Release|Any CPU
		{A5DF2109-5A06-4A92-ACFF-4CF9A066D461}.Windows Release|Mixed Platforms.Build.0 = Windows Release|Any CPU
		{A5DF2109-5A06-4A92-ACFF-4CF9A066D461}.Windows Release|x86.ActiveCfg = Windows Release|Any CPU
		{A5DF2109-5A06-4A92-ACFF-4CF9A066D461}.Windows Trace|Any CPU.ActiveCfg = Windows Trace|Any CPU
		{A5DF2109-5A06-4A92-ACFF-4CF9A066D461}.Windows Trace|Any CPU.Build.0 = Windows Trace|Any CPU
		{A5DF2109-5A06-4A92-ACFF-4CF9A066D461}.Windows Trace|Mixed Platforms.ActiveCfg = Windows Trace|Any CPU
		{A5DF2109-5A06-4A92-ACFF-4CF9A066D461}.Windows Trace|Mixed Platforms.Build.0 = Windows Trace|Any CPU
		{A5DF2109-5A06-4A92-ACFF-4CF9A066D461}.Windows Trace|x86.ActiveCfg = Windows Trace|Any CPU
		{084A5442-3B6C-458D-BE7E-F48FBD74AB0A}.Debug|Any CPU.ActiveCfg = MacOsX Debug|Any CPU
		{084A5442-3B6C-458D-BE7E-F48FBD74AB0A}.Debug|Any CPU.Build.0 = MacOsX Debug|Any CPU
		{084A5442-3B6C-458D-BE7E-F48FBD74AB0A}.Debug|Mixed Platforms.ActiveCfg = MacOsX Release|Any CPU
		{084A5442-3B6C-458D-BE7E-F48FBD74AB0A}.Debug|Mixed Platforms.Build.0 = MacOsX Release|Any CPU
		{084A5442-3B6C-458D-BE7E-F48FBD74AB0A}.Debug|x86.ActiveCfg = MacOsX Release|Any CPU
		{084A5442-3B6C-458D-BE7E-F48FBD74AB0A}.Linux Debug|Any CPU.ActiveCfg = Linux Debug|Any CPU
		{084A5442-3B6C-458D-BE7E-F48FBD74AB0A}.Linux Debug|Any CPU.Build.0 = Linux Debug|Any CPU
		{084A5442-3B6C-458D-BE7E-F48FBD74AB0A}.Linux Debug|Mixed Platforms.ActiveCfg = Linux Debug|Any CPU
		{084A5442-3B6C-458D-BE7E-F48FBD74AB0A}.Linux Debug|Mixed Platforms.Build.0 = Linux Debug|Any CPU
		{084A5442-3B6C-458D-BE7E-F48FBD74AB0A}.Linux Debug|x86.ActiveCfg = Linux Debug|Any CPU
		{084A5442-3B6C-458D-BE7E-F48FBD74AB0A}.Linux Release|Any CPU.ActiveCfg = Linux Release|Any CPU
		{084A5442-3B6C-458D-BE7E-F48FBD74AB0A}.Linux Release|Any CPU.Build.0 = Linux Release|Any CPU
		{084A5442-3B6C-458D-BE7E-F48FBD74AB0A}.Linux Release|Mixed Platforms.ActiveCfg = Linux Release|Any CPU
		{084A5442-3B6C-458D-BE7E-F48FBD74AB0A}.Linux Release|Mixed Platforms.Build.0 = Linux Release|Any CPU
		{084A5442-3B6C-458D-BE7E-F48FBD74AB0A}.Linux Release|x86.ActiveCfg = Linux Release|Any CPU
		{084A5442-3B6C-458D-BE7E-F48FBD74AB0A}.Linux Trace|Any CPU.ActiveCfg = Linux Trace|Any CPU
		{084A5442-3B6C-458D-BE7E-F48FBD74AB0A}.Linux Trace|Any CPU.Build.0 = Linux Trace|Any CPU
		{084A5442-3B6C-458D-BE7E-F48FBD74AB0A}.Linux Trace|Mixed Platforms.ActiveCfg = Linux Trace|Any CPU
		{084A5442-3B6C-458D-BE7E-F48FBD74AB0A}.Linux Trace|Mixed Platforms.Build.0 = Linux Trace|Any CPU
		{084A5442-3B6C-458D-BE7E-F48FBD74AB0A}.Linux Trace|x86.ActiveCfg = Linux Trace|Any CPU
		{084A5442-3B6C-458D-BE7E-F48FBD74AB0A}.MacOsX Debug|Any CPU.ActiveCfg = MacOsX Debug|Any CPU
		{084A5442-3B6C-458D-BE7E-F48FBD74AB0A}.MacOsX Debug|Any CPU.Build.0 = MacOsX Debug|Any CPU
		{084A5442-3B6C-458D-BE7E-F48FBD74AB0A}.MacOsX Debug|Mixed Platforms.ActiveCfg = MacOsX Debug|Any CPU
		{084A5442-3B6C-458D-BE7E-F48FBD74AB0A}.MacOsX Debug|Mixed Platforms.Build.0 = MacOsX Debug|Any CPU
		{084A5442-3B6C-458D-BE7E-F48FBD74AB0A}.MacOsX Debug|x86.ActiveCfg = MacOsX Debug|Any CPU
		{084A5442-3B6C-458D-BE7E-F48FBD74AB0A}.MacOsX Release|Any CPU.ActiveCfg = MacOsX Release|Any CPU
		{084A5442-3B6C-458D-BE7E-F48FBD74AB0A}.MacOsX Release|Any CPU.Build.0 = MacOsX Release|Any CPU
		{084A5442-3B6C-458D-BE7E-F48FBD74AB0A}.MacOsX Release|Mixed Platforms.ActiveCfg = MacOsX Release|Any CPU
		{084A5442-3B6C-458D-BE7E-F48FBD74AB0A}.MacOsX Release|Mixed Platforms.Build.0 = MacOsX Release|Any CPU
		{084A5442-3B6C-458D-BE7E-F48FBD74AB0A}.MacOsX Release|x86.ActiveCfg = MacOsX Release|Any CPU
		{084A5442-3B6C-458D-BE7E-F48FBD74AB0A}.MacOsX Trace|Any CPU.ActiveCfg = MacOsX Trace|Any CPU
		{084A5442-3B6C-458D-BE7E-F48FBD74AB0A}.MacOsX Trace|Any CPU.Build.0 = MacOsX Trace|Any CPU
		{084A5442-3B6C-458D-BE7E-F48FBD74AB0A}.MacOsX Trace|Mixed Platforms.ActiveCfg = MacOsX Trace|Any CPU
		{084A5442-3B6C-458D-BE7E-F48FBD74AB0A}.MacOsX Trace|Mixed Platforms.Build.0 = MacOsX Trace|Any CPU
		{084A5442-3B6C-458D-BE7E-F48FBD74AB0A}.MacOsX Trace|x86.ActiveCfg = MacOsX Trace|Any CPU
		{084A5442-3B6C-458D-BE7E-F48FBD74AB0A}.Release|Any CPU.ActiveCfg = MacOsX Release|Any CPU
		{084A5442-3B6C-458D-BE7E-F48FBD74AB0A}.Release|Any CPU.Build.0 = MacOsX Release|Any CPU
		{084A5442-3B6C-458D-BE7E-F48FBD74AB0A}.Release|Mixed Platforms.ActiveCfg = MacOsX Release|Any CPU
		{084A5442-3B6C-458D-BE7E-F48FBD74AB0A}.Release|Mixed Platforms.Build.0 = MacOsX Release|Any CPU
		{084A5442-3B6C-458D-BE7E-F48FBD74AB0A}.Release|x86.ActiveCfg = MacOsX Release|Any CPU
		{084A5442-3B6C-458D-BE7E-F48FBD74AB0A}.Windows Debug|Any CPU.ActiveCfg = Windows Debug|Any CPU
		{084A5442-3B6C-458D-BE7E-F48FBD74AB0A}.Windows Debug|Any CPU.Build.0 = Windows Debug|Any CPU
		{084A5442-3B6C-458D-BE7E-F48FBD74AB0A}.Windows Debug|Mixed Platforms.ActiveCfg = Windows Debug|Any CPU
		{084A5442-3B6C-458D-BE7E-F48FBD74AB0A}.Windows Debug|Mixed Platforms.Build.0 = Windows Debug|Any CPU
		{084A5442-3B6C-458D-BE7E-F48FBD74AB0A}.Windows Debug|x86.ActiveCfg = Windows Debug|Any CPU
		{084A5442-3B6C-458D-BE7E-F48FBD74AB0A}.Windows Release|Any CPU.ActiveCfg = Windows Release|Any CPU
		{084A5442-3B6C-458D-BE7E-F48FBD74AB0A}.Windows Release|Any CPU.Build.0 = Windows Release|Any CPU
		{084A5442-3B6C-458D-BE7E-F48FBD74AB0A}.Windows Release|Mixed Platforms.ActiveCfg = Windows Release|Any CPU
		{084A5442-3B6C-458D-BE7E-F48FBD74AB0A}.Windows Release|Mixed Platforms.Build.0 = Windows Release|Any CPU
		{084A5442-3B6C-458D-BE7E-F48FBD74AB0A}.Windows Release|x86.ActiveCfg = Windows Release|Any CPU
		{084A5442-3B6C-458D-BE7E-F48FBD74AB0A}.Windows Trace|Any CPU.ActiveCfg = Windows Trace|Any CPU
		{084A5442-3B6C-458D-BE7E-F48FBD74AB0A}.Windows Trace|Any CPU.Build.0 = Windows Trace|Any CPU
		{084A5442-3B6C-458D-BE7E-F48FBD74AB0A}.Windows Trace|Mixed Platforms.ActiveCfg = Windows Trace|Any CPU
		{084A5442-3B6C-458D-BE7E-F48FBD74AB0A}.Windows Trace|Mixed Platforms.Build.0 = Windows Trace|Any CPU
		{084A5442-3B6C-458D-BE7E-F48FBD74AB0A}.Windows Trace|x86.ActiveCfg = Windows Trace|Any CPU
		{755ACE40-6CE2-4386-BF88-E63BCDFED1EB}.Debug|Any CPU.ActiveCfg = MacOsX Debug|Any CPU
		{755ACE40-6CE2-4386-BF88-E63BCDFED1EB}.Debug|Any CPU.Build.0 = MacOsX Debug|Any CPU
		{755ACE40-6CE2-4386-BF88-E63BCDFED1EB}.Debug|Mixed Platforms.ActiveCfg = MacOsX Release|Any CPU
		{755ACE40-6CE2-4386-BF88-E63BCDFED1EB}.Debug|Mixed Platforms.Build.0 = MacOsX Release|Any CPU
		{755ACE40-6CE2-4386-BF88-E63BCDFED1EB}.Debug|x86.ActiveCfg = MacOsX Release|Any CPU
		{755ACE40-6CE2-4386-BF88-E63BCDFED1EB}.Linux Debug|Any CPU.ActiveCfg = Linux Debug|Any CPU
		{755ACE40-6CE2-4386-BF88-E63BCDFED1EB}.Linux Debug|Any CPU.Build.0 = Linux Debug|Any CPU
		{755ACE40-6CE2-4386-BF88-E63BCDFED1EB}.Linux Debug|Mixed Platforms.ActiveCfg = Linux Debug|Any CPU
		{755ACE40-6CE2-4386-BF88-E63BCDFED1EB}.Linux Debug|Mixed Platforms.Build.0 = Linux Debug|Any CPU
		{755ACE40-6CE2-4386-BF88-E63BCDFED1EB}.Linux Debug|x86.ActiveCfg = Linux Debug|Any CPU
		{755ACE40-6CE2-4386-BF88-E63BCDFED1EB}.Linux Release|Any CPU.ActiveCfg = Linux Release|Any CPU
		{755ACE40-6CE2-4386-BF88-E63BCDFED1EB}.Linux Release|Any CPU.Build.0 = Linux Release|Any CPU
		{755ACE40-6CE2-4386-BF88-E63BCDFED1EB}.Linux Release|Mixed Platforms.ActiveCfg = Linux Release|Any CPU
		{755ACE40-6CE2-4386-BF88-E63BCDFED1EB}.Linux Release|Mixed Platforms.Build.0 = Linux Release|Any CPU
		{755ACE40-6CE2-4386-BF88-E63BCDFED1EB}.Linux Release|x86.ActiveCfg = Linux Release|Any CPU
		{755ACE40-6CE2-4386-BF88-E63BCDFED1EB}.Linux Trace|Any CPU.ActiveCfg = Linux Trace|Any CPU
		{755ACE40-6CE2-4386-BF88-E63BCDFED1EB}.Linux Trace|Any CPU.Build.0 = Linux Trace|Any CPU
		{755ACE40-6CE2-4386-BF88-E63BCDFED1EB}.Linux Trace|Mixed Platforms.ActiveCfg = Linux Trace|Any CPU
		{755ACE40-6CE2-4386-BF88-E63BCDFED1EB}.Linux Trace|Mixed Platforms.Build.0 = Linux Trace|Any CPU
		{755ACE40-6CE2-4386-BF88-E63BCDFED1EB}.Linux Trace|x86.ActiveCfg = Linux Trace|Any CPU
		{755ACE40-6CE2-4386-BF88-E63BCDFED1EB}.MacOsX Debug|Any CPU.ActiveCfg = MacOsX Debug|Any CPU
		{755ACE40-6CE2-4386-BF88-E63BCDFED1EB}.MacOsX Debug|Any CPU.Build.0 = MacOsX Debug|Any CPU
		{755ACE40-6CE2-4386-BF88-E63BCDFED1EB}.MacOsX Debug|Mixed Platforms.ActiveCfg = MacOsX Debug|Any CPU
		{755ACE40-6CE2-4386-BF88-E63BCDFED1EB}.MacOsX Debug|Mixed Platforms.Build.0 = MacOsX Debug|Any CPU
		{755ACE40-6CE2-4386-BF88-E63BCDFED1EB}.MacOsX Debug|x86.ActiveCfg = MacOsX Debug|Any CPU
		{755ACE40-6CE2-4386-BF88-E63BCDFED1EB}.MacOsX Release|Any CPU.ActiveCfg = MacOsX Release|Any CPU
		{755ACE40-6CE2-4386-BF88-E63BCDFED1EB}.MacOsX Release|Any CPU.Build.0 = MacOsX Release|Any CPU
		{755ACE40-6CE2-4386-BF88-E63BCDFED1EB}.MacOsX Release|Mixed Platforms.ActiveCfg = MacOsX Release|Any CPU
		{755ACE40-6CE2-4386-BF88-E63BCDFED1EB}.MacOsX Release|Mixed Platforms.Build.0 = MacOsX Release|Any CPU
		{755ACE40-6CE2-4386-BF88-E63BCDFED1EB}.MacOsX Release|x86.ActiveCfg = MacOsX Release|Any CPU
		{755ACE40-6CE2-4386-BF88-E63BCDFED1EB}.MacOsX Trace|Any CPU.ActiveCfg = MacOsX Trace|Any CPU
		{755ACE40-6CE2-4386-BF88-E63BCDFED1EB}.MacOsX Trace|Any CPU.Build.0 = MacOsX Trace|Any CPU
		{755ACE40-6CE2-4386-BF88-E63BCDFED1EB}.MacOsX Trace|Mixed Platforms.ActiveCfg = MacOsX Trace|Any CPU
		{755ACE40-6CE2-4386-BF88-E63BCDFED1EB}.MacOsX Trace|Mixed Platforms.Build.0 = MacOsX Trace|Any CPU
		{755ACE40-6CE2-4386-BF88-E63BCDFED1EB}.MacOsX Trace|x86.ActiveCfg = MacOsX Trace|Any CPU
		{755ACE40-6CE2-4386-BF88-E63BCDFED1EB}.Release|Any CPU.ActiveCfg = MacOsX Release|Any CPU
		{755ACE40-6CE2-4386-BF88-E63BCDFED1EB}.Release|Any CPU.Build.0 = MacOsX Release|Any CPU
		{755ACE40-6CE2-4386-BF88-E63BCDFED1EB}.Release|Mixed Platforms.ActiveCfg = MacOsX Release|Any CPU
		{755ACE40-6CE2-4386-BF88-E63BCDFED1EB}.Release|Mixed Platforms.Build.0 = MacOsX Release|Any CPU
		{755ACE40-6CE2-4386-BF88-E63BCDFED1EB}.Release|x86.ActiveCfg = MacOsX Release|Any CPU
		{755ACE40-6CE2-4386-BF88-E63BCDFED1EB}.Windows Debug|Any CPU.ActiveCfg = Windows Debug|Any CPU
		{755ACE40-6CE2-4386-BF88-E63BCDFED1EB}.Windows Debug|Any CPU.Build.0 = Windows Debug|Any CPU
		{755ACE40-6CE2-4386-BF88-E63BCDFED1EB}.Windows Debug|Mixed Platforms.ActiveCfg = Windows Debug|Any CPU
		{755ACE40-6CE2-4386-BF88-E63BCDFED1EB}.Windows Debug|Mixed Platforms.Build.0 = Windows Debug|Any CPU
		{755ACE40-6CE2-4386-BF88-E63BCDFED1EB}.Windows Debug|x86.ActiveCfg = Windows Debug|Any CPU
		{755ACE40-6CE2-4386-BF88-E63BCDFED1EB}.Windows Release|Any CPU.ActiveCfg = Windows Release|Any CPU
		{755ACE40-6CE2-4386-BF88-E63BCDFED1EB}.Windows Release|Any CPU.Build.0 = Windows Release|Any CPU
		{755ACE40-6CE2-4386-BF88-E63BCDFED1EB}.Windows Release|Mixed Platforms.ActiveCfg = Windows Release|Any CPU
		{755ACE40-6CE2-4386-BF88-E63BCDFED1EB}.Windows Release|Mixed Platforms.Build.0 = Windows Release|Any CPU
		{755ACE40-6CE2-4386-BF88-E63BCDFED1EB}.Windows Release|x86.ActiveCfg = Windows Release|Any CPU
		{755ACE40-6CE2-4386-BF88-E63BCDFED1EB}.Windows Trace|Any CPU.ActiveCfg = Windows Trace|Any CPU
		{755ACE40-6CE2-4386-BF88-E63BCDFED1EB}.Windows Trace|Any CPU.Build.0 = Windows Trace|Any CPU
		{755ACE40-6CE2-4386-BF88-E63BCDFED1EB}.Windows Trace|Mixed Platforms.ActiveCfg = Windows Trace|Any CPU
		{755ACE40-6CE2-4386-BF88-E63BCDFED1EB}.Windows Trace|Mixed Platforms.Build.0 = Windows Trace|Any CPU
		{755ACE40-6CE2-4386-BF88-E63BCDFED1EB}.Windows Trace|x86.ActiveCfg = Windows Trace|Any CPU
		{DDD50783-4131-4138-85E6-72377C232B1C}.Debug|Any CPU.ActiveCfg = MacOsX Debug|Any CPU
		{DDD50783-4131-4138-85E6-72377C232B1C}.Debug|Any CPU.Build.0 = MacOsX Debug|Any CPU
		{DDD50783-4131-4138-85E6-72377C232B1C}.Debug|Mixed Platforms.ActiveCfg = Windows Debug|Any CPU
		{DDD50783-4131-4138-85E6-72377C232B1C}.Debug|Mixed Platforms.Build.0 = Windows Debug|Any CPU
		{DDD50783-4131-4138-85E6-72377C232B1C}.Debug|x86.ActiveCfg = MacOsX Release|Any CPU
		{DDD50783-4131-4138-85E6-72377C232B1C}.Linux Debug|Any CPU.ActiveCfg = Linux Debug|Any CPU
		{DDD50783-4131-4138-85E6-72377C232B1C}.Linux Debug|Any CPU.Build.0 = Linux Debug|Any CPU
		{DDD50783-4131-4138-85E6-72377C232B1C}.Linux Debug|Mixed Platforms.ActiveCfg = Linux Debug|Any CPU
		{DDD50783-4131-4138-85E6-72377C232B1C}.Linux Debug|Mixed Platforms.Build.0 = Linux Debug|Any CPU
		{DDD50783-4131-4138-85E6-72377C232B1C}.Linux Debug|x86.ActiveCfg = Linux Debug|Any CPU
		{DDD50783-4131-4138-85E6-72377C232B1C}.Linux Release|Any CPU.ActiveCfg = Linux Release|Any CPU
		{DDD50783-4131-4138-85E6-72377C232B1C}.Linux Release|Any CPU.Build.0 = Linux Release|Any CPU
		{DDD50783-4131-4138-85E6-72377C232B1C}.Linux Release|Mixed Platforms.ActiveCfg = Linux Release|Any CPU
		{DDD50783-4131-4138-85E6-72377C232B1C}.Linux Release|Mixed Platforms.Build.0 = Linux Release|Any CPU
		{DDD50783-4131-4138-85E6-72377C232B1C}.Linux Release|x86.ActiveCfg = Linux Release|Any CPU
		{DDD50783-4131-4138-85E6-72377C232B1C}.Linux Trace|Any CPU.ActiveCfg = Linux Trace|Any CPU
		{DDD50783-4131-4138-85E6-72377C232B1C}.Linux Trace|Any CPU.Build.0 = Linux Trace|Any CPU
		{DDD50783-4131-4138-85E6-72377C232B1C}.Linux Trace|Mixed Platforms.ActiveCfg = Linux Trace|Any CPU
		{DDD50783-4131-4138-85E6-72377C232B1C}.Linux Trace|Mixed Platforms.Build.0 = Linux Trace|Any CPU
		{DDD50783-4131-4138-85E6-72377C232B1C}.Linux Trace|x86.ActiveCfg = Linux Trace|Any CPU
		{DDD50783-4131-4138-85E6-72377C232B1C}.MacOsX Debug|Any CPU.ActiveCfg = MacOsX Debug|Any CPU
		{DDD50783-4131-4138-85E6-72377C232B1C}.MacOsX Debug|Any CPU.Build.0 = MacOsX Debug|Any CPU
		{DDD50783-4131-4138-85E6-72377C232B1C}.MacOsX Debug|Mixed Platforms.ActiveCfg = MacOsX Debug|Any CPU
		{DDD50783-4131-4138-85E6-72377C232B1C}.MacOsX Debug|Mixed Platforms.Build.0 = MacOsX Debug|Any CPU
		{DDD50783-4131-4138-85E6-72377C232B1C}.MacOsX Debug|x86.ActiveCfg = MacOsX Debug|Any CPU
		{DDD50783-4131-4138-85E6-72377C232B1C}.MacOsX Release|Any CPU.ActiveCfg = MacOsX Release|Any CPU
		{DDD50783-4131-4138-85E6-72377C232B1C}.MacOsX Release|Any CPU.Build.0 = MacOsX Release|Any CPU
		{DDD50783-4131-4138-85E6-72377C232B1C}.MacOsX Release|Mixed Platforms.ActiveCfg = MacOsX Release|Any CPU
		{DDD50783-4131-4138-85E6-72377C232B1C}.MacOsX Release|Mixed Platforms.Build.0 = MacOsX Release|Any CPU
		{DDD50783-4131-4138-85E6-72377C232B1C}.MacOsX Release|x86.ActiveCfg = MacOsX Release|Any CPU
		{DDD50783-4131-4138-85E6-72377C232B1C}.MacOsX Trace|Any CPU.ActiveCfg = MacOsX Trace|Any CPU
		{DDD50783-4131-4138-85E6-72377C232B1C}.MacOsX Trace|Any CPU.Build.0 = MacOsX Trace|Any CPU
		{DDD50783-4131-4138-85E6-72377C232B1C}.MacOsX Trace|Mixed Platforms.ActiveCfg = MacOsX Trace|Any CPU
		{DDD50783-4131-4138-85E6-72377C232B1C}.MacOsX Trace|Mixed Platforms.Build.0 = MacOsX Trace|Any CPU
		{DDD50783-4131-4138-85E6-72377C232B1C}.MacOsX Trace|x86.ActiveCfg = MacOsX Trace|Any CPU
		{DDD50783-4131-4138-85E6-72377C232B1C}.Release|Any CPU.ActiveCfg = MacOsX Release|Any CPU
		{DDD50783-4131-4138-85E6-72377C232B1C}.Release|Any CPU.Build.0 = MacOsX Release|Any CPU
		{DDD50783-4131-4138-85E6-72377C232B1C}.Release|Mixed Platforms.ActiveCfg = MacOsX Release|Any CPU
		{DDD50783-4131-4138-85E6-72377C232B1C}.Release|Mixed Platforms.Build.0 = MacOsX Release|Any CPU
		{DDD50783-4131-4138-85E6-72377C232B1C}.Release|x86.ActiveCfg = MacOsX Release|Any CPU
		{DDD50783-4131-4138-85E6-72377C232B1C}.Windows Debug|Any CPU.ActiveCfg = Windows Debug|Any CPU
		{DDD50783-4131-4138-85E6-72377C232B1C}.Windows Debug|Any CPU.Build.0 = Windows Debug|Any CPU
		{DDD50783-4131-4138-85E6-72377C232B1C}.Windows Debug|Mixed Platforms.ActiveCfg = Windows Debug|Any CPU
		{DDD50783-4131-4138-85E6-72377C232B1C}.Windows Debug|Mixed Platforms.Build.0 = Windows Debug|Any CPU
		{DDD50783-4131-4138-85E6-72377C232B1C}.Windows Debug|x86.ActiveCfg = Windows Debug|Any CPU
		{DDD50783-4131-4138-85E6-72377C232B1C}.Windows Release|Any CPU.ActiveCfg = Windows Release|Any CPU
		{DDD50783-4131-4138-85E6-72377C232B1C}.Windows Release|Any CPU.Build.0 = Windows Release|Any CPU
		{DDD50783-4131-4138-85E6-72377C232B1C}.Windows Release|Mixed Platforms.ActiveCfg = Windows Release|Any CPU
		{DDD50783-4131-4138-85E6-72377C232B1C}.Windows Release|Mixed Platforms.Build.0 = Windows Release|Any CPU
		{DDD50783-4131-4138-85E6-72377C232B1C}.Windows Release|x86.ActiveCfg = Windows Release|Any CPU
		{DDD50783-4131-4138-85E6-72377C232B1C}.Windows Trace|Any CPU.ActiveCfg = Windows Trace|Any CPU
		{DDD50783-4131-4138-85E6-72377C232B1C}.Windows Trace|Any CPU.Build.0 = Windows Trace|Any CPU
		{DDD50783-4131-4138-85E6-72377C232B1C}.Windows Trace|Mixed Platforms.ActiveCfg = Windows Trace|Any CPU
		{DDD50783-4131-4138-85E6-72377C232B1C}.Windows Trace|Mixed Platforms.Build.0 = Windows Trace|Any CPU
		{DDD50783-4131-4138-85E6-72377C232B1C}.Windows Trace|x86.ActiveCfg = Windows Trace|Any CPU
		{7B949BAF-2D7B-46D8-B471-74FB77E5CF78}.Debug|Any CPU.ActiveCfg = MacOsX Debug|Any CPU
		{7B949BAF-2D7B-46D8-B471-74FB77E5CF78}.Debug|Any CPU.Build.0 = MacOsX Debug|Any CPU
		{7B949BAF-2D7B-46D8-B471-74FB77E5CF78}.Debug|Mixed Platforms.ActiveCfg = Windows Debug|Any CPU
		{7B949BAF-2D7B-46D8-B471-74FB77E5CF78}.Debug|Mixed Platforms.Build.0 = Windows Debug|Any CPU
		{7B949BAF-2D7B-46D8-B471-74FB77E5CF78}.Debug|x86.ActiveCfg = MacOsX Release|Any CPU
		{7B949BAF-2D7B-46D8-B471-74FB77E5CF78}.Linux Debug|Any CPU.ActiveCfg = Linux Debug|Any CPU
		{7B949BAF-2D7B-46D8-B471-74FB77E5CF78}.Linux Debug|Any CPU.Build.0 = Linux Debug|Any CPU
		{7B949BAF-2D7B-46D8-B471-74FB77E5CF78}.Linux Debug|Mixed Platforms.ActiveCfg = Linux Debug|Any CPU
		{7B949BAF-2D7B-46D8-B471-74FB77E5CF78}.Linux Debug|Mixed Platforms.Build.0 = Linux Debug|Any CPU
		{7B949BAF-2D7B-46D8-B471-74FB77E5CF78}.Linux Debug|x86.ActiveCfg = Linux Debug|Any CPU
		{7B949BAF-2D7B-46D8-B471-74FB77E5CF78}.Linux Release|Any CPU.ActiveCfg = Linux Release|Any CPU
		{7B949BAF-2D7B-46D8-B471-74FB77E5CF78}.Linux Release|Any CPU.Build.0 = Linux Release|Any CPU
		{7B949BAF-2D7B-46D8-B471-74FB77E5CF78}.Linux Release|Mixed Platforms.ActiveCfg = Linux Release|Any CPU
		{7B949BAF-2D7B-46D8-B471-74FB77E5CF78}.Linux Release|Mixed Platforms.Build.0 = Linux Release|Any CPU
		{7B949BAF-2D7B-46D8-B471-74FB77E5CF78}.Linux Release|x86.ActiveCfg = Linux Release|Any CPU
		{7B949BAF-2D7B-46D8-B471-74FB77E5CF78}.Linux Trace|Any CPU.ActiveCfg = Linux Trace|Any CPU
		{7B949BAF-2D7B-46D8-B471-74FB77E5CF78}.Linux Trace|Any CPU.Build.0 = Linux Trace|Any CPU
		{7B949BAF-2D7B-46D8-B471-74FB77E5CF78}.Linux Trace|Mixed Platforms.ActiveCfg = Linux Trace|Any CPU
		{7B949BAF-2D7B-46D8-B471-74FB77E5CF78}.Linux Trace|Mixed Platforms.Build.0 = Linux Trace|Any CPU
		{7B949BAF-2D7B-46D8-B471-74FB77E5CF78}.Linux Trace|x86.ActiveCfg = Linux Trace|Any CPU
		{7B949BAF-2D7B-46D8-B471-74FB77E5CF78}.MacOsX Debug|Any CPU.ActiveCfg = MacOsX Debug|Any CPU
		{7B949BAF-2D7B-46D8-B471-74FB77E5CF78}.MacOsX Debug|Any CPU.Build.0 = MacOsX Debug|Any CPU
		{7B949BAF-2D7B-46D8-B471-74FB77E5CF78}.MacOsX Debug|Mixed Platforms.ActiveCfg = MacOsX Debug|Any CPU
		{7B949BAF-2D7B-46D8-B471-74FB77E5CF78}.MacOsX Debug|Mixed Platforms.Build.0 = MacOsX Debug|Any CPU
		{7B949BAF-2D7B-46D8-B471-74FB77E5CF78}.MacOsX Debug|x86.ActiveCfg = MacOsX Debug|Any CPU
		{7B949BAF-2D7B-46D8-B471-74FB77E5CF78}.MacOsX Release|Any CPU.ActiveCfg = MacOsX Release|Any CPU
		{7B949BAF-2D7B-46D8-B471-74FB77E5CF78}.MacOsX Release|Any CPU.Build.0 = MacOsX Release|Any CPU
		{7B949BAF-2D7B-46D8-B471-74FB77E5CF78}.MacOsX Release|Mixed Platforms.ActiveCfg = MacOsX Release|Any CPU
		{7B949BAF-2D7B-46D8-B471-74FB77E5CF78}.MacOsX Release|Mixed Platforms.Build.0 = MacOsX Release|Any CPU
		{7B949BAF-2D7B-46D8-B471-74FB77E5CF78}.MacOsX Release|x86.ActiveCfg = MacOsX Release|Any CPU
		{7B949BAF-2D7B-46D8-B471-74FB77E5CF78}.MacOsX Trace|Any CPU.ActiveCfg = MacOsX Trace|Any CPU
		{7B949BAF-2D7B-46D8-B471-74FB77E5CF78}.MacOsX Trace|Any CPU.Build.0 = MacOsX Trace|Any CPU
		{7B949BAF-2D7B-46D8-B471-74FB77E5CF78}.MacOsX Trace|Mixed Platforms.ActiveCfg = MacOsX Trace|Any CPU
		{7B949BAF-2D7B-46D8-B471-74FB77E5CF78}.MacOsX Trace|Mixed Platforms.Build.0 = MacOsX Trace|Any CPU
		{7B949BAF-2D7B-46D8-B471-74FB77E5CF78}.MacOsX Trace|x86.ActiveCfg = MacOsX Trace|Any CPU
		{7B949BAF-2D7B-46D8-B471-74FB77E5CF78}.Release|Any CPU.ActiveCfg = MacOsX Release|Any CPU
		{7B949BAF-2D7B-46D8-B471-74FB77E5CF78}.Release|Any CPU.Build.0 = MacOsX Release|Any CPU
		{7B949BAF-2D7B-46D8-B471-74FB77E5CF78}.Release|Mixed Platforms.ActiveCfg = MacOsX Release|Any CPU
		{7B949BAF-2D7B-46D8-B471-74FB77E5CF78}.Release|Mixed Platforms.Build.0 = MacOsX Release|Any CPU
		{7B949BAF-2D7B-46D8-B471-74FB77E5CF78}.Release|x86.ActiveCfg = MacOsX Release|Any CPU
		{7B949BAF-2D7B-46D8-B471-74FB77E5CF78}.Windows Debug|Any CPU.ActiveCfg = Windows Debug|Any CPU
		{7B949BAF-2D7B-46D8-B471-74FB77E5CF78}.Windows Debug|Any CPU.Build.0 = Windows Debug|Any CPU
		{7B949BAF-2D7B-46D8-B471-74FB77E5CF78}.Windows Debug|Mixed Platforms.ActiveCfg = Windows Debug|Any CPU
		{7B949BAF-2D7B-46D8-B471-74FB77E5CF78}.Windows Debug|Mixed Platforms.Build.0 = Windows Debug|Any CPU
		{7B949BAF-2D7B-46D8-B471-74FB77E5CF78}.Windows Debug|x86.ActiveCfg = Windows Debug|Any CPU
		{7B949BAF-2D7B-46D8-B471-74FB77E5CF78}.Windows Release|Any CPU.ActiveCfg = Windows Release|Any CPU
		{7B949BAF-2D7B-46D8-B471-74FB77E5CF78}.Windows Release|Any CPU.Build.0 = Windows Release|Any CPU
		{7B949BAF-2D7B-46D8-B471-74FB77E5CF78}.Windows Release|Mixed Platforms.ActiveCfg = Windows Release|Any CPU
		{7B949BAF-2D7B-46D8-B471-74FB77E5CF78}.Windows Release|Mixed Platforms.Build.0 = Windows Release|Any CPU
		{7B949BAF-2D7B-46D8-B471-74FB77E5CF78}.Windows Release|x86.ActiveCfg = Windows Release|Any CPU
		{7B949BAF-2D7B-46D8-B471-74FB77E5CF78}.Windows Trace|Any CPU.ActiveCfg = Windows Trace|Any CPU
		{7B949BAF-2D7B-46D8-B471-74FB77E5CF78}.Windows Trace|Any CPU.Build.0 = Windows Trace|Any CPU
		{7B949BAF-2D7B-46D8-B471-74FB77E5CF78}.Windows Trace|Mixed Platforms.ActiveCfg = Windows Trace|Any CPU
		{7B949BAF-2D7B-46D8-B471-74FB77E5CF78}.Windows Trace|Mixed Platforms.Build.0 = Windows Trace|Any CPU
		{7B949BAF-2D7B-46D8-B471-74FB77E5CF78}.Windows Trace|x86.ActiveCfg = Windows Trace|Any CPU
		{5B22915C-E24E-4235-A61E-037D8BF0521F}.Debug|Any CPU.ActiveCfg = MacOsX Debug|Any CPU
		{5B22915C-E24E-4235-A61E-037D8BF0521F}.Debug|Any CPU.Build.0 = MacOsX Debug|Any CPU
		{5B22915C-E24E-4235-A61E-037D8BF0521F}.Debug|Mixed Platforms.ActiveCfg = Windows Debug|Any CPU
		{5B22915C-E24E-4235-A61E-037D8BF0521F}.Debug|Mixed Platforms.Build.0 = Windows Debug|Any CPU
		{5B22915C-E24E-4235-A61E-037D8BF0521F}.Debug|x86.ActiveCfg = MacOsX Release|Any CPU
		{5B22915C-E24E-4235-A61E-037D8BF0521F}.Linux Debug|Any CPU.ActiveCfg = Linux Debug|Any CPU
		{5B22915C-E24E-4235-A61E-037D8BF0521F}.Linux Debug|Any CPU.Build.0 = Linux Debug|Any CPU
		{5B22915C-E24E-4235-A61E-037D8BF0521F}.Linux Debug|Mixed Platforms.ActiveCfg = Linux Debug|Any CPU
		{5B22915C-E24E-4235-A61E-037D8BF0521F}.Linux Debug|Mixed Platforms.Build.0 = Linux Debug|Any CPU
		{5B22915C-E24E-4235-A61E-037D8BF0521F}.Linux Debug|x86.ActiveCfg = Linux Debug|Any CPU
		{5B22915C-E24E-4235-A61E-037D8BF0521F}.Linux Release|Any CPU.ActiveCfg = Linux Release|Any CPU
		{5B22915C-E24E-4235-A61E-037D8BF0521F}.Linux Release|Any CPU.Build.0 = Linux Release|Any CPU
		{5B22915C-E24E-4235-A61E-037D8BF0521F}.Linux Release|Mixed Platforms.ActiveCfg = Linux Release|Any CPU
		{5B22915C-E24E-4235-A61E-037D8BF0521F}.Linux Release|Mixed Platforms.Build.0 = Linux Release|Any CPU
		{5B22915C-E24E-4235-A61E-037D8BF0521F}.Linux Release|x86.ActiveCfg = Linux Release|Any CPU
		{5B22915C-E24E-4235-A61E-037D8BF0521F}.Linux Trace|Any CPU.ActiveCfg = Linux Trace|Any CPU
		{5B22915C-E24E-4235-A61E-037D8BF0521F}.Linux Trace|Any CPU.Build.0 = Linux Trace|Any CPU
		{5B22915C-E24E-4235-A61E-037D8BF0521F}.Linux Trace|Mixed Platforms.ActiveCfg = Linux Trace|Any CPU
		{5B22915C-E24E-4235-A61E-037D8BF0521F}.Linux Trace|Mixed Platforms.Build.0 = Linux Trace|Any CPU
		{5B22915C-E24E-4235-A61E-037D8BF0521F}.Linux Trace|x86.ActiveCfg = Linux Trace|Any CPU
		{5B22915C-E24E-4235-A61E-037D8BF0521F}.MacOsX Debug|Any CPU.ActiveCfg = MacOsX Debug|Any CPU
		{5B22915C-E24E-4235-A61E-037D8BF0521F}.MacOsX Debug|Any CPU.Build.0 = MacOsX Debug|Any CPU
		{5B22915C-E24E-4235-A61E-037D8BF0521F}.MacOsX Debug|Mixed Platforms.ActiveCfg = MacOsX Debug|Any CPU
		{5B22915C-E24E-4235-A61E-037D8BF0521F}.MacOsX Debug|Mixed Platforms.Build.0 = MacOsX Debug|Any CPU
		{5B22915C-E24E-4235-A61E-037D8BF0521F}.MacOsX Debug|x86.ActiveCfg = MacOsX Debug|Any CPU
		{5B22915C-E24E-4235-A61E-037D8BF0521F}.MacOsX Release|Any CPU.ActiveCfg = MacOsX Release|Any CPU
		{5B22915C-E24E-4235-A61E-037D8BF0521F}.MacOsX Release|Any CPU.Build.0 = MacOsX Release|Any CPU
		{5B22915C-E24E-4235-A61E-037D8BF0521F}.MacOsX Release|Mixed Platforms.ActiveCfg = MacOsX Release|Any CPU
		{5B22915C-E24E-4235-A61E-037D8BF0521F}.MacOsX Release|Mixed Platforms.Build.0 = MacOsX Release|Any CPU
		{5B22915C-E24E-4235-A61E-037D8BF0521F}.MacOsX Release|x86.ActiveCfg = MacOsX Release|Any CPU
		{5B22915C-E24E-4235-A61E-037D8BF0521F}.MacOsX Trace|Any CPU.ActiveCfg = MacOsX Trace|Any CPU
		{5B22915C-E24E-4235-A61E-037D8BF0521F}.MacOsX Trace|Any CPU.Build.0 = MacOsX Trace|Any CPU
		{5B22915C-E24E-4235-A61E-037D8BF0521F}.MacOsX Trace|Mixed Platforms.ActiveCfg = MacOsX Trace|Any CPU
		{5B22915C-E24E-4235-A61E-037D8BF0521F}.MacOsX Trace|Mixed Platforms.Build.0 = MacOsX Trace|Any CPU
		{5B22915C-E24E-4235-A61E-037D8BF0521F}.MacOsX Trace|x86.ActiveCfg = MacOsX Trace|Any CPU
		{5B22915C-E24E-4235-A61E-037D8BF0521F}.Release|Any CPU.ActiveCfg = MacOsX Release|Any CPU
		{5B22915C-E24E-4235-A61E-037D8BF0521F}.Release|Any CPU.Build.0 = MacOsX Release|Any CPU
		{5B22915C-E24E-4235-A61E-037D8BF0521F}.Release|Mixed Platforms.ActiveCfg = MacOsX Release|Any CPU
		{5B22915C-E24E-4235-A61E-037D8BF0521F}.Release|Mixed Platforms.Build.0 = MacOsX Release|Any CPU
		{5B22915C-E24E-4235-A61E-037D8BF0521F}.Release|x86.ActiveCfg = MacOsX Release|Any CPU
		{5B22915C-E24E-4235-A61E-037D8BF0521F}.Windows Debug|Any CPU.ActiveCfg = Windows Debug|Any CPU
		{5B22915C-E24E-4235-A61E-037D8BF0521F}.Windows Debug|Any CPU.Build.0 = Windows Debug|Any CPU
		{5B22915C-E24E-4235-A61E-037D8BF0521F}.Windows Debug|Mixed Platforms.ActiveCfg = Windows Debug|Any CPU
		{5B22915C-E24E-4235-A61E-037D8BF0521F}.Windows Debug|Mixed Platforms.Build.0 = Windows Debug|Any CPU
		{5B22915C-E24E-4235-A61E-037D8BF0521F}.Windows Debug|x86.ActiveCfg = Windows Debug|Any CPU
		{5B22915C-E24E-4235-A61E-037D8BF0521F}.Windows Release|Any CPU.ActiveCfg = Windows Release|Any CPU
		{5B22915C-E24E-4235-A61E-037D8BF0521F}.Windows Release|Any CPU.Build.0 = Windows Release|Any CPU
		{5B22915C-E24E-4235-A61E-037D8BF0521F}.Windows Release|Mixed Platforms.ActiveCfg = Windows Release|Any CPU
		{5B22915C-E24E-4235-A61E-037D8BF0521F}.Windows Release|Mixed Platforms.Build.0 = Windows Release|Any CPU
		{5B22915C-E24E-4235-A61E-037D8BF0521F}.Windows Release|x86.ActiveCfg = Windows Release|Any CPU
		{5B22915C-E24E-4235-A61E-037D8BF0521F}.Windows Trace|Any CPU.ActiveCfg = Windows Trace|Any CPU
		{5B22915C-E24E-4235-A61E-037D8BF0521F}.Windows Trace|Any CPU.Build.0 = Windows Trace|Any CPU
		{5B22915C-E24E-4235-A61E-037D8BF0521F}.Windows Trace|Mixed Platforms.ActiveCfg = Windows Trace|Any CPU
		{5B22915C-E24E-4235-A61E-037D8BF0521F}.Windows Trace|Mixed Platforms.Build.0 = Windows Trace|Any CPU
		{5B22915C-E24E-4235-A61E-037D8BF0521F}.Windows Trace|x86.ActiveCfg = Windows Trace|Any CPU
		{0C5892E4-556F-447C-A6B3-5EC8C2FAB666}.Debug|Any CPU.ActiveCfg = MacOsX Debug|Any CPU
		{0C5892E4-556F-447C-A6B3-5EC8C2FAB666}.Debug|Any CPU.Build.0 = MacOsX Debug|Any CPU
		{0C5892E4-556F-447C-A6B3-5EC8C2FAB666}.Debug|Mixed Platforms.ActiveCfg = Windows Debug|Any CPU
		{0C5892E4-556F-447C-A6B3-5EC8C2FAB666}.Debug|Mixed Platforms.Build.0 = Windows Debug|Any CPU
		{0C5892E4-556F-447C-A6B3-5EC8C2FAB666}.Debug|x86.ActiveCfg = MacOsX Release|Any CPU
		{0C5892E4-556F-447C-A6B3-5EC8C2FAB666}.Linux Debug|Any CPU.ActiveCfg = Linux Debug|Any CPU
		{0C5892E4-556F-447C-A6B3-5EC8C2FAB666}.Linux Debug|Any CPU.Build.0 = Linux Debug|Any CPU
		{0C5892E4-556F-447C-A6B3-5EC8C2FAB666}.Linux Debug|Mixed Platforms.ActiveCfg = Linux Debug|Any CPU
		{0C5892E4-556F-447C-A6B3-5EC8C2FAB666}.Linux Debug|Mixed Platforms.Build.0 = Linux Debug|Any CPU
		{0C5892E4-556F-447C-A6B3-5EC8C2FAB666}.Linux Debug|x86.ActiveCfg = Linux Debug|Any CPU
		{0C5892E4-556F-447C-A6B3-5EC8C2FAB666}.Linux Release|Any CPU.ActiveCfg = Linux Release|Any CPU
		{0C5892E4-556F-447C-A6B3-5EC8C2FAB666}.Linux Release|Any CPU.Build.0 = Linux Release|Any CPU
		{0C5892E4-556F-447C-A6B3-5EC8C2FAB666}.Linux Release|Mixed Platforms.ActiveCfg = Linux Release|Any CPU
		{0C5892E4-556F-447C-A6B3-5EC8C2FAB666}.Linux Release|Mixed Platforms.Build.0 = Linux Release|Any CPU
		{0C5892E4-556F-447C-A6B3-5EC8C2FAB666}.Linux Release|x86.ActiveCfg = Linux Release|Any CPU
		{0C5892E4-556F-447C-A6B3-5EC8C2FAB666}.Linux Trace|Any CPU.ActiveCfg = Linux Trace|Any CPU
		{0C5892E4-556F-447C-A6B3-5EC8C2FAB666}.Linux Trace|Any CPU.Build.0 = Linux Trace|Any CPU
		{0C5892E4-556F-447C-A6B3-5EC8C2FAB666}.Linux Trace|Mixed Platforms.ActiveCfg = Linux Trace|Any CPU
		{0C5892E4-556F-447C-A6B3-5EC8C2FAB666}.Linux Trace|Mixed Platforms.Build.0 = Linux Trace|Any CPU
		{0C5892E4-556F-447C-A6B3-5EC8C2FAB666}.Linux Trace|x86.ActiveCfg = Linux Trace|Any CPU
		{0C5892E4-556F-447C-A6B3-5EC8C2FAB666}.MacOsX Debug|Any CPU.ActiveCfg = MacOsX Debug|Any CPU
		{0C5892E4-556F-447C-A6B3-5EC8C2FAB666}.MacOsX Debug|Any CPU.Build.0 = MacOsX Debug|Any CPU
		{0C5892E4-556F-447C-A6B3-5EC8C2FAB666}.MacOsX Debug|Mixed Platforms.ActiveCfg = MacOsX Debug|Any CPU
		{0C5892E4-556F-447C-A6B3-5EC8C2FAB666}.MacOsX Debug|Mixed Platforms.Build.0 = MacOsX Debug|Any CPU
		{0C5892E4-556F-447C-A6B3-5EC8C2FAB666}.MacOsX Debug|x86.ActiveCfg = MacOsX Debug|Any CPU
		{0C5892E4-556F-447C-A6B3-5EC8C2FAB666}.MacOsX Release|Any CPU.ActiveCfg = MacOsX Release|Any CPU
		{0C5892E4-556F-447C-A6B3-5EC8C2FAB666}.MacOsX Release|Any CPU.Build.0 = MacOsX Release|Any CPU
		{0C5892E4-556F-447C-A6B3-5EC8C2FAB666}.MacOsX Release|Mixed Platforms.ActiveCfg = MacOsX Release|Any CPU
		{0C5892E4-556F-447C-A6B3-5EC8C2FAB666}.MacOsX Release|Mixed Platforms.Build.0 = MacOsX Release|Any CPU
		{0C5892E4-556F-447C-A6B3-5EC8C2FAB666}.MacOsX Release|x86.ActiveCfg = MacOsX Release|Any CPU
		{0C5892E4-556F-447C-A6B3-5EC8C2FAB666}.MacOsX Trace|Any CPU.ActiveCfg = MacOsX Trace|Any CPU
		{0C5892E4-556F-447C-A6B3-5EC8C2FAB666}.MacOsX Trace|Any CPU.Build.0 = MacOsX Trace|Any CPU
		{0C5892E4-556F-447C-A6B3-5EC8C2FAB666}.MacOsX Trace|Mixed Platforms.ActiveCfg = MacOsX Trace|Any CPU
		{0C5892E4-556F-447C-A6B3-5EC8C2FAB666}.MacOsX Trace|Mixed Platforms.Build.0 = MacOsX Trace|Any CPU
		{0C5892E4-556F-447C-A6B3-5EC8C2FAB666}.MacOsX Trace|x86.ActiveCfg = MacOsX Trace|Any CPU
		{0C5892E4-556F-447C-A6B3-5EC8C2FAB666}.Release|Any CPU.ActiveCfg = MacOsX Release|Any CPU
		{0C5892E4-556F-447C-A6B3-5EC8C2FAB666}.Release|Any CPU.Build.0 = MacOsX Release|Any CPU
		{0C5892E4-556F-447C-A6B3-5EC8C2FAB666}.Release|Mixed Platforms.ActiveCfg = MacOsX Release|Any CPU
		{0C5892E4-556F-447C-A6B3-5EC8C2FAB666}.Release|Mixed Platforms.Build.0 = MacOsX Release|Any CPU
		{0C5892E4-556F-447C-A6B3-5EC8C2FAB666}.Release|x86.ActiveCfg = MacOsX Release|Any CPU
		{0C5892E4-556F-447C-A6B3-5EC8C2FAB666}.Windows Debug|Any CPU.ActiveCfg = Windows Debug|Any CPU
		{0C5892E4-556F-447C-A6B3-5EC8C2FAB666}.Windows Debug|Any CPU.Build.0 = Windows Debug|Any CPU
		{0C5892E4-556F-447C-A6B3-5EC8C2FAB666}.Windows Debug|Mixed Platforms.ActiveCfg = Windows Debug|Any CPU
		{0C5892E4-556F-447C-A6B3-5EC8C2FAB666}.Windows Debug|Mixed Platforms.Build.0 = Windows Debug|Any CPU
		{0C5892E4-556F-447C-A6B3-5EC8C2FAB666}.Windows Debug|x86.ActiveCfg = Windows Debug|Any CPU
		{0C5892E4-556F-447C-A6B3-5EC8C2FAB666}.Windows Release|Any CPU.ActiveCfg = Windows Release|Any CPU
		{0C5892E4-556F-447C-A6B3-5EC8C2FAB666}.Windows Release|Any CPU.Build.0 = Windows Release|Any CPU
		{0C5892E4-556F-447C-A6B3-5EC8C2FAB666}.Windows Release|Mixed Platforms.ActiveCfg = Windows Release|Any CPU
		{0C5892E4-556F-447C-A6B3-5EC8C2FAB666}.Windows Release|Mixed Platforms.Build.0 = Windows Release|Any CPU
		{0C5892E4-556F-447C-A6B3-5EC8C2FAB666}.Windows Release|x86.ActiveCfg = Windows Release|Any CPU
		{0C5892E4-556F-447C-A6B3-5EC8C2FAB666}.Windows Trace|Any CPU.ActiveCfg = Windows Trace|Any CPU
		{0C5892E4-556F-447C-A6B3-5EC8C2FAB666}.Windows Trace|Any CPU.Build.0 = Windows Trace|Any CPU
		{0C5892E4-556F-447C-A6B3-5EC8C2FAB666}.Windows Trace|Mixed Platforms.ActiveCfg = Windows Trace|Any CPU
		{0C5892E4-556F-447C-A6B3-5EC8C2FAB666}.Windows Trace|Mixed Platforms.Build.0 = Windows Trace|Any CPU
		{0C5892E4-556F-447C-A6B3-5EC8C2FAB666}.Windows Trace|x86.ActiveCfg = Windows Trace|Any CPU
		{4853E3E0-A519-4D2D-9DBB-E9749EDAAEA6}.Debug|Any CPU.ActiveCfg = MacOsX Debug|Any CPU
		{4853E3E0-A519-4D2D-9DBB-E9749EDAAEA6}.Debug|Any CPU.Build.0 = MacOsX Debug|Any CPU
		{4853E3E0-A519-4D2D-9DBB-E9749EDAAEA6}.Debug|Mixed Platforms.ActiveCfg = Windows Debug|Any CPU
		{4853E3E0-A519-4D2D-9DBB-E9749EDAAEA6}.Debug|Mixed Platforms.Build.0 = Windows Debug|Any CPU
		{4853E3E0-A519-4D2D-9DBB-E9749EDAAEA6}.Debug|x86.ActiveCfg = MacOsX Release|Any CPU
		{4853E3E0-A519-4D2D-9DBB-E9749EDAAEA6}.Linux Debug|Any CPU.ActiveCfg = Linux Debug|Any CPU
		{4853E3E0-A519-4D2D-9DBB-E9749EDAAEA6}.Linux Debug|Any CPU.Build.0 = Linux Debug|Any CPU
		{4853E3E0-A519-4D2D-9DBB-E9749EDAAEA6}.Linux Debug|Mixed Platforms.ActiveCfg = Linux Debug|Any CPU
		{4853E3E0-A519-4D2D-9DBB-E9749EDAAEA6}.Linux Debug|Mixed Platforms.Build.0 = Linux Debug|Any CPU
		{4853E3E0-A519-4D2D-9DBB-E9749EDAAEA6}.Linux Debug|x86.ActiveCfg = Linux Debug|Any CPU
		{4853E3E0-A519-4D2D-9DBB-E9749EDAAEA6}.Linux Release|Any CPU.ActiveCfg = Linux Release|Any CPU
		{4853E3E0-A519-4D2D-9DBB-E9749EDAAEA6}.Linux Release|Any CPU.Build.0 = Linux Release|Any CPU
		{4853E3E0-A519-4D2D-9DBB-E9749EDAAEA6}.Linux Release|Mixed Platforms.ActiveCfg = Linux Release|Any CPU
		{4853E3E0-A519-4D2D-9DBB-E9749EDAAEA6}.Linux Release|Mixed Platforms.Build.0 = Linux Release|Any CPU
		{4853E3E0-A519-4D2D-9DBB-E9749EDAAEA6}.Linux Release|x86.ActiveCfg = Linux Release|Any CPU
		{4853E3E0-A519-4D2D-9DBB-E9749EDAAEA6}.Linux Trace|Any CPU.ActiveCfg = Linux Trace|Any CPU
		{4853E3E0-A519-4D2D-9DBB-E9749EDAAEA6}.Linux Trace|Any CPU.Build.0 = Linux Trace|Any CPU
		{4853E3E0-A519-4D2D-9DBB-E9749EDAAEA6}.Linux Trace|Mixed Platforms.ActiveCfg = Linux Trace|Any CPU
		{4853E3E0-A519-4D2D-9DBB-E9749EDAAEA6}.Linux Trace|Mixed Platforms.Build.0 = Linux Trace|Any CPU
		{4853E3E0-A519-4D2D-9DBB-E9749EDAAEA6}.Linux Trace|x86.ActiveCfg = Linux Trace|Any CPU
		{4853E3E0-A519-4D2D-9DBB-E9749EDAAEA6}.MacOsX Debug|Any CPU.ActiveCfg = MacOsX Debug|Any CPU
		{4853E3E0-A519-4D2D-9DBB-E9749EDAAEA6}.MacOsX Debug|Any CPU.Build.0 = MacOsX Debug|Any CPU
		{4853E3E0-A519-4D2D-9DBB-E9749EDAAEA6}.MacOsX Debug|Mixed Platforms.ActiveCfg = MacOsX Debug|Any CPU
		{4853E3E0-A519-4D2D-9DBB-E9749EDAAEA6}.MacOsX Debug|Mixed Platforms.Build.0 = MacOsX Debug|Any CPU
		{4853E3E0-A519-4D2D-9DBB-E9749EDAAEA6}.MacOsX Debug|x86.ActiveCfg = MacOsX Debug|Any CPU
		{4853E3E0-A519-4D2D-9DBB-E9749EDAAEA6}.MacOsX Release|Any CPU.ActiveCfg = MacOsX Release|Any CPU
		{4853E3E0-A519-4D2D-9DBB-E9749EDAAEA6}.MacOsX Release|Any CPU.Build.0 = MacOsX Release|Any CPU
		{4853E3E0-A519-4D2D-9DBB-E9749EDAAEA6}.MacOsX Release|Mixed Platforms.ActiveCfg = MacOsX Release|Any CPU
		{4853E3E0-A519-4D2D-9DBB-E9749EDAAEA6}.MacOsX Release|Mixed Platforms.Build.0 = MacOsX Release|Any CPU
		{4853E3E0-A519-4D2D-9DBB-E9749EDAAEA6}.MacOsX Release|x86.ActiveCfg = MacOsX Release|Any CPU
		{4853E3E0-A519-4D2D-9DBB-E9749EDAAEA6}.MacOsX Trace|Any CPU.ActiveCfg = MacOsX Trace|Any CPU
		{4853E3E0-A519-4D2D-9DBB-E9749EDAAEA6}.MacOsX Trace|Any CPU.Build.0 = MacOsX Trace|Any CPU
		{4853E3E0-A519-4D2D-9DBB-E9749EDAAEA6}.MacOsX Trace|Mixed Platforms.ActiveCfg = MacOsX Trace|Any CPU
		{4853E3E0-A519-4D2D-9DBB-E9749EDAAEA6}.MacOsX Trace|Mixed Platforms.Build.0 = MacOsX Trace|Any CPU
		{4853E3E0-A519-4D2D-9DBB-E9749EDAAEA6}.MacOsX Trace|x86.ActiveCfg = MacOsX Trace|Any CPU
		{4853E3E0-A519-4D2D-9DBB-E9749EDAAEA6}.Release|Any CPU.ActiveCfg = MacOsX Release|Any CPU
		{4853E3E0-A519-4D2D-9DBB-E9749EDAAEA6}.Release|Any CPU.Build.0 = MacOsX Release|Any CPU
		{4853E3E0-A519-4D2D-9DBB-E9749EDAAEA6}.Release|Mixed Platforms.ActiveCfg = MacOsX Release|Any CPU
		{4853E3E0-A519-4D2D-9DBB-E9749EDAAEA6}.Release|Mixed Platforms.Build.0 = MacOsX Release|Any CPU
		{4853E3E0-A519-4D2D-9DBB-E9749EDAAEA6}.Release|x86.ActiveCfg = MacOsX Release|Any CPU
		{4853E3E0-A519-4D2D-9DBB-E9749EDAAEA6}.Windows Debug|Any CPU.ActiveCfg = Windows Debug|Any CPU
		{4853E3E0-A519-4D2D-9DBB-E9749EDAAEA6}.Windows Debug|Any CPU.Build.0 = Windows Debug|Any CPU
		{4853E3E0-A519-4D2D-9DBB-E9749EDAAEA6}.Windows Debug|Mixed Platforms.ActiveCfg = Windows Debug|Any CPU
		{4853E3E0-A519-4D2D-9DBB-E9749EDAAEA6}.Windows Debug|Mixed Platforms.Build.0 = Windows Debug|Any CPU
		{4853E3E0-A519-4D2D-9DBB-E9749EDAAEA6}.Windows Debug|x86.ActiveCfg = Windows Debug|Any CPU
		{4853E3E0-A519-4D2D-9DBB-E9749EDAAEA6}.Windows Release|Any CPU.ActiveCfg = Windows Release|Any CPU
		{4853E3E0-A519-4D2D-9DBB-E9749EDAAEA6}.Windows Release|Any CPU.Build.0 = Windows Release|Any CPU
		{4853E3E0-A519-4D2D-9DBB-E9749EDAAEA6}.Windows Release|Mixed Platforms.ActiveCfg = Windows Release|Any CPU
		{4853E3E0-A519-4D2D-9DBB-E9749EDAAEA6}.Windows Release|Mixed Platforms.Build.0 = Windows Release|Any CPU
		{4853E3E0-A519-4D2D-9DBB-E9749EDAAEA6}.Windows Release|x86.ActiveCfg = Windows Release|Any CPU
		{4853E3E0-A519-4D2D-9DBB-E9749EDAAEA6}.Windows Trace|Any CPU.ActiveCfg = Windows Trace|Any CPU
		{4853E3E0-A519-4D2D-9DBB-E9749EDAAEA6}.Windows Trace|Any CPU.Build.0 = Windows Trace|Any CPU
		{4853E3E0-A519-4D2D-9DBB-E9749EDAAEA6}.Windows Trace|Mixed Platforms.ActiveCfg = Windows Trace|Any CPU
		{4853E3E0-A519-4D2D-9DBB-E9749EDAAEA6}.Windows Trace|Mixed Platforms.Build.0 = Windows Trace|Any CPU
		{4853E3E0-A519-4D2D-9DBB-E9749EDAAEA6}.Windows Trace|x86.ActiveCfg = Windows Trace|Any CPU
		{B7939F7A-0433-4685-9799-B7AB45FBA1E0}.Debug|Any CPU.ActiveCfg = MacOsX Debug|Any CPU
		{B7939F7A-0433-4685-9799-B7AB45FBA1E0}.Debug|Any CPU.Build.0 = MacOsX Debug|Any CPU
		{B7939F7A-0433-4685-9799-B7AB45FBA1E0}.Debug|Mixed Platforms.ActiveCfg = MacOsX Release|Any CPU
		{B7939F7A-0433-4685-9799-B7AB45FBA1E0}.Debug|Mixed Platforms.Build.0 = MacOsX Release|Any CPU
		{B7939F7A-0433-4685-9799-B7AB45FBA1E0}.Debug|x86.ActiveCfg = MacOsX Release|Any CPU
		{B7939F7A-0433-4685-9799-B7AB45FBA1E0}.Linux Debug|Any CPU.ActiveCfg = Linux Debug|Any CPU
		{B7939F7A-0433-4685-9799-B7AB45FBA1E0}.Linux Debug|Any CPU.Build.0 = Linux Debug|Any CPU
		{B7939F7A-0433-4685-9799-B7AB45FBA1E0}.Linux Debug|Mixed Platforms.ActiveCfg = Linux Debug|Any CPU
		{B7939F7A-0433-4685-9799-B7AB45FBA1E0}.Linux Debug|Mixed Platforms.Build.0 = Linux Debug|Any CPU
		{B7939F7A-0433-4685-9799-B7AB45FBA1E0}.Linux Debug|x86.ActiveCfg = Linux Debug|Any CPU
		{B7939F7A-0433-4685-9799-B7AB45FBA1E0}.Linux Release|Any CPU.ActiveCfg = Linux Release|Any CPU
		{B7939F7A-0433-4685-9799-B7AB45FBA1E0}.Linux Release|Any CPU.Build.0 = Linux Release|Any CPU
		{B7939F7A-0433-4685-9799-B7AB45FBA1E0}.Linux Release|Mixed Platforms.ActiveCfg = Linux Release|Any CPU
		{B7939F7A-0433-4685-9799-B7AB45FBA1E0}.Linux Release|Mixed Platforms.Build.0 = Linux Release|Any CPU
		{B7939F7A-0433-4685-9799-B7AB45FBA1E0}.Linux Release|x86.ActiveCfg = Linux Release|Any CPU
		{B7939F7A-0433-4685-9799-B7AB45FBA1E0}.Linux Trace|Any CPU.ActiveCfg = Linux Trace|Any CPU
		{B7939F7A-0433-4685-9799-B7AB45FBA1E0}.Linux Trace|Any CPU.Build.0 = Linux Trace|Any CPU
		{B7939F7A-0433-4685-9799-B7AB45FBA1E0}.Linux Trace|Mixed Platforms.ActiveCfg = Linux Trace|Any CPU
		{B7939F7A-0433-4685-9799-B7AB45FBA1E0}.Linux Trace|Mixed Platforms.Build.0 = Linux Trace|Any CPU
		{B7939F7A-0433-4685-9799-B7AB45FBA1E0}.Linux Trace|x86.ActiveCfg = Linux Trace|Any CPU
		{B7939F7A-0433-4685-9799-B7AB45FBA1E0}.MacOsX Debug|Any CPU.ActiveCfg = MacOsX Debug|Any CPU
		{B7939F7A-0433-4685-9799-B7AB45FBA1E0}.MacOsX Debug|Any CPU.Build.0 = MacOsX Debug|Any CPU
		{B7939F7A-0433-4685-9799-B7AB45FBA1E0}.MacOsX Debug|Mixed Platforms.ActiveCfg = MacOsX Debug|Any CPU
		{B7939F7A-0433-4685-9799-B7AB45FBA1E0}.MacOsX Debug|Mixed Platforms.Build.0 = MacOsX Debug|Any CPU
		{B7939F7A-0433-4685-9799-B7AB45FBA1E0}.MacOsX Debug|x86.ActiveCfg = MacOsX Debug|Any CPU
		{B7939F7A-0433-4685-9799-B7AB45FBA1E0}.MacOsX Release|Any CPU.ActiveCfg = MacOsX Release|Any CPU
		{B7939F7A-0433-4685-9799-B7AB45FBA1E0}.MacOsX Release|Any CPU.Build.0 = MacOsX Release|Any CPU
		{B7939F7A-0433-4685-9799-B7AB45FBA1E0}.MacOsX Release|Mixed Platforms.ActiveCfg = MacOsX Release|Any CPU
		{B7939F7A-0433-4685-9799-B7AB45FBA1E0}.MacOsX Release|Mixed Platforms.Build.0 = MacOsX Release|Any CPU
		{B7939F7A-0433-4685-9799-B7AB45FBA1E0}.MacOsX Release|x86.ActiveCfg = MacOsX Release|Any CPU
		{B7939F7A-0433-4685-9799-B7AB45FBA1E0}.MacOsX Trace|Any CPU.ActiveCfg = MacOsX Trace|Any CPU
		{B7939F7A-0433-4685-9799-B7AB45FBA1E0}.MacOsX Trace|Any CPU.Build.0 = MacOsX Trace|Any CPU
		{B7939F7A-0433-4685-9799-B7AB45FBA1E0}.MacOsX Trace|Mixed Platforms.ActiveCfg = MacOsX Trace|Any CPU
		{B7939F7A-0433-4685-9799-B7AB45FBA1E0}.MacOsX Trace|Mixed Platforms.Build.0 = MacOsX Trace|Any CPU
		{B7939F7A-0433-4685-9799-B7AB45FBA1E0}.MacOsX Trace|x86.ActiveCfg = MacOsX Trace|Any CPU
		{B7939F7A-0433-4685-9799-B7AB45FBA1E0}.Release|Any CPU.ActiveCfg = MacOsX Release|Any CPU
		{B7939F7A-0433-4685-9799-B7AB45FBA1E0}.Release|Any CPU.Build.0 = MacOsX Release|Any CPU
		{B7939F7A-0433-4685-9799-B7AB45FBA1E0}.Release|Mixed Platforms.ActiveCfg = MacOsX Release|Any CPU
		{B7939F7A-0433-4685-9799-B7AB45FBA1E0}.Release|Mixed Platforms.Build.0 = MacOsX Release|Any CPU
		{B7939F7A-0433-4685-9799-B7AB45FBA1E0}.Release|x86.ActiveCfg = MacOsX Release|Any CPU
		{B7939F7A-0433-4685-9799-B7AB45FBA1E0}.Windows Debug|Any CPU.ActiveCfg = Windows Debug|Any CPU
		{B7939F7A-0433-4685-9799-B7AB45FBA1E0}.Windows Debug|Any CPU.Build.0 = Windows Debug|Any CPU
		{B7939F7A-0433-4685-9799-B7AB45FBA1E0}.Windows Debug|Mixed Platforms.ActiveCfg = Windows Debug|Any CPU
		{B7939F7A-0433-4685-9799-B7AB45FBA1E0}.Windows Debug|Mixed Platforms.Build.0 = Windows Debug|Any CPU
		{B7939F7A-0433-4685-9799-B7AB45FBA1E0}.Windows Debug|x86.ActiveCfg = Windows Debug|Any CPU
		{B7939F7A-0433-4685-9799-B7AB45FBA1E0}.Windows Release|Any CPU.ActiveCfg = Windows Release|Any CPU
		{B7939F7A-0433-4685-9799-B7AB45FBA1E0}.Windows Release|Any CPU.Build.0 = Windows Release|Any CPU
		{B7939F7A-0433-4685-9799-B7AB45FBA1E0}.Windows Release|Mixed Platforms.ActiveCfg = Windows Release|Any CPU
		{B7939F7A-0433-4685-9799-B7AB45FBA1E0}.Windows Release|Mixed Platforms.Build.0 = Windows Release|Any CPU
		{B7939F7A-0433-4685-9799-B7AB45FBA1E0}.Windows Release|x86.ActiveCfg = Windows Release|Any CPU
		{B7939F7A-0433-4685-9799-B7AB45FBA1E0}.Windows Trace|Any CPU.ActiveCfg = Windows Trace|Any CPU
		{B7939F7A-0433-4685-9799-B7AB45FBA1E0}.Windows Trace|Any CPU.Build.0 = Windows Trace|Any CPU
		{B7939F7A-0433-4685-9799-B7AB45FBA1E0}.Windows Trace|Mixed Platforms.ActiveCfg = Windows Trace|Any CPU
		{B7939F7A-0433-4685-9799-B7AB45FBA1E0}.Windows Trace|Mixed Platforms.Build.0 = Windows Trace|Any CPU
		{B7939F7A-0433-4685-9799-B7AB45FBA1E0}.Windows Trace|x86.ActiveCfg = Windows Trace|Any CPU
	EndGlobalSection
	GlobalSection(SolutionProperties) = preSolution
		HideSolutionNode = FALSE
	EndGlobalSection
EndGlobal
