
Microsoft Visual Studio Solution File, Format Version 10.00
# Visual Studio 2008
Project("{FAE04EC0-301F-11D3-BF4B-00C04F79EFBC}") = "OssCoreCf", "OssCoreCf\OssCoreCf.csproj", "{50AACFB3-0D3D-4C1C-9D75-370686FE09D5}"
EndProject
Project("{FAE04EC0-301F-11D3-BF4B-00C04F79EFBC}") = "OssControlCf", "OssControlCf\OssControlCf.csproj", "{8B40E738-4B79-4606-B191-C810F18F162D}"
EndProject
Project("{FAE04EC0-301F-11D3-BF4B-00C04F79EFBC}") = "OssSysLibCf", "OssSysLibCf\OssSysLibCf.csproj", "{3E763FEA-A211-483A-BE11-A1CBC5F29530}"
EndProject
Project("{FAE04EC0-301F-11D3-BF4B-00C04F79EFBC}") = "OssServicesCf", "OssServicesCf\OssServicesCf.csproj", "{4BED3814-B713-4882-8CF2-6D820CC15FC9}"
EndProject
Project("{FAE04EC0-301F-11D3-BF4B-00C04F79EFBC}") = "OssTopologyCf", "OssTopologyCf\OssTopologyCf.csproj", "{B77C559E-6F09-442D-9200-511174E61DF3}"
EndProject
Project("{FAE04EC0-301F-11D3-BF4B-00C04F79EFBC}") = "LinnTopologyCf", "LinnTopologyCf\LinnTopologyCf.csproj", "{E604D46D-13B0-48B8-B042-CE246B3A2FFB}"
EndProject
Project("{FAE04EC0-301F-11D3-BF4B-00C04F79EFBC}") = "KinskyPda", "KinskyPda\KinskyPda.csproj", "{C5C77A82-FCC2-486F-8BF8-3A92401BB96B}"
EndProject
Project("{FAE04EC0-301F-11D3-BF4B-00C04F79EFBC}") = "OssKinskyCf", "OssKinskyCf\OssKinskyCf.csproj", "{A64AAC11-67BD-4093-9D5F-1AAADD4BFCF5}"
EndProject
Project("{FAE04EC0-301F-11D3-BF4B-00C04F79EFBC}") = "OssDidlLiteCf", "OssDidlLiteCf\OssDidlLiteCf.csproj", "{91AD9AE3-8974-4C32-9A16-9CF00E795C44}"
EndProject
Project("{FAE04EC0-301F-11D3-BF4B-00C04F79EFBC}") = "TestWebServicesAsync", "TestWebServicesAsyncCf\TestWebServicesAsync.csproj", "{205F5581-5D7B-45C7-A47F-E8EB51DFBE3D}"
EndProject
Project("{FAE04EC0-301F-11D3-BF4B-00C04F79EFBC}") = "OssToolkitWinFormsCf", "OssToolkitWinFormsCf\OssToolkitWinFormsCf.csproj", "{646B11DF-DDE7-45C5-99A1-17A69BAE7498}"
EndProject
Global
	GlobalSection(SolutionConfigurationPlatforms) = preSolution
		Debug|Any CPU = Debug|Any CPU
		Release|Any CPU = Release|Any CPU
		Trace|Any CPU = Trace|Any CPU
	EndGlobalSection
	GlobalSection(ProjectConfigurationPlatforms) = postSolution
		{50AACFB3-0D3D-4C1C-9D75-370686FE09D5}.Debug|Any CPU.ActiveCfg = Debug|Any CPU
		{50AACFB3-0D3D-4C1C-9D75-370686FE09D5}.Debug|Any CPU.Build.0 = Debug|Any CPU
		{50AACFB3-0D3D-4C1C-9D75-370686FE09D5}.Release|Any CPU.ActiveCfg = Release|Any CPU
		{50AACFB3-0D3D-4C1C-9D75-370686FE09D5}.Release|Any CPU.Build.0 = Release|Any CPU
		{50AACFB3-0D3D-4C1C-9D75-370686FE09D5}.Trace|Any CPU.ActiveCfg = Trace|Any CPU
		{50AACFB3-0D3D-4C1C-9D75-370686FE09D5}.Trace|Any CPU.Build.0 = Trace|Any CPU
		{8B40E738-4B79-4606-B191-C810F18F162D}.Debug|Any CPU.ActiveCfg = Debug|Any CPU
		{8B40E738-4B79-4606-B191-C810F18F162D}.Debug|Any CPU.Build.0 = Debug|Any CPU
		{8B40E738-4B79-4606-B191-C810F18F162D}.Release|Any CPU.ActiveCfg = Release|Any CPU
		{8B40E738-4B79-4606-B191-C810F18F162D}.Release|Any CPU.Build.0 = Release|Any CPU
		{8B40E738-4B79-4606-B191-C810F18F162D}.Trace|Any CPU.ActiveCfg = Trace|Any CPU
		{8B40E738-4B79-4606-B191-C810F18F162D}.Trace|Any CPU.Build.0 = Trace|Any CPU
		{3E763FEA-A211-483A-BE11-A1CBC5F29530}.Debug|Any CPU.ActiveCfg = Debug|Any CPU
		{3E763FEA-A211-483A-BE11-A1CBC5F29530}.Debug|Any CPU.Build.0 = Debug|Any CPU
		{3E763FEA-A211-483A-BE11-A1CBC5F29530}.Release|Any CPU.ActiveCfg = Release|Any CPU
		{3E763FEA-A211-483A-BE11-A1CBC5F29530}.Release|Any CPU.Build.0 = Release|Any CPU
		{3E763FEA-A211-483A-BE11-A1CBC5F29530}.Trace|Any CPU.ActiveCfg = Trace|Any CPU
		{3E763FEA-A211-483A-BE11-A1CBC5F29530}.Trace|Any CPU.Build.0 = Trace|Any CPU
		{4BED3814-B713-4882-8CF2-6D820CC15FC9}.Debug|Any CPU.ActiveCfg = Debug|Any CPU
		{4BED3814-B713-4882-8CF2-6D820CC15FC9}.Debug|Any CPU.Build.0 = Debug|Any CPU
		{4BED3814-B713-4882-8CF2-6D820CC15FC9}.Release|Any CPU.ActiveCfg = Release|Any CPU
		{4BED3814-B713-4882-8CF2-6D820CC15FC9}.Release|Any CPU.Build.0 = Release|Any CPU
		{4BED3814-B713-4882-8CF2-6D820CC15FC9}.Trace|Any CPU.ActiveCfg = Trace|Any CPU
		{4BED3814-B713-4882-8CF2-6D820CC15FC9}.Trace|Any CPU.Build.0 = Trace|Any CPU
		{B77C559E-6F09-442D-9200-511174E61DF3}.Debug|Any CPU.ActiveCfg = Debug|Any CPU
		{B77C559E-6F09-442D-9200-511174E61DF3}.Debug|Any CPU.Build.0 = Debug|Any CPU
		{B77C559E-6F09-442D-9200-511174E61DF3}.Release|Any CPU.ActiveCfg = Release|Any CPU
		{B77C559E-6F09-442D-9200-511174E61DF3}.Release|Any CPU.Build.0 = Release|Any CPU
		{B77C559E-6F09-442D-9200-511174E61DF3}.Trace|Any CPU.ActiveCfg = Trace|Any CPU
		{B77C559E-6F09-442D-9200-511174E61DF3}.Trace|Any CPU.Build.0 = Trace|Any CPU
		{E604D46D-13B0-48B8-B042-CE246B3A2FFB}.Debug|Any CPU.ActiveCfg = Debug|Any CPU
		{E604D46D-13B0-48B8-B042-CE246B3A2FFB}.Debug|Any CPU.Build.0 = Debug|Any CPU
		{E604D46D-13B0-48B8-B042-CE246B3A2FFB}.Release|Any CPU.ActiveCfg = Release|Any CPU
		{E604D46D-13B0-48B8-B042-CE246B3A2FFB}.Release|Any CPU.Build.0 = Release|Any CPU
		{E604D46D-13B0-48B8-B042-CE246B3A2FFB}.Trace|Any CPU.ActiveCfg = Trace|Any CPU
		{E604D46D-13B0-48B8-B042-CE246B3A2FFB}.Trace|Any CPU.Build.0 = Trace|Any CPU
		{C5C77A82-FCC2-486F-8BF8-3A92401BB96B}.Debug|Any CPU.ActiveCfg = Debug|Any CPU
		{C5C77A82-FCC2-486F-8BF8-3A92401BB96B}.Debug|Any CPU.Build.0 = Debug|Any CPU
		{C5C77A82-FCC2-486F-8BF8-3A92401BB96B}.Debug|Any CPU.Deploy.0 = Debug|Any CPU
		{C5C77A82-FCC2-486F-8BF8-3A92401BB96B}.Release|Any CPU.ActiveCfg = Release|Any CPU
		{C5C77A82-FCC2-486F-8BF8-3A92401BB96B}.Release|Any CPU.Build.0 = Release|Any CPU
		{C5C77A82-FCC2-486F-8BF8-3A92401BB96B}.Release|Any CPU.Deploy.0 = Release|Any CPU
		{C5C77A82-FCC2-486F-8BF8-3A92401BB96B}.Trace|Any CPU.ActiveCfg = Trace|Any CPU
		{C5C77A82-FCC2-486F-8BF8-3A92401BB96B}.Trace|Any CPU.Build.0 = Trace|Any CPU
		{C5C77A82-FCC2-486F-8BF8-3A92401BB96B}.Trace|Any CPU.Deploy.0 = Trace|Any CPU
		{A64AAC11-67BD-4093-9D5F-1AAADD4BFCF5}.Debug|Any CPU.ActiveCfg = Debug|Any CPU
		{A64AAC11-67BD-4093-9D5F-1AAADD4BFCF5}.Debug|Any CPU.Build.0 = Debug|Any CPU
		{A64AAC11-67BD-4093-9D5F-1AAADD4BFCF5}.Release|Any CPU.ActiveCfg = Release|Any CPU
		{A64AAC11-67BD-4093-9D5F-1AAADD4BFCF5}.Release|Any CPU.Build.0 = Release|Any CPU
		{A64AAC11-67BD-4093-9D5F-1AAADD4BFCF5}.Trace|Any CPU.ActiveCfg = Trace|Any CPU
		{A64AAC11-67BD-4093-9D5F-1AAADD4BFCF5}.Trace|Any CPU.Build.0 = Trace|Any CPU
		{91AD9AE3-8974-4C32-9A16-9CF00E795C44}.Debug|Any CPU.ActiveCfg = Debug|Any CPU
		{91AD9AE3-8974-4C32-9A16-9CF00E795C44}.Debug|Any CPU.Build.0 = Debug|Any CPU
		{91AD9AE3-8974-4C32-9A16-9CF00E795C44}.Release|Any CPU.ActiveCfg = Release|Any CPU
		{91AD9AE3-8974-4C32-9A16-9CF00E795C44}.Release|Any CPU.Build.0 = Release|Any CPU
		{91AD9AE3-8974-4C32-9A16-9CF00E795C44}.Trace|Any CPU.ActiveCfg = Trace|Any CPU
		{91AD9AE3-8974-4C32-9A16-9CF00E795C44}.Trace|Any CPU.Build.0 = Trace|Any CPU
		{205F5581-5D7B-45C7-A47F-E8EB51DFBE3D}.Debug|Any CPU.ActiveCfg = Debug|Any CPU
		{205F5581-5D7B-45C7-A47F-E8EB51DFBE3D}.Debug|Any CPU.Build.0 = Debug|Any CPU
		{205F5581-5D7B-45C7-A47F-E8EB51DFBE3D}.Release|Any CPU.ActiveCfg = Release|Any CPU
		{205F5581-5D7B-45C7-A47F-E8EB51DFBE3D}.Release|Any CPU.Build.0 = Release|Any CPU
		{205F5581-5D7B-45C7-A47F-E8EB51DFBE3D}.Trace|Any CPU.ActiveCfg = Trace|Any CPU
		{205F5581-5D7B-45C7-A47F-E8EB51DFBE3D}.Trace|Any CPU.Build.0 = Trace|Any CPU
		{646B11DF-DDE7-45C5-99A1-17A69BAE7498}.Debug|Any CPU.ActiveCfg = Debug|Any CPU
		{646B11DF-DDE7-45C5-99A1-17A69BAE7498}.Debug|Any CPU.Build.0 = Debug|Any CPU
		{646B11DF-DDE7-45C5-99A1-17A69BAE7498}.Release|Any CPU.ActiveCfg = Release|Any CPU
		{646B11DF-DDE7-45C5-99A1-17A69BAE7498}.Release|Any CPU.Build.0 = Release|Any CPU
		{646B11DF-DDE7-45C5-99A1-17A69BAE7498}.Trace|Any CPU.ActiveCfg = Trace|Any CPU
		{646B11DF-DDE7-45C5-99A1-17A69BAE7498}.Trace|Any CPU.Build.0 = Trace|Any CPU
	EndGlobalSection
	GlobalSection(SolutionProperties) = preSolution
		HideSolutionNode = FALSE
	EndGlobalSection
EndGlobal
