
Microsoft Visual Studio Solution File, Format Version 11.00
# Visual Studio 2010
Project("{FAE04EC0-301F-11D3-BF4B-00C04F79EFBC}") = "OssCore", "OssCore\OssCore.csproj", "{ED80C071-32F7-4B26-B271-52A163AFB43D}"
EndProject
Project("{FAE04EC0-301F-11D3-BF4B-00C04F79EFBC}") = "OssSysLib", "OssSysLib\OssSysLib.csproj", "{755ACE40-6CE2-4386-BF88-E63BCDFED1EB}"
EndProject
Project("{FAE04EC0-301F-11D3-BF4B-00C04F79EFBC}") = "OssControl", "OssControl\OssControl.csproj", "{1D1891B8-F223-4493-8E1C-D095FBDB540C}"
EndProject
Project("{FAE04EC0-301F-11D3-BF4B-00C04F79EFBC}") = "OssServices", "OssServices\OssServices.csproj", "{084A5442-3B6C-458D-BE7E-F48FBD74AB0A}"
EndProject
Project("{FAE04EC0-301F-11D3-BF4B-00C04F79EFBC}") = "OssDidlLite", "OssDidlLite\OssDidlLite.csproj", "{D07487C1-8D3F-43C8-BE1B-C1BFB5B2C562}"
EndProject
Project("{FAE04EC0-301F-11D3-BF4B-00C04F79EFBC}") = "OssTopology", "OssTopology\OssTopology.csproj", "{DDD50783-4131-4138-85E6-72377C232B1C}"
EndProject
Project("{FAE04EC0-301F-11D3-BF4B-00C04F79EFBC}") = "OssKinsky", "OssKinsky\OssKinsky.csproj", "{065E68F0-F588-4D65-9FFF-04E1869CBDEF}"
EndProject
Project("{FAE04EC0-301F-11D3-BF4B-00C04F79EFBC}") = "KinskyDesktopGtk", "KinskyDesktopGtk\KinskyDesktopGtk.csproj", "{A26F1BBA-162A-495D-9061-F28345E2ECB2}"
EndProject
Global
	GlobalSection(SolutionConfigurationPlatforms) = preSolution
		Windows Debug|Any CPU = Windows Debug|Any CPU
		Windows Trace|Any CPU = Windows Trace|Any CPU
		Windows Release|Any CPU = Windows Release|Any CPU
		Linux Debug|Any CPU = Linux Debug|Any CPU
		Linux Trace|Any CPU = Linux Trace|Any CPU
		Linux Release|Any CPU = Linux Release|Any CPU
		MacOsX Debug|Any CPU = MacOsX Debug|Any CPU
		MacOsX Trace|Any CPU = MacOsX Trace|Any CPU
		MacOsX Release|Any CPU = MacOsX Release|Any CPU
		Debug|Any CPU = Debug|Any CPU
		Release|Any CPU = Release|Any CPU
	EndGlobalSection
	GlobalSection(ProjectConfigurationPlatforms) = postSolution
		{065E68F0-F588-4D65-9FFF-04E1869CBDEF}.Linux Debug|Any CPU.ActiveCfg = Linux Debug|Any CPU
		{065E68F0-F588-4D65-9FFF-04E1869CBDEF}.Linux Debug|Any CPU.Build.0 = Linux Debug|Any CPU
		{065E68F0-F588-4D65-9FFF-04E1869CBDEF}.Linux Release|Any CPU.ActiveCfg = Linux Release|Any CPU
		{065E68F0-F588-4D65-9FFF-04E1869CBDEF}.Linux Release|Any CPU.Build.0 = Linux Release|Any CPU
		{065E68F0-F588-4D65-9FFF-04E1869CBDEF}.Linux Trace|Any CPU.ActiveCfg = Linux Trace|Any CPU
		{065E68F0-F588-4D65-9FFF-04E1869CBDEF}.Linux Trace|Any CPU.Build.0 = Linux Trace|Any CPU
		{065E68F0-F588-4D65-9FFF-04E1869CBDEF}.MacOsX Debug|Any CPU.ActiveCfg = MacOsX Debug|Any CPU
		{065E68F0-F588-4D65-9FFF-04E1869CBDEF}.MacOsX Debug|Any CPU.Build.0 = MacOsX Debug|Any CPU
		{065E68F0-F588-4D65-9FFF-04E1869CBDEF}.MacOsX Release|Any CPU.ActiveCfg = MacOsX Release|Any CPU
		{065E68F0-F588-4D65-9FFF-04E1869CBDEF}.MacOsX Release|Any CPU.Build.0 = MacOsX Release|Any CPU
		{065E68F0-F588-4D65-9FFF-04E1869CBDEF}.MacOsX Trace|Any CPU.ActiveCfg = MacOsX Trace|Any CPU
		{065E68F0-F588-4D65-9FFF-04E1869CBDEF}.MacOsX Trace|Any CPU.Build.0 = MacOsX Trace|Any CPU
		{065E68F0-F588-4D65-9FFF-04E1869CBDEF}.Windows Debug|Any CPU.ActiveCfg = Windows Debug|Any CPU
		{065E68F0-F588-4D65-9FFF-04E1869CBDEF}.Windows Debug|Any CPU.Build.0 = Windows Debug|Any CPU
		{065E68F0-F588-4D65-9FFF-04E1869CBDEF}.Windows Release|Any CPU.ActiveCfg = Windows Release|Any CPU
		{065E68F0-F588-4D65-9FFF-04E1869CBDEF}.Windows Release|Any CPU.Build.0 = Windows Release|Any CPU
		{065E68F0-F588-4D65-9FFF-04E1869CBDEF}.Windows Trace|Any CPU.ActiveCfg = Windows Trace|Any CPU
		{065E68F0-F588-4D65-9FFF-04E1869CBDEF}.Windows Trace|Any CPU.Build.0 = Windows Trace|Any CPU
		{084A5442-3B6C-458D-BE7E-F48FBD74AB0A}.Linux Debug|Any CPU.ActiveCfg = Linux Debug|Any CPU
		{084A5442-3B6C-458D-BE7E-F48FBD74AB0A}.Linux Debug|Any CPU.Build.0 = Linux Debug|Any CPU
		{084A5442-3B6C-458D-BE7E-F48FBD74AB0A}.Linux Release|Any CPU.ActiveCfg = Linux Release|Any CPU
		{084A5442-3B6C-458D-BE7E-F48FBD74AB0A}.Linux Release|Any CPU.Build.0 = Linux Release|Any CPU
		{084A5442-3B6C-458D-BE7E-F48FBD74AB0A}.Linux Trace|Any CPU.ActiveCfg = Linux Trace|Any CPU
		{084A5442-3B6C-458D-BE7E-F48FBD74AB0A}.Linux Trace|Any CPU.Build.0 = Linux Trace|Any CPU
		{084A5442-3B6C-458D-BE7E-F48FBD74AB0A}.MacOsX Debug|Any CPU.ActiveCfg = MacOsX Debug|Any CPU
		{084A5442-3B6C-458D-BE7E-F48FBD74AB0A}.MacOsX Debug|Any CPU.Build.0 = MacOsX Debug|Any CPU
		{084A5442-3B6C-458D-BE7E-F48FBD74AB0A}.MacOsX Release|Any CPU.ActiveCfg = MacOsX Release|Any CPU
		{084A5442-3B6C-458D-BE7E-F48FBD74AB0A}.MacOsX Release|Any CPU.Build.0 = MacOsX Release|Any CPU
		{084A5442-3B6C-458D-BE7E-F48FBD74AB0A}.MacOsX Trace|Any CPU.ActiveCfg = MacOsX Trace|Any CPU
		{084A5442-3B6C-458D-BE7E-F48FBD74AB0A}.MacOsX Trace|Any CPU.Build.0 = MacOsX Trace|Any CPU
		{084A5442-3B6C-458D-BE7E-F48FBD74AB0A}.Windows Debug|Any CPU.ActiveCfg = Windows Debug|Any CPU
		{084A5442-3B6C-458D-BE7E-F48FBD74AB0A}.Windows Debug|Any CPU.Build.0 = Windows Debug|Any CPU
		{084A5442-3B6C-458D-BE7E-F48FBD74AB0A}.Windows Release|Any CPU.ActiveCfg = Windows Release|Any CPU
		{084A5442-3B6C-458D-BE7E-F48FBD74AB0A}.Windows Release|Any CPU.Build.0 = Windows Release|Any CPU
		{084A5442-3B6C-458D-BE7E-F48FBD74AB0A}.Windows Trace|Any CPU.ActiveCfg = Windows Trace|Any CPU
		{084A5442-3B6C-458D-BE7E-F48FBD74AB0A}.Windows Trace|Any CPU.Build.0 = Windows Trace|Any CPU
		{1D1891B8-F223-4493-8E1C-D095FBDB540C}.Linux Debug|Any CPU.ActiveCfg = Linux Debug|Any CPU
		{1D1891B8-F223-4493-8E1C-D095FBDB540C}.Linux Debug|Any CPU.Build.0 = Linux Debug|Any CPU
		{1D1891B8-F223-4493-8E1C-D095FBDB540C}.Linux Release|Any CPU.ActiveCfg = Linux Release|Any CPU
		{1D1891B8-F223-4493-8E1C-D095FBDB540C}.Linux Release|Any CPU.Build.0 = Linux Release|Any CPU
		{1D1891B8-F223-4493-8E1C-D095FBDB540C}.Linux Trace|Any CPU.ActiveCfg = Linux Trace|Any CPU
		{1D1891B8-F223-4493-8E1C-D095FBDB540C}.Linux Trace|Any CPU.Build.0 = Linux Trace|Any CPU
		{1D1891B8-F223-4493-8E1C-D095FBDB540C}.MacOsX Debug|Any CPU.ActiveCfg = MacOsX Debug|Any CPU
		{1D1891B8-F223-4493-8E1C-D095FBDB540C}.MacOsX Debug|Any CPU.Build.0 = MacOsX Debug|Any CPU
		{1D1891B8-F223-4493-8E1C-D095FBDB540C}.MacOsX Release|Any CPU.ActiveCfg = MacOsX Release|Any CPU
		{1D1891B8-F223-4493-8E1C-D095FBDB540C}.MacOsX Release|Any CPU.Build.0 = MacOsX Release|Any CPU
		{1D1891B8-F223-4493-8E1C-D095FBDB540C}.MacOsX Trace|Any CPU.ActiveCfg = MacOsX Trace|Any CPU
		{1D1891B8-F223-4493-8E1C-D095FBDB540C}.MacOsX Trace|Any CPU.Build.0 = MacOsX Trace|Any CPU
		{1D1891B8-F223-4493-8E1C-D095FBDB540C}.Windows Debug|Any CPU.ActiveCfg = Windows Debug|Any CPU
		{1D1891B8-F223-4493-8E1C-D095FBDB540C}.Windows Debug|Any CPU.Build.0 = Windows Debug|Any CPU
		{1D1891B8-F223-4493-8E1C-D095FBDB540C}.Windows Release|Any CPU.ActiveCfg = Windows Release|Any CPU
		{1D1891B8-F223-4493-8E1C-D095FBDB540C}.Windows Release|Any CPU.Build.0 = Windows Release|Any CPU
		{1D1891B8-F223-4493-8E1C-D095FBDB540C}.Windows Trace|Any CPU.ActiveCfg = Windows Trace|Any CPU
		{1D1891B8-F223-4493-8E1C-D095FBDB540C}.Windows Trace|Any CPU.Build.0 = Windows Trace|Any CPU
		{755ACE40-6CE2-4386-BF88-E63BCDFED1EB}.Linux Debug|Any CPU.ActiveCfg = Linux Debug|Any CPU
		{755ACE40-6CE2-4386-BF88-E63BCDFED1EB}.Linux Debug|Any CPU.Build.0 = Linux Debug|Any CPU
		{755ACE40-6CE2-4386-BF88-E63BCDFED1EB}.Linux Release|Any CPU.ActiveCfg = Linux Release|Any CPU
		{755ACE40-6CE2-4386-BF88-E63BCDFED1EB}.Linux Release|Any CPU.Build.0 = Linux Release|Any CPU
		{755ACE40-6CE2-4386-BF88-E63BCDFED1EB}.Linux Trace|Any CPU.ActiveCfg = Linux Trace|Any CPU
		{755ACE40-6CE2-4386-BF88-E63BCDFED1EB}.Linux Trace|Any CPU.Build.0 = Linux Trace|Any CPU
		{755ACE40-6CE2-4386-BF88-E63BCDFED1EB}.MacOsX Debug|Any CPU.ActiveCfg = MacOsX Debug|Any CPU
		{755ACE40-6CE2-4386-BF88-E63BCDFED1EB}.MacOsX Debug|Any CPU.Build.0 = MacOsX Debug|Any CPU
		{755ACE40-6CE2-4386-BF88-E63BCDFED1EB}.MacOsX Release|Any CPU.ActiveCfg = MacOsX Release|Any CPU
		{755ACE40-6CE2-4386-BF88-E63BCDFED1EB}.MacOsX Release|Any CPU.Build.0 = MacOsX Release|Any CPU
		{755ACE40-6CE2-4386-BF88-E63BCDFED1EB}.MacOsX Trace|Any CPU.ActiveCfg = MacOsX Trace|Any CPU
		{755ACE40-6CE2-4386-BF88-E63BCDFED1EB}.MacOsX Trace|Any CPU.Build.0 = MacOsX Trace|Any CPU
		{755ACE40-6CE2-4386-BF88-E63BCDFED1EB}.Windows Debug|Any CPU.ActiveCfg = Windows Debug|Any CPU
		{755ACE40-6CE2-4386-BF88-E63BCDFED1EB}.Windows Debug|Any CPU.Build.0 = Windows Debug|Any CPU
		{755ACE40-6CE2-4386-BF88-E63BCDFED1EB}.Windows Release|Any CPU.ActiveCfg = Windows Release|Any CPU
		{755ACE40-6CE2-4386-BF88-E63BCDFED1EB}.Windows Release|Any CPU.Build.0 = Windows Release|Any CPU
		{755ACE40-6CE2-4386-BF88-E63BCDFED1EB}.Windows Trace|Any CPU.ActiveCfg = Windows Trace|Any CPU
		{755ACE40-6CE2-4386-BF88-E63BCDFED1EB}.Windows Trace|Any CPU.Build.0 = Windows Trace|Any CPU
		{A26F1BBA-162A-495D-9061-F28345E2ECB2}.Debug|Any CPU.ActiveCfg = Windows Debug|Any CPU
		{A26F1BBA-162A-495D-9061-F28345E2ECB2}.Debug|Any CPU.Build.0 = Windows Debug|Any CPU
		{A26F1BBA-162A-495D-9061-F28345E2ECB2}.Linux Debug|Any CPU.ActiveCfg = Linux Debug|Any CPU
		{A26F1BBA-162A-495D-9061-F28345E2ECB2}.Linux Debug|Any CPU.Build.0 = Linux Debug|Any CPU
		{A26F1BBA-162A-495D-9061-F28345E2ECB2}.Linux Release|Any CPU.ActiveCfg = Linux Release|Any CPU
		{A26F1BBA-162A-495D-9061-F28345E2ECB2}.Linux Release|Any CPU.Build.0 = Linux Release|Any CPU
		{A26F1BBA-162A-495D-9061-F28345E2ECB2}.Linux Trace|Any CPU.ActiveCfg = Linux Trace|Any CPU
		{A26F1BBA-162A-495D-9061-F28345E2ECB2}.Linux Trace|Any CPU.Build.0 = Linux Trace|Any CPU
		{A26F1BBA-162A-495D-9061-F28345E2ECB2}.MacOsX Debug|Any CPU.ActiveCfg = MacOsX Debug|Any CPU
		{A26F1BBA-162A-495D-9061-F28345E2ECB2}.MacOsX Debug|Any CPU.Build.0 = MacOsX Debug|Any CPU
		{A26F1BBA-162A-495D-9061-F28345E2ECB2}.MacOsX Release|Any CPU.ActiveCfg = MacOsX Release|Any CPU
		{A26F1BBA-162A-495D-9061-F28345E2ECB2}.MacOsX Release|Any CPU.Build.0 = MacOsX Release|Any CPU
		{A26F1BBA-162A-495D-9061-F28345E2ECB2}.MacOsX Trace|Any CPU.ActiveCfg = MacOsX Trace|Any CPU
		{A26F1BBA-162A-495D-9061-F28345E2ECB2}.MacOsX Trace|Any CPU.Build.0 = MacOsX Trace|Any CPU
		{A26F1BBA-162A-495D-9061-F28345E2ECB2}.Release|Any CPU.ActiveCfg = Windows Debug|Any CPU
		{A26F1BBA-162A-495D-9061-F28345E2ECB2}.Release|Any CPU.Build.0 = Windows Debug|Any CPU
		{A26F1BBA-162A-495D-9061-F28345E2ECB2}.Windows Debug|Any CPU.ActiveCfg = Windows Debug|Any CPU
		{A26F1BBA-162A-495D-9061-F28345E2ECB2}.Windows Debug|Any CPU.Build.0 = Windows Debug|Any CPU
		{A26F1BBA-162A-495D-9061-F28345E2ECB2}.Windows Release|Any CPU.ActiveCfg = Windows Release|Any CPU
		{A26F1BBA-162A-495D-9061-F28345E2ECB2}.Windows Release|Any CPU.Build.0 = Windows Release|Any CPU
		{A26F1BBA-162A-495D-9061-F28345E2ECB2}.Windows Trace|Any CPU.ActiveCfg = Windows Trace|Any CPU
		{A26F1BBA-162A-495D-9061-F28345E2ECB2}.Windows Trace|Any CPU.Build.0 = Windows Trace|Any CPU
		{D07487C1-8D3F-43C8-BE1B-C1BFB5B2C562}.Linux Debug|Any CPU.ActiveCfg = Linux Debug|Any CPU
		{D07487C1-8D3F-43C8-BE1B-C1BFB5B2C562}.Linux Debug|Any CPU.Build.0 = Linux Debug|Any CPU
		{D07487C1-8D3F-43C8-BE1B-C1BFB5B2C562}.Linux Release|Any CPU.ActiveCfg = Linux Release|Any CPU
		{D07487C1-8D3F-43C8-BE1B-C1BFB5B2C562}.Linux Release|Any CPU.Build.0 = Linux Release|Any CPU
		{D07487C1-8D3F-43C8-BE1B-C1BFB5B2C562}.Linux Trace|Any CPU.ActiveCfg = Linux Trace|Any CPU
		{D07487C1-8D3F-43C8-BE1B-C1BFB5B2C562}.Linux Trace|Any CPU.Build.0 = Linux Trace|Any CPU
		{D07487C1-8D3F-43C8-BE1B-C1BFB5B2C562}.MacOsX Debug|Any CPU.ActiveCfg = MacOsX Debug|Any CPU
		{D07487C1-8D3F-43C8-BE1B-C1BFB5B2C562}.MacOsX Debug|Any CPU.Build.0 = MacOsX Debug|Any CPU
		{D07487C1-8D3F-43C8-BE1B-C1BFB5B2C562}.MacOsX Release|Any CPU.ActiveCfg = MacOsX Release|Any CPU
		{D07487C1-8D3F-43C8-BE1B-C1BFB5B2C562}.MacOsX Release|Any CPU.Build.0 = MacOsX Release|Any CPU
		{D07487C1-8D3F-43C8-BE1B-C1BFB5B2C562}.MacOsX Trace|Any CPU.ActiveCfg = MacOsX Trace|Any CPU
		{D07487C1-8D3F-43C8-BE1B-C1BFB5B2C562}.MacOsX Trace|Any CPU.Build.0 = MacOsX Trace|Any CPU
		{D07487C1-8D3F-43C8-BE1B-C1BFB5B2C562}.Windows Debug|Any CPU.ActiveCfg = Windows Debug|Any CPU
		{D07487C1-8D3F-43C8-BE1B-C1BFB5B2C562}.Windows Debug|Any CPU.Build.0 = Windows Debug|Any CPU
		{D07487C1-8D3F-43C8-BE1B-C1BFB5B2C562}.Windows Release|Any CPU.ActiveCfg = Windows Release|Any CPU
		{D07487C1-8D3F-43C8-BE1B-C1BFB5B2C562}.Windows Release|Any CPU.Build.0 = Windows Release|Any CPU
		{D07487C1-8D3F-43C8-BE1B-C1BFB5B2C562}.Windows Trace|Any CPU.ActiveCfg = Windows Trace|Any CPU
		{D07487C1-8D3F-43C8-BE1B-C1BFB5B2C562}.Windows Trace|Any CPU.Build.0 = Windows Trace|Any CPU
		{DDD50783-4131-4138-85E6-72377C232B1C}.Linux Debug|Any CPU.ActiveCfg = Linux Debug|Any CPU
		{DDD50783-4131-4138-85E6-72377C232B1C}.Linux Debug|Any CPU.Build.0 = Linux Debug|Any CPU
		{DDD50783-4131-4138-85E6-72377C232B1C}.Linux Release|Any CPU.ActiveCfg = Linux Release|Any CPU
		{DDD50783-4131-4138-85E6-72377C232B1C}.Linux Release|Any CPU.Build.0 = Linux Release|Any CPU
		{DDD50783-4131-4138-85E6-72377C232B1C}.Linux Trace|Any CPU.ActiveCfg = Linux Trace|Any CPU
		{DDD50783-4131-4138-85E6-72377C232B1C}.Linux Trace|Any CPU.Build.0 = Linux Trace|Any CPU
		{DDD50783-4131-4138-85E6-72377C232B1C}.MacOsX Debug|Any CPU.ActiveCfg = MacOsX Debug|Any CPU
		{DDD50783-4131-4138-85E6-72377C232B1C}.MacOsX Debug|Any CPU.Build.0 = MacOsX Debug|Any CPU
		{DDD50783-4131-4138-85E6-72377C232B1C}.MacOsX Release|Any CPU.ActiveCfg = MacOsX Release|Any CPU
		{DDD50783-4131-4138-85E6-72377C232B1C}.MacOsX Release|Any CPU.Build.0 = MacOsX Release|Any CPU
		{DDD50783-4131-4138-85E6-72377C232B1C}.MacOsX Trace|Any CPU.ActiveCfg = MacOsX Trace|Any CPU
		{DDD50783-4131-4138-85E6-72377C232B1C}.MacOsX Trace|Any CPU.Build.0 = MacOsX Trace|Any CPU
		{DDD50783-4131-4138-85E6-72377C232B1C}.Windows Debug|Any CPU.ActiveCfg = Windows Debug|Any CPU
		{DDD50783-4131-4138-85E6-72377C232B1C}.Windows Debug|Any CPU.Build.0 = Windows Debug|Any CPU
		{DDD50783-4131-4138-85E6-72377C232B1C}.Windows Release|Any CPU.ActiveCfg = Windows Release|Any CPU
		{DDD50783-4131-4138-85E6-72377C232B1C}.Windows Release|Any CPU.Build.0 = Windows Release|Any CPU
		{DDD50783-4131-4138-85E6-72377C232B1C}.Windows Trace|Any CPU.ActiveCfg = Windows Trace|Any CPU
		{DDD50783-4131-4138-85E6-72377C232B1C}.Windows Trace|Any CPU.Build.0 = Windows Trace|Any CPU
		{ED80C071-32F7-4B26-B271-52A163AFB43D}.Linux Debug|Any CPU.ActiveCfg = Linux Debug|Any CPU
		{ED80C071-32F7-4B26-B271-52A163AFB43D}.Linux Debug|Any CPU.Build.0 = Linux Debug|Any CPU
		{ED80C071-32F7-4B26-B271-52A163AFB43D}.Linux Release|Any CPU.ActiveCfg = Linux Release|Any CPU
		{ED80C071-32F7-4B26-B271-52A163AFB43D}.Linux Release|Any CPU.Build.0 = Linux Release|Any CPU
		{ED80C071-32F7-4B26-B271-52A163AFB43D}.Linux Trace|Any CPU.ActiveCfg = Linux Trace|Any CPU
		{ED80C071-32F7-4B26-B271-52A163AFB43D}.Linux Trace|Any CPU.Build.0 = Linux Trace|Any CPU
		{ED80C071-32F7-4B26-B271-52A163AFB43D}.MacOsX Debug|Any CPU.ActiveCfg = MacOsX Debug|Any CPU
		{ED80C071-32F7-4B26-B271-52A163AFB43D}.MacOsX Debug|Any CPU.Build.0 = MacOsX Debug|Any CPU
		{ED80C071-32F7-4B26-B271-52A163AFB43D}.MacOsX Release|Any CPU.ActiveCfg = MacOsX Release|Any CPU
		{ED80C071-32F7-4B26-B271-52A163AFB43D}.MacOsX Release|Any CPU.Build.0 = MacOsX Release|Any CPU
		{ED80C071-32F7-4B26-B271-52A163AFB43D}.MacOsX Trace|Any CPU.ActiveCfg = MacOsX Trace|Any CPU
		{ED80C071-32F7-4B26-B271-52A163AFB43D}.MacOsX Trace|Any CPU.Build.0 = MacOsX Trace|Any CPU
		{ED80C071-32F7-4B26-B271-52A163AFB43D}.Windows Debug|Any CPU.ActiveCfg = Windows Debug|Any CPU
		{ED80C071-32F7-4B26-B271-52A163AFB43D}.Windows Debug|Any CPU.Build.0 = Windows Debug|Any CPU
		{ED80C071-32F7-4B26-B271-52A163AFB43D}.Windows Release|Any CPU.ActiveCfg = Windows Release|Any CPU
		{ED80C071-32F7-4B26-B271-52A163AFB43D}.Windows Release|Any CPU.Build.0 = Windows Release|Any CPU
		{ED80C071-32F7-4B26-B271-52A163AFB43D}.Windows Trace|Any CPU.ActiveCfg = Windows Trace|Any CPU
		{ED80C071-32F7-4B26-B271-52A163AFB43D}.Windows Trace|Any CPU.Build.0 = Windows Trace|Any CPU
	EndGlobalSection
	GlobalSection(MonoDevelopProperties) = preSolution
		StartupItem = KinskyDesktopGtk\KinskyDesktopGtk.csproj
	EndGlobalSection
EndGlobal
