
Microsoft Visual Studio Solution File, Format Version 11.00
# Visual Studio 2010
Project("{FAE04EC0-301F-11D3-BF4B-00C04F79EFBC}") = "Songcast", "Songcast.csproj", "{3625A3FE-5E11-4BBF-B6F9-15CEAA558B6E}"
EndProject
Project("{FAE04EC0-301F-11D3-BF4B-00C04F79EFBC}") = "OssCore", "..\OssCore\OssCore.csproj", "{ED80C071-32F7-4B26-B271-52A163AFB43D}"
EndProject
Project("{FAE04EC0-301F-11D3-BF4B-00C04F79EFBC}") = "OssToolkitWpf", "..\OssToolkitWpf\OssToolkitWpf.csproj", "{B7939F7A-0433-4685-9799-B7AB45FBA1E0}"
EndProject
Global
	GlobalSection(SolutionConfigurationPlatforms) = preSolution
		Linux Debug|Any CPU = Linux Debug|Any CPU
		Linux Debug|Mixed Platforms = Linux Debug|Mixed Platforms
		Linux Debug|x86 = Linux Debug|x86
		Linux Release|Any CPU = Linux Release|Any CPU
		Linux Release|Mixed Platforms = Linux Release|Mixed Platforms
		Linux Release|x86 = Linux Release|x86
		Linux Trace|Any CPU = Linux Trace|Any CPU
		Linux Trace|Mixed Platforms = Linux Trace|Mixed Platforms
		Linux Trace|x86 = Linux Trace|x86
		MacOsX Debug|Any CPU = MacOsX Debug|Any CPU
		MacOsX Debug|Mixed Platforms = MacOsX Debug|Mixed Platforms
		MacOsX Debug|x86 = MacOsX Debug|x86
		MacOsX Release|Any CPU = MacOsX Release|Any CPU
		MacOsX Release|Mixed Platforms = MacOsX Release|Mixed Platforms
		MacOsX Release|x86 = MacOsX Release|x86
		MacOsX Trace|Any CPU = MacOsX Trace|Any CPU
		MacOsX Trace|Mixed Platforms = MacOsX Trace|Mixed Platforms
		MacOsX Trace|x86 = MacOsX Trace|x86
		Windows Debug|Any CPU = Windows Debug|Any CPU
		Windows Debug|Mixed Platforms = Windows Debug|Mixed Platforms
		Windows Debug|x86 = Windows Debug|x86
		Windows Release|Any CPU = Windows Release|Any CPU
		Windows Release|Mixed Platforms = Windows Release|Mixed Platforms
		Windows Release|x86 = Windows Release|x86
		Windows Trace|Any CPU = Windows Trace|Any CPU
		Windows Trace|Mixed Platforms = Windows Trace|Mixed Platforms
		Windows Trace|x86 = Windows Trace|x86
	EndGlobalSection
	GlobalSection(ProjectConfigurationPlatforms) = postSolution
		{3625A3FE-5E11-4BBF-B6F9-15CEAA558B6E}.Linux Debug|Any CPU.ActiveCfg = Windows Release|x86
		{3625A3FE-5E11-4BBF-B6F9-15CEAA558B6E}.Linux Debug|Mixed Platforms.ActiveCfg = Windows Release|x86
		{3625A3FE-5E11-4BBF-B6F9-15CEAA558B6E}.Linux Debug|Mixed Platforms.Build.0 = Windows Release|x86
		{3625A3FE-5E11-4BBF-B6F9-15CEAA558B6E}.Linux Debug|x86.ActiveCfg = Windows Release|x86
		{3625A3FE-5E11-4BBF-B6F9-15CEAA558B6E}.Linux Debug|x86.Build.0 = Windows Release|x86
		{3625A3FE-5E11-4BBF-B6F9-15CEAA558B6E}.Linux Release|Any CPU.ActiveCfg = Windows Release|x86
		{3625A3FE-5E11-4BBF-B6F9-15CEAA558B6E}.Linux Release|Mixed Platforms.ActiveCfg = Windows Release|x86
		{3625A3FE-5E11-4BBF-B6F9-15CEAA558B6E}.Linux Release|Mixed Platforms.Build.0 = Windows Release|x86
		{3625A3FE-5E11-4BBF-B6F9-15CEAA558B6E}.Linux Release|x86.ActiveCfg = Windows Release|x86
		{3625A3FE-5E11-4BBF-B6F9-15CEAA558B6E}.Linux Release|x86.Build.0 = Windows Release|x86
		{3625A3FE-5E11-4BBF-B6F9-15CEAA558B6E}.Linux Trace|Any CPU.ActiveCfg = Windows Release|x86
		{3625A3FE-5E11-4BBF-B6F9-15CEAA558B6E}.Linux Trace|Mixed Platforms.ActiveCfg = Windows Release|x86
		{3625A3FE-5E11-4BBF-B6F9-15CEAA558B6E}.Linux Trace|Mixed Platforms.Build.0 = Windows Release|x86
		{3625A3FE-5E11-4BBF-B6F9-15CEAA558B6E}.Linux Trace|x86.ActiveCfg = Windows Release|x86
		{3625A3FE-5E11-4BBF-B6F9-15CEAA558B6E}.Linux Trace|x86.Build.0 = Windows Release|x86
		{3625A3FE-5E11-4BBF-B6F9-15CEAA558B6E}.MacOsX Debug|Any CPU.ActiveCfg = Windows Release|x86
		{3625A3FE-5E11-4BBF-B6F9-15CEAA558B6E}.MacOsX Debug|Mixed Platforms.ActiveCfg = Windows Release|x86
		{3625A3FE-5E11-4BBF-B6F9-15CEAA558B6E}.MacOsX Debug|Mixed Platforms.Build.0 = Windows Release|x86
		{3625A3FE-5E11-4BBF-B6F9-15CEAA558B6E}.MacOsX Debug|x86.ActiveCfg = Windows Release|x86
		{3625A3FE-5E11-4BBF-B6F9-15CEAA558B6E}.MacOsX Debug|x86.Build.0 = Windows Release|x86
		{3625A3FE-5E11-4BBF-B6F9-15CEAA558B6E}.MacOsX Release|Any CPU.ActiveCfg = Windows Release|x86
		{3625A3FE-5E11-4BBF-B6F9-15CEAA558B6E}.MacOsX Release|Mixed Platforms.ActiveCfg = Windows Release|x86
		{3625A3FE-5E11-4BBF-B6F9-15CEAA558B6E}.MacOsX Release|Mixed Platforms.Build.0 = Windows Release|x86
		{3625A3FE-5E11-4BBF-B6F9-15CEAA558B6E}.MacOsX Release|x86.ActiveCfg = Windows Release|x86
		{3625A3FE-5E11-4BBF-B6F9-15CEAA558B6E}.MacOsX Release|x86.Build.0 = Windows Release|x86
		{3625A3FE-5E11-4BBF-B6F9-15CEAA558B6E}.MacOsX Trace|Any CPU.ActiveCfg = Windows Release|x86
		{3625A3FE-5E11-4BBF-B6F9-15CEAA558B6E}.MacOsX Trace|Mixed Platforms.ActiveCfg = Windows Release|x86
		{3625A3FE-5E11-4BBF-B6F9-15CEAA558B6E}.MacOsX Trace|Mixed Platforms.Build.0 = Windows Release|x86
		{3625A3FE-5E11-4BBF-B6F9-15CEAA558B6E}.MacOsX Trace|x86.ActiveCfg = Windows Release|x86
		{3625A3FE-5E11-4BBF-B6F9-15CEAA558B6E}.MacOsX Trace|x86.Build.0 = Windows Release|x86
		{3625A3FE-5E11-4BBF-B6F9-15CEAA558B6E}.Windows Debug|Any CPU.ActiveCfg = Windows Debug|x86
		{3625A3FE-5E11-4BBF-B6F9-15CEAA558B6E}.Windows Debug|Any CPU.Build.0 = Windows Debug|x86
		{3625A3FE-5E11-4BBF-B6F9-15CEAA558B6E}.Windows Debug|Mixed Platforms.ActiveCfg = Windows Debug|x86
		{3625A3FE-5E11-4BBF-B6F9-15CEAA558B6E}.Windows Debug|Mixed Platforms.Build.0 = Windows Debug|x86
		{3625A3FE-5E11-4BBF-B6F9-15CEAA558B6E}.Windows Debug|x86.ActiveCfg = Windows Debug|x86
		{3625A3FE-5E11-4BBF-B6F9-15CEAA558B6E}.Windows Debug|x86.Build.0 = Windows Debug|x86
		{3625A3FE-5E11-4BBF-B6F9-15CEAA558B6E}.Windows Release|Any CPU.ActiveCfg = Windows Release|x86
		{3625A3FE-5E11-4BBF-B6F9-15CEAA558B6E}.Windows Release|Any CPU.Build.0 = Windows Release|x86
		{3625A3FE-5E11-4BBF-B6F9-15CEAA558B6E}.Windows Release|Mixed Platforms.ActiveCfg = Windows Release|x86
		{3625A3FE-5E11-4BBF-B6F9-15CEAA558B6E}.Windows Release|Mixed Platforms.Build.0 = Windows Release|x86
		{3625A3FE-5E11-4BBF-B6F9-15CEAA558B6E}.Windows Release|x86.ActiveCfg = Windows Release|x86
		{3625A3FE-5E11-4BBF-B6F9-15CEAA558B6E}.Windows Release|x86.Build.0 = Windows Release|x86
		{3625A3FE-5E11-4BBF-B6F9-15CEAA558B6E}.Windows Trace|Any CPU.ActiveCfg = Windows Trace|x86
		{3625A3FE-5E11-4BBF-B6F9-15CEAA558B6E}.Windows Trace|Any CPU.Build.0 = Windows Trace|x86
		{3625A3FE-5E11-4BBF-B6F9-15CEAA558B6E}.Windows Trace|Mixed Platforms.ActiveCfg = Windows Trace|x86
		{3625A3FE-5E11-4BBF-B6F9-15CEAA558B6E}.Windows Trace|Mixed Platforms.Build.0 = Windows Trace|x86
		{3625A3FE-5E11-4BBF-B6F9-15CEAA558B6E}.Windows Trace|x86.ActiveCfg = Windows Trace|x86
		{3625A3FE-5E11-4BBF-B6F9-15CEAA558B6E}.Windows Trace|x86.Build.0 = Windows Trace|x86
		{ED80C071-32F7-4B26-B271-52A163AFB43D}.Linux Debug|Any CPU.ActiveCfg = Linux Debug|Any CPU
		{ED80C071-32F7-4B26-B271-52A163AFB43D}.Linux Debug|Any CPU.Build.0 = Linux Debug|Any CPU
		{ED80C071-32F7-4B26-B271-52A163AFB43D}.Linux Debug|Mixed Platforms.ActiveCfg = Linux Debug|Any CPU
		{ED80C071-32F7-4B26-B271-52A163AFB43D}.Linux Debug|Mixed Platforms.Build.0 = Linux Debug|Any CPU
		{ED80C071-32F7-4B26-B271-52A163AFB43D}.Linux Debug|x86.ActiveCfg = Linux Debug|Any CPU
		{ED80C071-32F7-4B26-B271-52A163AFB43D}.Linux Release|Any CPU.ActiveCfg = Linux Release|Any CPU
		{ED80C071-32F7-4B26-B271-52A163AFB43D}.Linux Release|Any CPU.Build.0 = Linux Release|Any CPU
		{ED80C071-32F7-4B26-B271-52A163AFB43D}.Linux Release|Mixed Platforms.ActiveCfg = Linux Release|Any CPU
		{ED80C071-32F7-4B26-B271-52A163AFB43D}.Linux Release|Mixed Platforms.Build.0 = Linux Release|Any CPU
		{ED80C071-32F7-4B26-B271-52A163AFB43D}.Linux Release|x86.ActiveCfg = Linux Release|Any CPU
		{ED80C071-32F7-4B26-B271-52A163AFB43D}.Linux Trace|Any CPU.ActiveCfg = Linux Trace|Any CPU
		{ED80C071-32F7-4B26-B271-52A163AFB43D}.Linux Trace|Any CPU.Build.0 = Linux Trace|Any CPU
		{ED80C071-32F7-4B26-B271-52A163AFB43D}.Linux Trace|Mixed Platforms.ActiveCfg = Linux Trace|Any CPU
		{ED80C071-32F7-4B26-B271-52A163AFB43D}.Linux Trace|Mixed Platforms.Build.0 = Linux Trace|Any CPU
		{ED80C071-32F7-4B26-B271-52A163AFB43D}.Linux Trace|x86.ActiveCfg = Linux Trace|Any CPU
		{ED80C071-32F7-4B26-B271-52A163AFB43D}.MacOsX Debug|Any CPU.ActiveCfg = MacOsX Debug|Any CPU
		{ED80C071-32F7-4B26-B271-52A163AFB43D}.MacOsX Debug|Any CPU.Build.0 = MacOsX Debug|Any CPU
		{ED80C071-32F7-4B26-B271-52A163AFB43D}.MacOsX Debug|Mixed Platforms.ActiveCfg = MacOsX Debug|Any CPU
		{ED80C071-32F7-4B26-B271-52A163AFB43D}.MacOsX Debug|Mixed Platforms.Build.0 = MacOsX Debug|Any CPU
		{ED80C071-32F7-4B26-B271-52A163AFB43D}.MacOsX Debug|x86.ActiveCfg = MacOsX Debug|Any CPU
		{ED80C071-32F7-4B26-B271-52A163AFB43D}.MacOsX Release|Any CPU.ActiveCfg = MacOsX Release|Any CPU
		{ED80C071-32F7-4B26-B271-52A163AFB43D}.MacOsX Release|Any CPU.Build.0 = MacOsX Release|Any CPU
		{ED80C071-32F7-4B26-B271-52A163AFB43D}.MacOsX Release|Mixed Platforms.ActiveCfg = MacOsX Release|Any CPU
		{ED80C071-32F7-4B26-B271-52A163AFB43D}.MacOsX Release|Mixed Platforms.Build.0 = MacOsX Release|Any CPU
		{ED80C071-32F7-4B26-B271-52A163AFB43D}.MacOsX Release|x86.ActiveCfg = MacOsX Release|Any CPU
		{ED80C071-32F7-4B26-B271-52A163AFB43D}.MacOsX Trace|Any CPU.ActiveCfg = MacOsX Trace|Any CPU
		{ED80C071-32F7-4B26-B271-52A163AFB43D}.MacOsX Trace|Any CPU.Build.0 = MacOsX Trace|Any CPU
		{ED80C071-32F7-4B26-B271-52A163AFB43D}.MacOsX Trace|Mixed Platforms.ActiveCfg = MacOsX Trace|Any CPU
		{ED80C071-32F7-4B26-B271-52A163AFB43D}.MacOsX Trace|Mixed Platforms.Build.0 = MacOsX Trace|Any CPU
		{ED80C071-32F7-4B26-B271-52A163AFB43D}.MacOsX Trace|x86.ActiveCfg = MacOsX Trace|Any CPU
		{ED80C071-32F7-4B26-B271-52A163AFB43D}.Windows Debug|Any CPU.ActiveCfg = Windows Debug|Any CPU
		{ED80C071-32F7-4B26-B271-52A163AFB43D}.Windows Debug|Any CPU.Build.0 = Windows Debug|Any CPU
		{ED80C071-32F7-4B26-B271-52A163AFB43D}.Windows Debug|Mixed Platforms.ActiveCfg = Windows Debug|Any CPU
		{ED80C071-32F7-4B26-B271-52A163AFB43D}.Windows Debug|Mixed Platforms.Build.0 = Windows Debug|Any CPU
		{ED80C071-32F7-4B26-B271-52A163AFB43D}.Windows Debug|x86.ActiveCfg = Windows Debug|Any CPU
		{ED80C071-32F7-4B26-B271-52A163AFB43D}.Windows Release|Any CPU.ActiveCfg = Windows Release|Any CPU
		{ED80C071-32F7-4B26-B271-52A163AFB43D}.Windows Release|Any CPU.Build.0 = Windows Release|Any CPU
		{ED80C071-32F7-4B26-B271-52A163AFB43D}.Windows Release|Mixed Platforms.ActiveCfg = Windows Release|Any CPU
		{ED80C071-32F7-4B26-B271-52A163AFB43D}.Windows Release|Mixed Platforms.Build.0 = Windows Release|Any CPU
		{ED80C071-32F7-4B26-B271-52A163AFB43D}.Windows Release|x86.ActiveCfg = Windows Release|Any CPU
		{ED80C071-32F7-4B26-B271-52A163AFB43D}.Windows Trace|Any CPU.ActiveCfg = Windows Trace|Any CPU
		{ED80C071-32F7-4B26-B271-52A163AFB43D}.Windows Trace|Any CPU.Build.0 = Windows Trace|Any CPU
		{ED80C071-32F7-4B26-B271-52A163AFB43D}.Windows Trace|Mixed Platforms.ActiveCfg = Windows Trace|Any CPU
		{ED80C071-32F7-4B26-B271-52A163AFB43D}.Windows Trace|Mixed Platforms.Build.0 = Windows Trace|Any CPU
		{ED80C071-32F7-4B26-B271-52A163AFB43D}.Windows Trace|x86.ActiveCfg = Windows Trace|Any CPU
		{B7939F7A-0433-4685-9799-B7AB45FBA1E0}.Linux Debug|Any CPU.ActiveCfg = Linux Debug|Any CPU
		{B7939F7A-0433-4685-9799-B7AB45FBA1E0}.Linux Debug|Any CPU.Build.0 = Linux Debug|Any CPU
		{B7939F7A-0433-4685-9799-B7AB45FBA1E0}.Linux Debug|Mixed Platforms.ActiveCfg = Linux Debug|Any CPU
		{B7939F7A-0433-4685-9799-B7AB45FBA1E0}.Linux Debug|Mixed Platforms.Build.0 = Linux Debug|Any CPU
		{B7939F7A-0433-4685-9799-B7AB45FBA1E0}.Linux Debug|x86.ActiveCfg = Linux Debug|Any CPU
		{B7939F7A-0433-4685-9799-B7AB45FBA1E0}.Linux Release|Any CPU.ActiveCfg = Linux Release|Any CPU
		{B7939F7A-0433-4685-9799-B7AB45FBA1E0}.Linux Release|Any CPU.Build.0 = Linux Release|Any CPU
		{B7939F7A-0433-4685-9799-B7AB45FBA1E0}.Linux Release|Mixed Platforms.ActiveCfg = Linux Release|Any CPU
		{B7939F7A-0433-4685-9799-B7AB45FBA1E0}.Linux Release|Mixed Platforms.Build.0 = Linux Release|Any CPU
		{B7939F7A-0433-4685-9799-B7AB45FBA1E0}.Linux Release|x86.ActiveCfg = Linux Release|Any CPU
		{B7939F7A-0433-4685-9799-B7AB45FBA1E0}.Linux Trace|Any CPU.ActiveCfg = Linux Trace|Any CPU
		{B7939F7A-0433-4685-9799-B7AB45FBA1E0}.Linux Trace|Any CPU.Build.0 = Linux Trace|Any CPU
		{B7939F7A-0433-4685-9799-B7AB45FBA1E0}.Linux Trace|Mixed Platforms.ActiveCfg = Linux Trace|Any CPU
		{B7939F7A-0433-4685-9799-B7AB45FBA1E0}.Linux Trace|Mixed Platforms.Build.0 = Linux Trace|Any CPU
		{B7939F7A-0433-4685-9799-B7AB45FBA1E0}.Linux Trace|x86.ActiveCfg = Linux Trace|Any CPU
		{B7939F7A-0433-4685-9799-B7AB45FBA1E0}.MacOsX Debug|Any CPU.ActiveCfg = MacOsX Debug|Any CPU
		{B7939F7A-0433-4685-9799-B7AB45FBA1E0}.MacOsX Debug|Any CPU.Build.0 = MacOsX Debug|Any CPU
		{B7939F7A-0433-4685-9799-B7AB45FBA1E0}.MacOsX Debug|Mixed Platforms.ActiveCfg = MacOsX Debug|Any CPU
		{B7939F7A-0433-4685-9799-B7AB45FBA1E0}.MacOsX Debug|Mixed Platforms.Build.0 = MacOsX Debug|Any CPU
		{B7939F7A-0433-4685-9799-B7AB45FBA1E0}.MacOsX Debug|x86.ActiveCfg = MacOsX Debug|Any CPU
		{B7939F7A-0433-4685-9799-B7AB45FBA1E0}.MacOsX Release|Any CPU.ActiveCfg = MacOsX Release|Any CPU
		{B7939F7A-0433-4685-9799-B7AB45FBA1E0}.MacOsX Release|Any CPU.Build.0 = MacOsX Release|Any CPU
		{B7939F7A-0433-4685-9799-B7AB45FBA1E0}.MacOsX Release|Mixed Platforms.ActiveCfg = MacOsX Release|Any CPU
		{B7939F7A-0433-4685-9799-B7AB45FBA1E0}.MacOsX Release|Mixed Platforms.Build.0 = MacOsX Release|Any CPU
		{B7939F7A-0433-4685-9799-B7AB45FBA1E0}.MacOsX Release|x86.ActiveCfg = MacOsX Release|Any CPU
		{B7939F7A-0433-4685-9799-B7AB45FBA1E0}.MacOsX Trace|Any CPU.ActiveCfg = MacOsX Trace|Any CPU
		{B7939F7A-0433-4685-9799-B7AB45FBA1E0}.MacOsX Trace|Any CPU.Build.0 = MacOsX Trace|Any CPU
		{B7939F7A-0433-4685-9799-B7AB45FBA1E0}.MacOsX Trace|Mixed Platforms.ActiveCfg = MacOsX Trace|Any CPU
		{B7939F7A-0433-4685-9799-B7AB45FBA1E0}.MacOsX Trace|Mixed Platforms.Build.0 = MacOsX Trace|Any CPU
		{B7939F7A-0433-4685-9799-B7AB45FBA1E0}.MacOsX Trace|x86.ActiveCfg = MacOsX Trace|Any CPU
		{B7939F7A-0433-4685-9799-B7AB45FBA1E0}.Windows Debug|Any CPU.ActiveCfg = Windows Debug|Any CPU
		{B7939F7A-0433-4685-9799-B7AB45FBA1E0}.Windows Debug|Any CPU.Build.0 = Windows Debug|Any CPU
		{B7939F7A-0433-4685-9799-B7AB45FBA1E0}.Windows Debug|Mixed Platforms.ActiveCfg = Windows Debug|Any CPU
		{B7939F7A-0433-4685-9799-B7AB45FBA1E0}.Windows Debug|Mixed Platforms.Build.0 = Windows Debug|Any CPU
		{B7939F7A-0433-4685-9799-B7AB45FBA1E0}.Windows Debug|x86.ActiveCfg = Windows Debug|Any CPU
		{B7939F7A-0433-4685-9799-B7AB45FBA1E0}.Windows Release|Any CPU.ActiveCfg = Windows Release|Any CPU
		{B7939F7A-0433-4685-9799-B7AB45FBA1E0}.Windows Release|Any CPU.Build.0 = Windows Release|Any CPU
		{B7939F7A-0433-4685-9799-B7AB45FBA1E0}.Windows Release|Mixed Platforms.ActiveCfg = Windows Release|Any CPU
		{B7939F7A-0433-4685-9799-B7AB45FBA1E0}.Windows Release|Mixed Platforms.Build.0 = Windows Release|Any CPU
		{B7939F7A-0433-4685-9799-B7AB45FBA1E0}.Windows Release|x86.ActiveCfg = Windows Release|Any CPU
		{B7939F7A-0433-4685-9799-B7AB45FBA1E0}.Windows Trace|Any CPU.ActiveCfg = Windows Trace|Any CPU
		{B7939F7A-0433-4685-9799-B7AB45FBA1E0}.Windows Trace|Any CPU.Build.0 = Windows Trace|Any CPU
		{B7939F7A-0433-4685-9799-B7AB45FBA1E0}.Windows Trace|Mixed Platforms.ActiveCfg = Windows Trace|Any CPU
		{B7939F7A-0433-4685-9799-B7AB45FBA1E0}.Windows Trace|Mixed Platforms.Build.0 = Windows Trace|Any CPU
		{B7939F7A-0433-4685-9799-B7AB45FBA1E0}.Windows Trace|x86.ActiveCfg = Windows Trace|Any CPU
	EndGlobalSection
	GlobalSection(SolutionProperties) = preSolution
		HideSolutionNode = FALSE
	EndGlobalSection
EndGlobal
